// !$*UTF8*$!
{
	archiveVersion = 1;
	classes = {
	};
	objectVersion = 39;
	objects = {
		080E96DDFE201D6D7F000001 = {
			children = (
				F5A47A9D01A0482F01D3D55B,
				F5A47A9E01A0483001D3D55B,
			);
			isa = PBXGroup;
			name = Classes;
			refType = 4;
			sourceTree = "<group>";
		};
		089C165CFE840E0CC02AAC07 = {
			children = (
				089C165DFE840E0CC02AAC07,
			);
			isa = PBXVariantGroup;
			name = InfoPlist.strings;
			path = "";
			refType = 2;
			sourceTree = SOURCE_ROOT;
		};
		089C165DFE840E0CC02AAC07 = {
			fileEncoding = 10;
			isa = PBXFileReference;
			lastKnownFileType = text.plist.strings;
			name = English;
			path = English.lproj/InfoPlist.strings;
			refType = 4;
			sourceTree = "<group>";
		};
		089C165EFE840E0CC02AAC07 = {
			fileRef = 089C165CFE840E0CC02AAC07;
			isa = PBXBuildFile;
			settings = {
			};
		};
//080
//081
//082
//083
//084
//100
//101
//102
//103
//104
		1058C7A0FEA54F0111CA2CBB = {
			children = (
				A0E0B45506F77FFC009B3042,
				A0EE67F306F77AF500D63708,
				1058C7A1FEA54F0111CA2CBB,
			);
			isa = PBXGroup;
			name = "Linked Frameworks";
			refType = 4;
			sourceTree = "<group>";
		};
		1058C7A1FEA54F0111CA2CBB = {
			isa = PBXFileReference;
			lastKnownFileType = wrapper.framework;
			name = Cocoa.framework;
			path = /System/Library/Frameworks/Cocoa.framework;
			refType = 0;
			sourceTree = "<absolute>";
		};
		1058C7A3FEA54F0111CA2CBB = {
			fileRef = 1058C7A1FEA54F0111CA2CBB;
			isa = PBXBuildFile;
			settings = {
			};
		};
//100
//101
//102
//103
//104
//170
//171
//172
//173
//174
		17587328FF379C6511CA2CBB = {
			explicitFileType = wrapper.application;
			isa = PBXFileReference;
			path = Yabause.app;
			refType = 3;
			sourceTree = BUILT_PRODUCTS_DIR;
		};
//170
//171
//172
//173
//174
//190
//191
//192
//193
//194
		19C28FACFE9D520D11CA2CBB = {
			children = (
				17587328FF379C6511CA2CBB,
			);
			isa = PBXGroup;
			name = Products;
			refType = 4;
			sourceTree = "<group>";
		};
//190
//191
//192
//193
//194
//290
//291
//292
//293
//294
		29B97313FDCFA39411CA2CEA = {
			buildSettings = {
			};
			buildStyles = (
				4A9504CCFFE6A4B311CA0CBA,
				4A9504CDFFE6A4B311CA0CBA,
			);
			hasScannedForEncodings = 0;
			isa = PBXProject;
			mainGroup = 29B97314FDCFA39411CA2CEA;
			projectDirPath = "";
			targets = (
				29B97326FDCFA39411CA2CEA,
			);
		};
		29B97314FDCFA39411CA2CEA = {
			children = (
				080E96DDFE201D6D7F000001,
				A0E0B4DD06F785C6009B3042,
				29B97315FDCFA39411CA2CEA,
				29B97317FDCFA39411CA2CEA,
				29B97323FDCFA39411CA2CEA,
				19C28FACFE9D520D11CA2CBB,
			);
			isa = PBXGroup;
			name = Yabause;
			path = "";
			refType = 4;
			sourceTree = "<group>";
		};
		29B97315FDCFA39411CA2CEA = {
			children = (
				A0E0B3D306F77D94009B3042,
				A0E0B3DE06F77D94009B3042,
				A0E0B3D406F77D94009B3042,
				A0E0B3DB06F77D94009B3042,
				A0E0B3D606F77D94009B3042,
				A0E0B3D906F77D94009B3042,
				A0E0B3E006F77D94009B3042,
				A0E0B3DA06F77D94009B3042,
				A0E0B3DC06F77D94009B3042,
				A0E0B3D506F77D94009B3042,
				A0E0B3D806F77D94009B3042,
				A0E0B3D706F77D94009B3042,
				A0E0B3DD06F77D94009B3042,
				A0E0B3E106F77D94009B3042,
				A0E0B42306F77E3A009B3042,
			);
			isa = PBXGroup;
			name = Sources;
			path = "";
			refType = 2;
			sourceTree = SOURCE_ROOT;
		};
		29B97317FDCFA39411CA2CEA = {
			children = (
				A0EE681106F77C0900D63708,
				089C165CFE840E0CC02AAC07,
			);
			isa = PBXGroup;
			name = Resources;
			path = "";
			refType = 2;
			sourceTree = SOURCE_ROOT;
		};
		29B97323FDCFA39411CA2CEA = {
			children = (
				1058C7A0FEA54F0111CA2CBB,
			);
			isa = PBXGroup;
			name = Frameworks;
			path = "";
			refType = 4;
			sourceTree = "<group>";
		};
		29B97326FDCFA39411CA2CEA = {
			buildPhases = (
				29B97327FDCFA39411CA2CEA,
				29B97328FDCFA39411CA2CEA,
				29B9732BFDCFA39411CA2CEA,
				29B9732DFDCFA39411CA2CEA,
			);
			buildSettings = {
				FRAMEWORK_SEARCH_PATHS = "\"$(HOME)/Library/Frameworks\"";
				HEADER_SEARCH_PATHS = "\"$(HOME)/Library/Frameworks/SDL.framework/Headers\"";
				INSTALL_PATH = "$(HOME)/Applications";
				LIBRARY_SEARCH_PATHS = "";
				OPTIMIZATION_CFLAGS = "-O2";
				OTHER_CFLAGS = "-DWORDS_BIGENDIAN=1";
				OTHER_LDFLAGS = "-framework SDL";
				PRODUCT_NAME = Yabause;
				SECTORDER_FLAGS = "";
				WARNING_CFLAGS = "-Wmost -Wno-four-char-constants -Wno-unknown-pragmas";
				WRAPPER_EXTENSION = app;
			};
			dependencies = (
			);
			isa = PBXApplicationTarget;
			name = Yabause;
			productInstallPath = "$(HOME)/Applications";
			productName = Yabause;
			productReference = 17587328FF379C6511CA2CBB;
			productSettingsXML = "<?xml version=\"1.0\" encoding=\"UTF-8\"?>
<!DOCTYPE plist PUBLIC \"-//Apple Computer//DTD PLIST 1.0//EN\" \"http://www.apple.com/DTDs/PropertyList-1.0.dtd\">
<plist version=\"1.0\">
<dict>
	<key>CFBundleDevelopmentRegion</key>
	<string>English</string>
	<key>CFBundleExecutable</key>
	<string>Yabause</string>
	<key>CFBundleGetInfoString</key>
	<string>0.0.6</string>
	<key>CFBundleIconFile</key>
	<string></string>
	<key>CFBundleIdentifier</key>
	<string>com.victoly.Yabause</string>
	<key>CFBundleInfoDictionaryVersion</key>
	<string>6.0</string>
	<key>CFBundleName</key>
	<string>Yabause</string>
	<key>CFBundlePackageType</key>
	<string>APPL</string>
	<key>CFBundleShortVersionString</key>
	<string>0.0.6</string>
	<key>CFBundleSignature</key>
	<string>yaba</string>
	<key>CFBundleVersion</key>
	<string>0.0.6</string>
	<key>NSMainNibFile</key>
	<string>MainMenu</string>
	<key>NSPrincipalClass</key>
	<string>NSApplication</string>
</dict>
</plist>
";
		};
		29B97327FDCFA39411CA2CEA = {
			buildActionMask = 2147483647;
			files = (
				F5A47AA101A0483001D3D55B,
				A0E0B4CC06F785C1009B3042,
				A0E0B4CD06F785C1009B3042,
				A0E0B4CE06F785C1009B3042,
				A0E0B4CF06F785C1009B3042,
				A0E0B4D006F785C1009B3042,
				A0E0B4D106F785C1009B3042,
				A0E0B4D206F785C1009B3042,
				A0E0B4D306F785C1009B3042,
				A0E0B4D406F785C1009B3042,
				A0E0B4D506F785C1009B3042,
				A0E0B4D606F785C1009B3042,
				A0E0B4D706F785C1009B3042,
				A0E0B4D806F785C1009B3042,
				A0E0B4D906F785C1009B3042,
				A0E0B4DA06F785C1009B3042,
				A0E0B4DB06F785C1009B3042,
				A0E0B4DC06F785C1009B3042,
				A0E0B4E806F785E7009B3042,
			);
			isa = PBXHeadersBuildPhase;
			runOnlyForDeploymentPostprocessing = 0;
		};
		29B97328FDCFA39411CA2CEA = {
			buildActionMask = 2147483647;
			files = (
				089C165EFE840E0CC02AAC07,
				A0EE681206F77C0900D63708,
			);
			isa = PBXResourcesBuildPhase;
			runOnlyForDeploymentPostprocessing = 0;
		};
		29B9732BFDCFA39411CA2CEA = {
			buildActionMask = 2147483647;
			files = (
				F5A47AA301A0483001D3D55B,
				A0E0B3E206F77D94009B3042,
				A0E0B3E306F77D94009B3042,
				A0E0B3E406F77D94009B3042,
				A0E0B3E506F77D94009B3042,
				A0E0B3E606F77D94009B3042,
				A0E0B3E706F77D94009B3042,
				A0E0B3E806F77D94009B3042,
				A0E0B3E906F77D94009B3042,
				A0E0B3EA06F77D94009B3042,
				A0E0B3EB06F77D94009B3042,
				A0E0B3EC06F77D94009B3042,
				A0E0B3ED06F77D94009B3042,
				A0E0B3EF06F77D94009B3042,
				A0E0B3F006F77D94009B3042,
				A0E0B41C06F77E32009B3042,
				A0E0B42206F77E36009B3042,
			);
			isa = PBXSourcesBuildPhase;
			runOnlyForDeploymentPostprocessing = 0;
		};
		29B9732DFDCFA39411CA2CEA = {
			buildActionMask = 2147483647;
			files = (
				1058C7A3FEA54F0111CA2CBB,
				A0EE67F406F77AF500D63708,
				A0E0B45606F77FFC009B3042,
			);
			isa = PBXFrameworksBuildPhase;
			runOnlyForDeploymentPostprocessing = 0;
		};
//290
//291
//292
//293
//294
//4A0
//4A1
//4A2
//4A3
//4A4
		4A9504CCFFE6A4B311CA0CBA = {
			buildSettings = {
				COPY_PHASE_STRIP = NO;
				GCC_DYNAMIC_NO_PIC = NO;
				GCC_ENABLE_FIX_AND_CONTINUE = YES;
				GCC_GENERATE_DEBUGGING_SYMBOLS = YES;
				GCC_OPTIMIZATION_LEVEL = 0;
				OPTIMIZATION_CFLAGS = "-O0";
				ZERO_LINK = YES;
			};
			isa = PBXBuildStyle;
			name = Development;
		};
		4A9504CDFFE6A4B311CA0CBA = {
			buildSettings = {
				COPY_PHASE_STRIP = YES;
				GCC_ENABLE_FIX_AND_CONTINUE = NO;
				ZERO_LINK = NO;
			};
			isa = PBXBuildStyle;
			name = Deployment;
		};
//4A0
//4A1
//4A2
//4A3
//4A4
//A00
//A01
//A02
//A03
//A04
		A0E0B3D306F77D94009B3042 = {
			fileEncoding = 30;
			isa = PBXFileReference;
			lastKnownFileType = sourcecode.cpp.cpp;
			name = cpu.cc;
			path = ../cpu.cc;
			refType = 2;
			sourceTree = SOURCE_ROOT;
		};
		A0E0B3D406F77D94009B3042 = {
			fileEncoding = 30;
			isa = PBXFileReference;
			lastKnownFileType = sourcecode.cpp.cpp;
			name = cs2.cc;
			path = ../cs2.cc;
			refType = 2;
			sourceTree = SOURCE_ROOT;
		};
		A0E0B3D506F77D94009B3042 = {
			fileEncoding = 30;
			isa = PBXFileReference;
			lastKnownFileType = sourcecode.cpp.cpp;
			name = superh.cc;
			path = ../superh.cc;
			refType = 2;
			sourceTree = SOURCE_ROOT;
		};
		A0E0B3D606F77D94009B3042 = {
			fileEncoding = 30;
			isa = PBXFileReference;
			lastKnownFileType = sourcecode.cpp.cpp;
			name = intc.cc;
			path = ../intc.cc;
			refType = 2;
			sourceTree = SOURCE_ROOT;
		};
		A0E0B3D706F77D94009B3042 = {
			fileEncoding = 30;
			isa = PBXFileReference;
			lastKnownFileType = sourcecode.cpp.cpp;
			name = vdp2.cc;
			path = ../vdp2.cc;
			refType = 2;
			sourceTree = SOURCE_ROOT;
		};
		A0E0B3D806F77D94009B3042 = {
			fileEncoding = 30;
			isa = PBXFileReference;
			lastKnownFileType = sourcecode.cpp.cpp;
			name = timer.cc;
			path = ../timer.cc;
			refType = 2;
			sourceTree = SOURCE_ROOT;
		};
		A0E0B3D906F77D94009B3042 = {
			fileEncoding = 30;
			isa = PBXFileReference;
			lastKnownFileType = sourcecode.cpp.cpp;
			name = memory.cc;
			path = ../memory.cc;
			refType = 2;
			sourceTree = SOURCE_ROOT;
		};
		A0E0B3DA06F77D94009B3042 = {
			fileEncoding = 30;
			isa = PBXFileReference;
			lastKnownFileType = sourcecode.cpp.cpp;
			name = scu.cc;
			path = ../scu.cc;
			refType = 2;
			sourceTree = SOURCE_ROOT;
		};
		A0E0B3DB06F77D94009B3042 = {
			fileEncoding = 30;
			isa = PBXFileReference;
			lastKnownFileType = sourcecode.cpp.cpp;
			name = exception.cc;
			path = ../exception.cc;
			refType = 2;
			sourceTree = SOURCE_ROOT;
		};
		A0E0B3DC06F77D94009B3042 = {
			fileEncoding = 30;
			isa = PBXFileReference;
			lastKnownFileType = sourcecode.cpp.cpp;
			name = smpc.cc;
			path = ../smpc.cc;
			refType = 2;
			sourceTree = SOURCE_ROOT;
		};
		A0E0B3DD06F77D94009B3042 = {
			fileEncoding = 30;
			isa = PBXFileReference;
			lastKnownFileType = sourcecode.cpp.cpp;
			name = vdp1.cc;
			path = ../vdp1.cc;
			refType = 2;
			sourceTree = SOURCE_ROOT;
		};
		A0E0B3DE06F77D94009B3042 = {
			fileEncoding = 30;
			isa = PBXFileReference;
			lastKnownFileType = sourcecode.cpp.cpp;
			name = cs1.cc;
			path = ../cs1.cc;
			refType = 2;
			sourceTree = SOURCE_ROOT;
		};
		A0E0B3E006F77D94009B3042 = {
			fileEncoding = 30;
			isa = PBXFileReference;
			lastKnownFileType = sourcecode.cpp.cpp;
			name = monitor.cc;
			path = ../monitor.cc;
			refType = 2;
			sourceTree = SOURCE_ROOT;
		};
		A0E0B3E106F77D94009B3042 = {
			fileEncoding = 30;
			isa = PBXFileReference;
			lastKnownFileType = sourcecode.cpp.cpp;
			name = yabause.cc;
			path = ../yabause.cc;
			refType = 2;
			sourceTree = SOURCE_ROOT;
		};
		A0E0B3E206F77D94009B3042 = {
			fileRef = A0E0B3D306F77D94009B3042;
			isa = PBXBuildFile;
			settings = {
			};
		};
		A0E0B3E306F77D94009B3042 = {
			fileRef = A0E0B3D406F77D94009B3042;
			isa = PBXBuildFile;
			settings = {
			};
		};
		A0E0B3E406F77D94009B3042 = {
			fileRef = A0E0B3D506F77D94009B3042;
			isa = PBXBuildFile;
			settings = {
			};
		};
		A0E0B3E506F77D94009B3042 = {
			fileRef = A0E0B3D606F77D94009B3042;
			isa = PBXBuildFile;
			settings = {
			};
		};
		A0E0B3E606F77D94009B3042 = {
			fileRef = A0E0B3D706F77D94009B3042;
			isa = PBXBuildFile;
			settings = {
			};
		};
		A0E0B3E706F77D94009B3042 = {
			fileRef = A0E0B3D806F77D94009B3042;
			isa = PBXBuildFile;
			settings = {
			};
		};
		A0E0B3E806F77D94009B3042 = {
			fileRef = A0E0B3D906F77D94009B3042;
			isa = PBXBuildFile;
			settings = {
			};
		};
		A0E0B3E906F77D94009B3042 = {
			fileRef = A0E0B3DA06F77D94009B3042;
			isa = PBXBuildFile;
			settings = {
			};
		};
		A0E0B3EA06F77D94009B3042 = {
			fileRef = A0E0B3DB06F77D94009B3042;
			isa = PBXBuildFile;
			settings = {
			};
		};
		A0E0B3EB06F77D94009B3042 = {
			fileRef = A0E0B3DC06F77D94009B3042;
			isa = PBXBuildFile;
			settings = {
			};
		};
		A0E0B3EC06F77D94009B3042 = {
			fileRef = A0E0B3DD06F77D94009B3042;
			isa = PBXBuildFile;
			settings = {
			};
		};
		A0E0B3ED06F77D94009B3042 = {
			fileRef = A0E0B3DE06F77D94009B3042;
			isa = PBXBuildFile;
			settings = {
			};
		};
		A0E0B3EF06F77D94009B3042 = {
			fileRef = A0E0B3E006F77D94009B3042;
			isa = PBXBuildFile;
			settings = {
			};
		};
		A0E0B3F006F77D94009B3042 = {
			fileRef = A0E0B3E106F77D94009B3042;
			isa = PBXBuildFile;
			settings = {
			};
		};
		A0E0B41B06F77E32009B3042 = {
			fileEncoding = 30;
			isa = PBXFileReference;
			lastKnownFileType = sourcecode.cpp.cpp;
			path = cd.cc;
			refType = 2;
			sourceTree = SOURCE_ROOT;
		};
		A0E0B41C06F77E32009B3042 = {
			fileRef = A0E0B41B06F77E32009B3042;
			isa = PBXBuildFile;
			settings = {
			};
		};
		A0E0B42106F77E36009B3042 = {
			fileEncoding = 30;
			isa = PBXFileReference;
			lastKnownFileType = sourcecode.cpp.cpp;
			path = yui.cc;
			refType = 2;
			sourceTree = SOURCE_ROOT;
		};
		A0E0B42206F77E36009B3042 = {
			fileRef = A0E0B42106F77E36009B3042;
			isa = PBXBuildFile;
			settings = {
			};
		};
		A0E0B42306F77E3A009B3042 = {
			children = (
				A0E0B41B06F77E32009B3042,
				A0E0B42106F77E36009B3042,
			);
			isa = PBXGroup;
			name = macosx;
			path = "";
			refType = 2;
			sourceTree = SOURCE_ROOT;
		};
		A0E0B45506F77FFC009B3042 = {
			isa = PBXFileReference;
			lastKnownFileType = wrapper.framework;
			name = IOKit.framework;
			path = /System/Library/Frameworks/IOKit.framework;
			refType = 0;
			sourceTree = "<absolute>";
		};
		A0E0B45606F77FFC009B3042 = {
			fileRef = A0E0B45506F77FFC009B3042;
			isa = PBXBuildFile;
			settings = {
			};
		};
		A0E0B4BB06F785C0009B3042 = {
			fileEncoding = 30;
			isa = PBXFileReference;
			lastKnownFileType = sourcecode.cpp.h;
			name = cs2.hh;
			path = ../cs2.hh;
			refType = 2;
			sourceTree = SOURCE_ROOT;
		};
		A0E0B4BC06F785C0009B3042 = {
			fileEncoding = 30;
			isa = PBXFileReference;
			lastKnownFileType = sourcecode.cpp.h;
			name = intc.hh;
			path = ../intc.hh;
			refType = 2;
			sourceTree = SOURCE_ROOT;
		};
		A0E0B4BD06F785C0009B3042 = {
			fileEncoding = 30;
			isa = PBXFileReference;
			lastKnownFileType = sourcecode.cpp.h;
			name = vdp2.hh;
			path = ../vdp2.hh;
			refType = 2;
			sourceTree = SOURCE_ROOT;
		};
		A0E0B4BE06F785C0009B3042 = {
			fileEncoding = 30;
			isa = PBXFileReference;
			lastKnownFileType = sourcecode.cpp.h;
			name = timer.hh;
			path = ../timer.hh;
			refType = 2;
			sourceTree = SOURCE_ROOT;
		};
		A0E0B4BF06F785C0009B3042 = {
			fileEncoding = 30;
			isa = PBXFileReference;
			lastKnownFileType = sourcecode.cpp.h;
			name = memory.hh;
			path = ../memory.hh;
			refType = 2;
			sourceTree = SOURCE_ROOT;
		};
		A0E0B4C006F785C0009B3042 = {
			fileEncoding = 30;
			isa = PBXFileReference;
			lastKnownFileType = sourcecode.cpp.h;
			name = vdp1.hh;
			path = ../vdp1.hh;
			refType = 2;
			sourceTree = SOURCE_ROOT;
		};
		A0E0B4C106F785C0009B3042 = {
			fileEncoding = 30;
			isa = PBXFileReference;
			lastKnownFileType = sourcecode.cpp.h;
			name = saturn.hh;
			path = ../saturn.hh;
			refType = 2;
			sourceTree = SOURCE_ROOT;
		};
		A0E0B4C206F785C0009B3042 = {
			fileEncoding = 30;
			isa = PBXFileReference;
			lastKnownFileType = sourcecode.cpp.h;
			name = cs1.hh;
			path = ../cs1.hh;
			refType = 2;
			sourceTree = SOURCE_ROOT;
		};
		A0E0B4C306F785C0009B3042 = {
			fileEncoding = 30;
			isa = PBXFileReference;
			lastKnownFileType = sourcecode.cpp.h;
			name = cd.hh;
			path = ../cd.hh;
			refType = 2;
			sourceTree = SOURCE_ROOT;
		};
		A0E0B4C406F785C0009B3042 = {
			fileEncoding = 30;
			isa = PBXFileReference;
			lastKnownFileType = sourcecode.cpp.h;
			name = scu.hh;
			path = ../scu.hh;
			refType = 2;
			sourceTree = SOURCE_ROOT;
		};
		A0E0B4C506F785C1009B3042 = {
			fileEncoding = 30;
			isa = PBXFileReference;
			lastKnownFileType = sourcecode.cpp.h;
			name = monitor.hh;
			path = ../monitor.hh;
			refType = 2;
			sourceTree = SOURCE_ROOT;
		};
		A0E0B4C606F785C1009B3042 = {
			fileEncoding = 30;
			isa = PBXFileReference;
			lastKnownFileType = sourcecode.cpp.h;
			name = scsp.hh;
			path = ../scsp.hh;
			refType = 2;
			sourceTree = SOURCE_ROOT;
		};
		A0E0B4C706F785C1009B3042 = {
			fileEncoding = 30;
			isa = PBXFileReference;
			lastKnownFileType = sourcecode.cpp.h;
			name = exception.hh;
			path = ../exception.hh;
			refType = 2;
			sourceTree = SOURCE_ROOT;
		};
		A0E0B4C806F785C1009B3042 = {
			fileEncoding = 30;
			isa = PBXFileReference;
			lastKnownFileType = sourcecode.cpp.h;
			name = registres.hh;
			path = ../registres.hh;
			refType = 2;
			sourceTree = SOURCE_ROOT;
		};
		A0E0B4C906F785C1009B3042 = {
			fileEncoding = 30;
			isa = PBXFileReference;
			lastKnownFileType = sourcecode.cpp.h;
			name = superh.hh;
			path = ../superh.hh;
			refType = 2;
			sourceTree = SOURCE_ROOT;
		};
		A0E0B4CA06F785C1009B3042 = {
			fileEncoding = 30;
			isa = PBXFileReference;
			lastKnownFileType = sourcecode.cpp.h;
			name = cpu.hh;
			path = ../cpu.hh;
			refType = 2;
			sourceTree = SOURCE_ROOT;
		};
		A0E0B4CB06F785C1009B3042 = {
			fileEncoding = 30;
			isa = PBXFileReference;
			lastKnownFileType = sourcecode.cpp.h;
			name = smpc.hh;
			path = ../smpc.hh;
			refType = 2;
			sourceTree = SOURCE_ROOT;
		};
		A0E0B4CC06F785C1009B3042 = {
			fileRef = A0E0B4BB06F785C0009B3042;
			isa = PBXBuildFile;
			settings = {
			};
		};
		A0E0B4CD06F785C1009B3042 = {
			fileRef = A0E0B4BC06F785C0009B3042;
			isa = PBXBuildFile;
			settings = {
			};
		};
		A0E0B4CE06F785C1009B3042 = {
			fileRef = A0E0B4BD06F785C0009B3042;
			isa = PBXBuildFile;
			settings = {
			};
		};
		A0E0B4CF06F785C1009B3042 = {
			fileRef = A0E0B4BE06F785C0009B3042;
			isa = PBXBuildFile;
			settings = {
			};
		};
		A0E0B4D006F785C1009B3042 = {
			fileRef = A0E0B4BF06F785C0009B3042;
			isa = PBXBuildFile;
			settings = {
			};
		};
		A0E0B4D106F785C1009B3042 = {
			fileRef = A0E0B4C006F785C0009B3042;
			isa = PBXBuildFile;
			settings = {
			};
		};
		A0E0B4D206F785C1009B3042 = {
			fileRef = A0E0B4C106F785C0009B3042;
			isa = PBXBuildFile;
			settings = {
			};
		};
		A0E0B4D306F785C1009B3042 = {
			fileRef = A0E0B4C206F785C0009B3042;
			isa = PBXBuildFile;
			settings = {
			};
		};
		A0E0B4D406F785C1009B3042 = {
			fileRef = A0E0B4C306F785C0009B3042;
			isa = PBXBuildFile;
			settings = {
			};
		};
		A0E0B4D506F785C1009B3042 = {
			fileRef = A0E0B4C406F785C0009B3042;
			isa = PBXBuildFile;
			settings = {
			};
		};
		A0E0B4D606F785C1009B3042 = {
			fileRef = A0E0B4C506F785C1009B3042;
			isa = PBXBuildFile;
			settings = {
			};
		};
		A0E0B4D706F785C1009B3042 = {
			fileRef = A0E0B4C606F785C1009B3042;
			isa = PBXBuildFile;
			settings = {
			};
		};
		A0E0B4D806F785C1009B3042 = {
			fileRef = A0E0B4C706F785C1009B3042;
			isa = PBXBuildFile;
			settings = {
			};
		};
		A0E0B4D906F785C1009B3042 = {
			fileRef = A0E0B4C806F785C1009B3042;
			isa = PBXBuildFile;
			settings = {
			};
		};
		A0E0B4DA06F785C1009B3042 = {
			fileRef = A0E0B4C906F785C1009B3042;
			isa = PBXBuildFile;
			settings = {
			};
		};
		A0E0B4DB06F785C1009B3042 = {
			fileRef = A0E0B4CA06F785C1009B3042;
			isa = PBXBuildFile;
			settings = {
			};
		};
		A0E0B4DC06F785C1009B3042 = {
			fileRef = A0E0B4CB06F785C1009B3042;
			isa = PBXBuildFile;
			settings = {
			};
		};
		A0E0B4DD06F785C6009B3042 = {
			children = (
				A0E0B4C306F785C0009B3042,
				A0E0B4CA06F785C1009B3042,
				A0E0B4C206F785C0009B3042,
				A0E0B4BB06F785C0009B3042,
				A0E0B4C706F785C1009B3042,
				A0E0B4BC06F785C0009B3042,
				A0E0B4BF06F785C0009B3042,
				A0E0B4C506F785C1009B3042,
				A0E0B4C806F785C1009B3042,
				A0E0B4C106F785C0009B3042,
				A0E0B4C606F785C1009B3042,
				A0E0B4C406F785C0009B3042,
				A0E0B4CB06F785C1009B3042,
				A0E0B4C906F785C1009B3042,
				A0E0B4BE06F785C0009B3042,
				A0E0B4C006F785C0009B3042,
				A0E0B4BD06F785C0009B3042,
				A0E0B4E706F785E7009B3042,
			);
			isa = PBXGroup;
			name = Headers;
			path = "";
			refType = 2;
			sourceTree = SOURCE_ROOT;
		};
		A0E0B4E706F785E7009B3042 = {
			fileEncoding = 30;
			isa = PBXFileReference;
			lastKnownFileType = sourcecode.cpp.h;
			path = yui.hh;
			refType = 2;
			sourceTree = SOURCE_ROOT;
		};
		A0E0B4E806F785E7009B3042 = {
			fileRef = A0E0B4E706F785E7009B3042;
			isa = PBXBuildFile;
			settings = {
			};
		};
		A0EE67F306F77AF500D63708 = {
			isa = PBXFileReference;
			lastKnownFileType = wrapper.framework;
			name = OpenGL.framework;
			path = /System/Library/Frameworks/OpenGL.framework;
			refType = 0;
			sourceTree = "<absolute>";
		};
		A0EE67F406F77AF500D63708 = {
			fileRef = A0EE67F306F77AF500D63708;
			isa = PBXBuildFile;
			settings = {
			};
		};
		A0EE681106F77C0900D63708 = {
			isa = PBXFileReference;
			lastKnownFileType = wrapper.nib;
			path = MainMenu.nib;
			refType = 2;
			sourceTree = SOURCE_ROOT;
		};
		A0EE681206F77C0900D63708 = {
			fileRef = A0EE681106F77C0900D63708;
			isa = PBXBuildFile;
			settings = {
			};
		};
//A00
//A01
//A02
//A03
//A04
//F50
//F51
//F52
//F53
//F54
		F5A47A9D01A0482F01D3D55B = {
			isa = PBXFileReference;
			lastKnownFileType = sourcecode.c.h;
			path = MainClass.h;
			refType = 2;
			sourceTree = SOURCE_ROOT;
		};
		F5A47A9E01A0483001D3D55B = {
			isa = PBXFileReference;
			lastKnownFileType = sourcecode.cpp.objcpp;
			path = MainClass.mm;
			refType = 2;
			sourceTree = SOURCE_ROOT;
		};
		F5A47AA101A0483001D3D55B = {
			fileRef = F5A47A9D01A0482F01D3D55B;
			isa = PBXBuildFile;
			settings = {
			};
		};
		F5A47AA301A0483001D3D55B = {
			fileRef = F5A47A9E01A0483001D3D55B;
			isa = PBXBuildFile;
			settings = {
			};
		};
	};
	rootObject = 29B97313FDCFA39411CA2CEA;
}
