// !$*UTF8*$!
{
	archiveVersion = 1;
	classes = {
	};
	objectVersion = 46;
	objects = {

/* Begin PBXBuildFile section */
		2E2E650D500362BD39966316 /* Pods_uoyabauseUITests.framework in Frameworks */ = {isa = PBXBuildFile; fileRef = 8576A34B5AB321AF90CD3CF9 /* Pods_uoyabauseUITests.framework */; };
		592FA568C31514C157C8C8DF /* Pods_YabaSnashiroUITests.framework in Frameworks */ = {isa = PBXBuildFile; fileRef = C6A3953C38AF483C1F1F5E89 /* Pods_YabaSnashiroUITests.framework */; };
		6048E9F865F471B405FC8E1E /* Pods_YabaSnashiroTests.framework in Frameworks */ = {isa = PBXBuildFile; fileRef = 3AFB002D17E54BEC336A1DFE /* Pods_YabaSnashiroTests.framework */; };
		6290C255003441A8128FE03D /* Pods_YabaSnashiro.framework in Frameworks */ = {isa = PBXBuildFile; fileRef = C8BA1D770E151F00A6BA938B /* Pods_YabaSnashiro.framework */; };
		640323881C67575B00DA91D8 /* OpenAL.framework in Frameworks */ = {isa = PBXBuildFile; fileRef = 640323861C673BE200DA91D8 /* OpenAL.framework */; };
		64204ADE1D84878E002EA3F5 /* GameRevealViewController.m in Sources */ = {isa = PBXBuildFile; fileRef = 64204ADD1D84878E002EA3F5 /* GameRevealViewController.m */; };
		64204AE11D84A440002EA3F5 /* SidebarViewController.m in Sources */ = {isa = PBXBuildFile; fileRef = 64204AE01D84A440002EA3F5 /* SidebarViewController.m */; };
		64228ED71D88817300588323 /* GoogleMobileAds.framework in Frameworks */ = {isa = PBXBuildFile; fileRef = 64228ED61D88817300588323 /* GoogleMobileAds.framework */; };
		64228ED91D8882D200588323 /* SystemConfiguration.framework in Frameworks */ = {isa = PBXBuildFile; fileRef = 64228ED81D8882D200588323 /* SystemConfiguration.framework */; };
		64228EDF1D8883C400588323 /* MediaPlayer.framework in Frameworks */ = {isa = PBXBuildFile; fileRef = 64228EDE1D8883C400588323 /* MediaPlayer.framework */; };
		64228EE11D88840000588323 /* AdSupport.framework in Frameworks */ = {isa = PBXBuildFile; fileRef = 64228EE01D88840000588323 /* AdSupport.framework */; };
		64228EE31D88844000588323 /* EventKitUI.framework in Frameworks */ = {isa = PBXBuildFile; fileRef = 64228EE21D88844000588323 /* EventKitUI.framework */; };
		64228EE51D88845400588323 /* EventKit.framework in Frameworks */ = {isa = PBXBuildFile; fileRef = 64228EE41D88845400588323 /* EventKit.framework */; };
		64228EE91D8884D700588323 /* SafariServices.framework in Frameworks */ = {isa = PBXBuildFile; fileRef = 64228EE81D8884D700588323 /* SafariServices.framework */; };
		64228EEB1D88850B00588323 /* MessageUI.framework in Frameworks */ = {isa = PBXBuildFile; fileRef = 64228EEA1D88850B00588323 /* MessageUI.framework */; };
		64228EED1D8885F200588323 /* CoreBluetooth.framework in Frameworks */ = {isa = PBXBuildFile; fileRef = 64228EEC1D8885F200588323 /* CoreBluetooth.framework */; };
		64228EEF1D8885F800588323 /* CoreMotion.framework in Frameworks */ = {isa = PBXBuildFile; fileRef = 64228EEE1D8885F800588323 /* CoreMotion.framework */; };
		64228EF11D88864200588323 /* AudioToolbox.framework in Frameworks */ = {isa = PBXBuildFile; fileRef = 64228EF01D88864200588323 /* AudioToolbox.framework */; };
		64228EF31D88866300588323 /* CoreTelephony.framework in Frameworks */ = {isa = PBXBuildFile; fileRef = 64228EF21D88866300588323 /* CoreTelephony.framework */; };
		64228EF51D88868300588323 /* CoreGraphics.framework in Frameworks */ = {isa = PBXBuildFile; fileRef = 64228EF41D88868300588323 /* CoreGraphics.framework */; };
		64228EF71D8886AE00588323 /* MobileCoreServices.framework in Frameworks */ = {isa = PBXBuildFile; fileRef = 64228EF61D8886AE00588323 /* MobileCoreServices.framework */; };
		64228EF91D88900F00588323 /* apikey.plist in Resources */ = {isa = PBXBuildFile; fileRef = 64228EF81D88900F00588323 /* apikey.plist */; };
		64373A371D979E5F00B3C7BA /* settings.plist in Resources */ = {isa = PBXBuildFile; fileRef = 64373A361D979E5F00B3C7BA /* settings.plist */; };
		644232A71C6580000050611E /* main.m in Sources */ = {isa = PBXBuildFile; fileRef = 644232A61C6580000050611E /* main.m */; };
		644232AA1C6580000050611E /* AppDelegate.m in Sources */ = {isa = PBXBuildFile; fileRef = 644232A91C6580000050611E /* AppDelegate.m */; };
		644232AC1C6580000050611E /* Shader.fsh in Resources */ = {isa = PBXBuildFile; fileRef = 644232AB1C6580000050611E /* Shader.fsh */; };
		644232AE1C6580000050611E /* Shader.vsh in Resources */ = {isa = PBXBuildFile; fileRef = 644232AD1C6580000050611E /* Shader.vsh */; };
		644232B11C6580000050611E /* GameViewController.m in Sources */ = {isa = PBXBuildFile; fileRef = 644232B01C6580000050611E /* GameViewController.m */; };
		644232B41C6580000050611E /* Main.storyboard in Resources */ = {isa = PBXBuildFile; fileRef = 644232B21C6580000050611E /* Main.storyboard */; };
		644232B61C6580000050611E /* Assets.xcassets in Resources */ = {isa = PBXBuildFile; fileRef = 644232B51C6580000050611E /* Assets.xcassets */; };
		644232B91C6580000050611E /* LaunchScreen.storyboard in Resources */ = {isa = PBXBuildFile; fileRef = 644232B71C6580000050611E /* LaunchScreen.storyboard */; };
		644232C41C6580010050611E /* uoyabauseTests.m in Sources */ = {isa = PBXBuildFile; fileRef = 644232C31C6580010050611E /* uoyabauseTests.m */; };
		644232CF1C6580010050611E /* uoyabauseUITests.m in Sources */ = {isa = PBXBuildFile; fileRef = 644232CE1C6580010050611E /* uoyabauseUITests.m */; };
		645EA6C21D95647200A7A5D8 /* libz.1.1.3.tbd in Frameworks */ = {isa = PBXBuildFile; fileRef = 645EA6C11D95647200A7A5D8 /* libz.1.1.3.tbd */; };
		645EA6C61D975B3D00A7A5D8 /* SettingsViewController.swift in Sources */ = {isa = PBXBuildFile; fileRef = 645EA6C51D975B3D00A7A5D8 /* SettingsViewController.swift */; };
		646C87B51C66DDD20091B3B6 /* libyabause_ios.a in Frameworks */ = {isa = PBXBuildFile; fileRef = 646C87B41C66DDD20091B3B6 /* libyabause_ios.a */; };
		648926691D719E9500D92D58 /* FileSelectController.swift in Sources */ = {isa = PBXBuildFile; fileRef = 648926681D719E9500D92D58 /* FileSelectController.swift */; };
		64BC4F011D8084420071689C /* SWRevealViewController.m in Sources */ = {isa = PBXBuildFile; fileRef = 64BC4F001D8084420071689C /* SWRevealViewController.m */; };
		64D450091D7C0E6C004E2615 /* MainScreenController.swift in Sources */ = {isa = PBXBuildFile; fileRef = 64D450081D7C0E6C004E2615 /* MainScreenController.swift */; };
		6DB209252095D1F200C9CC4B /* GLView.m in Sources */ = {isa = PBXBuildFile; fileRef = 6DB209242095D1F200C9CC4B /* GLView.m */; };
		6DB209272097037300C9CC4B /* GoogleService-Info.plist in Resources */ = {isa = PBXBuildFile; fileRef = 6DB209262097037200C9CC4B /* GoogleService-Info.plist */; };
		6DB2092B2097088D00C9CC4B /* nanopb.framework in Frameworks */ = {isa = PBXBuildFile; fileRef = 6DB2092A2097088D00C9CC4B /* nanopb.framework */; };
		6DB2092E2097DB5D00C9CC4B /* PadButton.m in Sources */ = {isa = PBXBuildFile; fileRef = 6DB2092D2097DB5D00C9CC4B /* PadButton.m */; };
		921C9D6E1E108E1F009065E6 /* KeyMapper.m in Sources */ = {isa = PBXBuildFile; fileRef = 921C9D6D1E108E1F009065E6 /* KeyMapper.m */; };
		921C9D721E1628B5009065E6 /* QuartzCore.framework in Frameworks */ = {isa = PBXBuildFile; fileRef = 921C9D711E1628B4009065E6 /* QuartzCore.framework */; };
		A9A09038CE42F043D36CB033 /* Pods_uoyabauseTests.framework in Frameworks */ = {isa = PBXBuildFile; fileRef = 06D1ECCE10B74C210FE0691E /* Pods_uoyabauseTests.framework */; };
/* End PBXBuildFile section */

/* Begin PBXContainerItemProxy section */
		644232C01C6580010050611E /* PBXContainerItemProxy */ = {
			isa = PBXContainerItemProxy;
			containerPortal = 6442329A1C6580000050611E /* Project object */;
			proxyType = 1;
			remoteGlobalIDString = 644232A11C6580000050611E;
			remoteInfo = uoyabause;
		};
		644232CB1C6580010050611E /* PBXContainerItemProxy */ = {
			isa = PBXContainerItemProxy;
			containerPortal = 6442329A1C6580000050611E /* Project object */;
			proxyType = 1;
			remoteGlobalIDString = 644232A11C6580000050611E;
			remoteInfo = uoyabause;
		};
/* End PBXContainerItemProxy section */

/* Begin PBXFileReference section */
		06D1ECCE10B74C210FE0691E /* Pods_uoyabauseTests.framework */ = {isa = PBXFileReference; explicitFileType = wrapper.framework; includeInIndex = 0; path = Pods_uoyabauseTests.framework; sourceTree = BUILT_PRODUCTS_DIR; };
		20115D1C6B2FC0F24C85EE33 /* Pods-YabaSnashiroUITests.release.xcconfig */ = {isa = PBXFileReference; includeInIndex = 1; lastKnownFileType = text.xcconfig; name = "Pods-YabaSnashiroUITests.release.xcconfig"; path = "Pods/Target Support Files/Pods-YabaSnashiroUITests/Pods-YabaSnashiroUITests.release.xcconfig"; sourceTree = "<group>"; };
		3AFB002D17E54BEC336A1DFE /* Pods_YabaSnashiroTests.framework */ = {isa = PBXFileReference; explicitFileType = wrapper.framework; includeInIndex = 0; path = Pods_YabaSnashiroTests.framework; sourceTree = BUILT_PRODUCTS_DIR; };
		3CE09E5047FB606A37FDCB1C /* Pods-uoyabauseTests.release.xcconfig */ = {isa = PBXFileReference; includeInIndex = 1; lastKnownFileType = text.xcconfig; name = "Pods-uoyabauseTests.release.xcconfig"; path = "Pods/Target Support Files/Pods-uoyabauseTests/Pods-uoyabauseTests.release.xcconfig"; sourceTree = "<group>"; };
		640323861C673BE200DA91D8 /* OpenAL.framework */ = {isa = PBXFileReference; lastKnownFileType = wrapper.framework; name = OpenAL.framework; path = System/Library/Frameworks/OpenAL.framework; sourceTree = SDKROOT; };
		64204ADC1D8486FB002EA3F5 /* GameRevealViewController.h */ = {isa = PBXFileReference; fileEncoding = 4; lastKnownFileType = sourcecode.c.h; path = GameRevealViewController.h; sourceTree = "<group>"; };
		64204ADD1D84878E002EA3F5 /* GameRevealViewController.m */ = {isa = PBXFileReference; fileEncoding = 4; lastKnownFileType = sourcecode.c.objc; path = GameRevealViewController.m; sourceTree = "<group>"; };
		64204ADF1D84A440002EA3F5 /* SidebarViewController.h */ = {isa = PBXFileReference; fileEncoding = 4; lastKnownFileType = sourcecode.c.h; path = SidebarViewController.h; sourceTree = "<group>"; };
		64204AE01D84A440002EA3F5 /* SidebarViewController.m */ = {isa = PBXFileReference; fileEncoding = 4; lastKnownFileType = sourcecode.c.objc; path = SidebarViewController.m; sourceTree = "<group>"; };
		64228ED61D88817300588323 /* GoogleMobileAds.framework */ = {isa = PBXFileReference; lastKnownFileType = wrapper.framework; path = GoogleMobileAds.framework; sourceTree = "<group>"; };
		64228ED81D8882D200588323 /* SystemConfiguration.framework */ = {isa = PBXFileReference; lastKnownFileType = wrapper.framework; name = SystemConfiguration.framework; path = System/Library/Frameworks/SystemConfiguration.framework; sourceTree = SDKROOT; };
		64228EDA1D88834C00588323 /* CoreMedia.framework */ = {isa = PBXFileReference; lastKnownFileType = wrapper.framework; name = CoreMedia.framework; path = System/Library/Frameworks/CoreMedia.framework; sourceTree = SDKROOT; };
		64228EDC1D88837700588323 /* AVFoundation.framework */ = {isa = PBXFileReference; lastKnownFileType = wrapper.framework; name = AVFoundation.framework; path = System/Library/Frameworks/AVFoundation.framework; sourceTree = SDKROOT; };
		64228EDE1D8883C400588323 /* MediaPlayer.framework */ = {isa = PBXFileReference; lastKnownFileType = wrapper.framework; name = MediaPlayer.framework; path = System/Library/Frameworks/MediaPlayer.framework; sourceTree = SDKROOT; };
		64228EE01D88840000588323 /* AdSupport.framework */ = {isa = PBXFileReference; lastKnownFileType = wrapper.framework; name = AdSupport.framework; path = System/Library/Frameworks/AdSupport.framework; sourceTree = SDKROOT; };
		64228EE21D88844000588323 /* EventKitUI.framework */ = {isa = PBXFileReference; lastKnownFileType = wrapper.framework; name = EventKitUI.framework; path = System/Library/Frameworks/EventKitUI.framework; sourceTree = SDKROOT; };
		64228EE41D88845400588323 /* EventKit.framework */ = {isa = PBXFileReference; lastKnownFileType = wrapper.framework; name = EventKit.framework; path = System/Library/Frameworks/EventKit.framework; sourceTree = SDKROOT; };
		64228EE61D8884AB00588323 /* StoreKit.framework */ = {isa = PBXFileReference; lastKnownFileType = wrapper.framework; name = StoreKit.framework; path = System/Library/Frameworks/StoreKit.framework; sourceTree = SDKROOT; };
		64228EE81D8884D700588323 /* SafariServices.framework */ = {isa = PBXFileReference; lastKnownFileType = wrapper.framework; name = SafariServices.framework; path = System/Library/Frameworks/SafariServices.framework; sourceTree = SDKROOT; };
		64228EEA1D88850B00588323 /* MessageUI.framework */ = {isa = PBXFileReference; lastKnownFileType = wrapper.framework; name = MessageUI.framework; path = System/Library/Frameworks/MessageUI.framework; sourceTree = SDKROOT; };
		64228EEC1D8885F200588323 /* CoreBluetooth.framework */ = {isa = PBXFileReference; lastKnownFileType = wrapper.framework; name = CoreBluetooth.framework; path = System/Library/Frameworks/CoreBluetooth.framework; sourceTree = SDKROOT; };
		64228EEE1D8885F800588323 /* CoreMotion.framework */ = {isa = PBXFileReference; lastKnownFileType = wrapper.framework; name = CoreMotion.framework; path = System/Library/Frameworks/CoreMotion.framework; sourceTree = SDKROOT; };
		64228EF01D88864200588323 /* AudioToolbox.framework */ = {isa = PBXFileReference; lastKnownFileType = wrapper.framework; name = AudioToolbox.framework; path = System/Library/Frameworks/AudioToolbox.framework; sourceTree = SDKROOT; };
		64228EF21D88866300588323 /* CoreTelephony.framework */ = {isa = PBXFileReference; lastKnownFileType = wrapper.framework; name = CoreTelephony.framework; path = System/Library/Frameworks/CoreTelephony.framework; sourceTree = SDKROOT; };
		64228EF41D88868300588323 /* CoreGraphics.framework */ = {isa = PBXFileReference; lastKnownFileType = wrapper.framework; name = CoreGraphics.framework; path = System/Library/Frameworks/CoreGraphics.framework; sourceTree = SDKROOT; };
		64228EF61D8886AE00588323 /* MobileCoreServices.framework */ = {isa = PBXFileReference; lastKnownFileType = wrapper.framework; name = MobileCoreServices.framework; path = System/Library/Frameworks/MobileCoreServices.framework; sourceTree = SDKROOT; };
		64228EF81D88900F00588323 /* apikey.plist */ = {isa = PBXFileReference; fileEncoding = 4; lastKnownFileType = text.plist.xml; path = apikey.plist; sourceTree = "<group>"; };
		64373A361D979E5F00B3C7BA /* settings.plist */ = {isa = PBXFileReference; fileEncoding = 4; lastKnownFileType = text.plist.xml; path = settings.plist; sourceTree = "<group>"; };
		644232A21C6580000050611E /* YabaSnashiro.app */ = {isa = PBXFileReference; explicitFileType = wrapper.application; includeInIndex = 0; path = YabaSnashiro.app; sourceTree = BUILT_PRODUCTS_DIR; };
		644232A61C6580000050611E /* main.m */ = {isa = PBXFileReference; lastKnownFileType = sourcecode.c.objc; path = main.m; sourceTree = "<group>"; };
		644232A81C6580000050611E /* AppDelegate.h */ = {isa = PBXFileReference; lastKnownFileType = sourcecode.c.h; path = AppDelegate.h; sourceTree = "<group>"; };
		644232A91C6580000050611E /* AppDelegate.m */ = {isa = PBXFileReference; lastKnownFileType = sourcecode.c.objc; path = AppDelegate.m; sourceTree = "<group>"; };
		644232AB1C6580000050611E /* Shader.fsh */ = {isa = PBXFileReference; lastKnownFileType = sourcecode.glsl; name = Shader.fsh; path = Shaders/Shader.fsh; sourceTree = "<group>"; };
		644232AD1C6580000050611E /* Shader.vsh */ = {isa = PBXFileReference; lastKnownFileType = sourcecode.glsl; name = Shader.vsh; path = Shaders/Shader.vsh; sourceTree = "<group>"; };
		644232AF1C6580000050611E /* GameViewController.h */ = {isa = PBXFileReference; lastKnownFileType = sourcecode.c.h; path = GameViewController.h; sourceTree = "<group>"; };
		644232B01C6580000050611E /* GameViewController.m */ = {isa = PBXFileReference; lastKnownFileType = sourcecode.c.objc; path = GameViewController.m; sourceTree = "<group>"; };
		644232B31C6580000050611E /* Base */ = {isa = PBXFileReference; lastKnownFileType = file.storyboard; name = Base; path = Base.lproj/Main.storyboard; sourceTree = "<group>"; };
		644232B51C6580000050611E /* Assets.xcassets */ = {isa = PBXFileReference; lastKnownFileType = folder.assetcatalog; path = Assets.xcassets; sourceTree = "<group>"; };
		644232B81C6580000050611E /* Base */ = {isa = PBXFileReference; lastKnownFileType = file.storyboard; name = Base; path = Base.lproj/LaunchScreen.storyboard; sourceTree = "<group>"; };
		644232BA1C6580000050611E /* Info.plist */ = {isa = PBXFileReference; lastKnownFileType = text.plist.xml; path = Info.plist; sourceTree = "<group>"; };
		644232BF1C6580010050611E /* YabaSnashiroTests.xctest */ = {isa = PBXFileReference; explicitFileType = wrapper.cfbundle; includeInIndex = 0; path = YabaSnashiroTests.xctest; sourceTree = BUILT_PRODUCTS_DIR; };
		644232C31C6580010050611E /* uoyabauseTests.m */ = {isa = PBXFileReference; lastKnownFileType = sourcecode.c.objc; path = uoyabauseTests.m; sourceTree = "<group>"; };
		644232C51C6580010050611E /* Info.plist */ = {isa = PBXFileReference; lastKnownFileType = text.plist.xml; path = Info.plist; sourceTree = "<group>"; };
		644232CA1C6580010050611E /* YabaSnashiroUITests.xctest */ = {isa = PBXFileReference; explicitFileType = wrapper.cfbundle; includeInIndex = 0; path = YabaSnashiroUITests.xctest; sourceTree = BUILT_PRODUCTS_DIR; };
		644232CE1C6580010050611E /* uoyabauseUITests.m */ = {isa = PBXFileReference; lastKnownFileType = sourcecode.c.objc; path = uoyabauseUITests.m; sourceTree = "<group>"; };
		644232D01C6580010050611E /* Info.plist */ = {isa = PBXFileReference; lastKnownFileType = text.plist.xml; path = Info.plist; sourceTree = "<group>"; };
		645EA6C11D95647200A7A5D8 /* libz.1.1.3.tbd */ = {isa = PBXFileReference; lastKnownFileType = "sourcecode.text-based-dylib-definition"; name = libz.1.1.3.tbd; path = usr/lib/libz.1.1.3.tbd; sourceTree = SDKROOT; };
		645EA6C51D975B3D00A7A5D8 /* SettingsViewController.swift */ = {isa = PBXFileReference; fileEncoding = 4; lastKnownFileType = sourcecode.swift; path = SettingsViewController.swift; sourceTree = "<group>"; };
		646C87B41C66DDD20091B3B6 /* libyabause_ios.a */ = {isa = PBXFileReference; lastKnownFileType = archive.ar; path = libyabause_ios.a; sourceTree = "<group>"; };
		648926671D719E9500D92D58 /* uoyabause-Bridging-Header.h */ = {isa = PBXFileReference; lastKnownFileType = sourcecode.c.h; path = "uoyabause-Bridging-Header.h"; sourceTree = "<group>"; };
		648926681D719E9500D92D58 /* FileSelectController.swift */ = {isa = PBXFileReference; fileEncoding = 4; lastKnownFileType = sourcecode.swift; path = FileSelectController.swift; sourceTree = "<group>"; };
		64BC4EFF1D8084420071689C /* SWRevealViewController.h */ = {isa = PBXFileReference; fileEncoding = 4; lastKnownFileType = sourcecode.c.h; path = SWRevealViewController.h; sourceTree = "<group>"; };
		64BC4F001D8084420071689C /* SWRevealViewController.m */ = {isa = PBXFileReference; fileEncoding = 4; lastKnownFileType = sourcecode.c.objc; path = SWRevealViewController.m; sourceTree = "<group>"; };
		64D450081D7C0E6C004E2615 /* MainScreenController.swift */ = {isa = PBXFileReference; fileEncoding = 4; lastKnownFileType = sourcecode.swift; path = MainScreenController.swift; sourceTree = "<group>"; };
		6DB209232095D1F200C9CC4B /* GLView.h */ = {isa = PBXFileReference; lastKnownFileType = sourcecode.c.h; path = GLView.h; sourceTree = "<group>"; };
		6DB209242095D1F200C9CC4B /* GLView.m */ = {isa = PBXFileReference; lastKnownFileType = sourcecode.c.objc; path = GLView.m; sourceTree = "<group>"; };
		6DB209262097037200C9CC4B /* GoogleService-Info.plist */ = {isa = PBXFileReference; fileEncoding = 4; lastKnownFileType = text.plist.xml; path = "GoogleService-Info.plist"; sourceTree = "<group>"; };
		6DB209282097088800C9CC4B /* GoogleToolboxForMac.framework */ = {isa = PBXFileReference; explicitFileType = wrapper.framework; path = GoogleToolboxForMac.framework; sourceTree = BUILT_PRODUCTS_DIR; };
		6DB2092A2097088D00C9CC4B /* nanopb.framework */ = {isa = PBXFileReference; explicitFileType = wrapper.framework; path = nanopb.framework; sourceTree = BUILT_PRODUCTS_DIR; };
		6DB2092C2097DB5D00C9CC4B /* PadButton.h */ = {isa = PBXFileReference; lastKnownFileType = sourcecode.c.h; path = PadButton.h; sourceTree = "<group>"; };
		6DB2092D2097DB5D00C9CC4B /* PadButton.m */ = {isa = PBXFileReference; lastKnownFileType = sourcecode.c.objc; path = PadButton.m; sourceTree = "<group>"; };
		7248E5EAC500018B32B8151B /* Pods-uoyabauseUITests.release.xcconfig */ = {isa = PBXFileReference; includeInIndex = 1; lastKnownFileType = text.xcconfig; name = "Pods-uoyabauseUITests.release.xcconfig"; path = "Pods/Target Support Files/Pods-uoyabauseUITests/Pods-uoyabauseUITests.release.xcconfig"; sourceTree = "<group>"; };
		782A38C51C8F726D479DADEF /* Pods-YabaSnashiroTests.release.xcconfig */ = {isa = PBXFileReference; includeInIndex = 1; lastKnownFileType = text.xcconfig; name = "Pods-YabaSnashiroTests.release.xcconfig"; path = "Pods/Target Support Files/Pods-YabaSnashiroTests/Pods-YabaSnashiroTests.release.xcconfig"; sourceTree = "<group>"; };
		8118FC0A4919DED802B09AEF /* Pods_uoyabause.framework */ = {isa = PBXFileReference; explicitFileType = wrapper.framework; includeInIndex = 0; path = Pods_uoyabause.framework; sourceTree = BUILT_PRODUCTS_DIR; };
		838B0540FBC7F0B9BB97B8C4 /* Pods-YabaSnashiro.debug.xcconfig */ = {isa = PBXFileReference; includeInIndex = 1; lastKnownFileType = text.xcconfig; name = "Pods-YabaSnashiro.debug.xcconfig"; path = "Pods/Target Support Files/Pods-YabaSnashiro/Pods-YabaSnashiro.debug.xcconfig"; sourceTree = "<group>"; };
		8576A34B5AB321AF90CD3CF9 /* Pods_uoyabauseUITests.framework */ = {isa = PBXFileReference; explicitFileType = wrapper.framework; includeInIndex = 0; path = Pods_uoyabauseUITests.framework; sourceTree = BUILT_PRODUCTS_DIR; };
		921C9D6C1E108E1E009065E6 /* KeyMapper.h */ = {isa = PBXFileReference; fileEncoding = 4; lastKnownFileType = sourcecode.c.h; path = KeyMapper.h; sourceTree = "<group>"; };
		921C9D6D1E108E1F009065E6 /* KeyMapper.m */ = {isa = PBXFileReference; fileEncoding = 4; lastKnownFileType = sourcecode.c.objc; path = KeyMapper.m; sourceTree = "<group>"; };
		921C9D6F1E109021009065E6 /* SaturnControllerKeys.h */ = {isa = PBXFileReference; lastKnownFileType = sourcecode.c.h; path = SaturnControllerKeys.h; sourceTree = "<group>"; };
		921C9D711E1628B4009065E6 /* QuartzCore.framework */ = {isa = PBXFileReference; lastKnownFileType = wrapper.framework; name = QuartzCore.framework; path = System/Library/Frameworks/QuartzCore.framework; sourceTree = SDKROOT; };
		9B185CBB7D967968C3447782 /* Pods-YabaSnashiroTests.debug.xcconfig */ = {isa = PBXFileReference; includeInIndex = 1; lastKnownFileType = text.xcconfig; name = "Pods-YabaSnashiroTests.debug.xcconfig"; path = "Pods/Target Support Files/Pods-YabaSnashiroTests/Pods-YabaSnashiroTests.debug.xcconfig"; sourceTree = "<group>"; };
		9EFEF6EB5806EAC705E55B7D /* Pods-uoyabause.release.xcconfig */ = {isa = PBXFileReference; includeInIndex = 1; lastKnownFileType = text.xcconfig; name = "Pods-uoyabause.release.xcconfig"; path = "Pods/Target Support Files/Pods-uoyabause/Pods-uoyabause.release.xcconfig"; sourceTree = "<group>"; };
		A8146B869F23239E27223063 /* Pods-uoyabauseTests.debug.xcconfig */ = {isa = PBXFileReference; includeInIndex = 1; lastKnownFileType = text.xcconfig; name = "Pods-uoyabauseTests.debug.xcconfig"; path = "Pods/Target Support Files/Pods-uoyabauseTests/Pods-uoyabauseTests.debug.xcconfig"; sourceTree = "<group>"; };
		C6A3953C38AF483C1F1F5E89 /* Pods_YabaSnashiroUITests.framework */ = {isa = PBXFileReference; explicitFileType = wrapper.framework; includeInIndex = 0; path = Pods_YabaSnashiroUITests.framework; sourceTree = BUILT_PRODUCTS_DIR; };
		C8BA1D770E151F00A6BA938B /* Pods_YabaSnashiro.framework */ = {isa = PBXFileReference; explicitFileType = wrapper.framework; includeInIndex = 0; path = Pods_YabaSnashiro.framework; sourceTree = BUILT_PRODUCTS_DIR; };
		CCB1CB6709D254B83DC2B910 /* Pods-uoyabause.debug.xcconfig */ = {isa = PBXFileReference; includeInIndex = 1; lastKnownFileType = text.xcconfig; name = "Pods-uoyabause.debug.xcconfig"; path = "Pods/Target Support Files/Pods-uoyabause/Pods-uoyabause.debug.xcconfig"; sourceTree = "<group>"; };
		CD439AACD73A3F0ECAC8B612 /* Pods-YabaSnashiroUITests.debug.xcconfig */ = {isa = PBXFileReference; includeInIndex = 1; lastKnownFileType = text.xcconfig; name = "Pods-YabaSnashiroUITests.debug.xcconfig"; path = "Pods/Target Support Files/Pods-YabaSnashiroUITests/Pods-YabaSnashiroUITests.debug.xcconfig"; sourceTree = "<group>"; };
		CE0A948D22A1A8E0A2DA1D98 /* Pods-YabaSnashiro.release.xcconfig */ = {isa = PBXFileReference; includeInIndex = 1; lastKnownFileType = text.xcconfig; name = "Pods-YabaSnashiro.release.xcconfig"; path = "Pods/Target Support Files/Pods-YabaSnashiro/Pods-YabaSnashiro.release.xcconfig"; sourceTree = "<group>"; };
		E441550DF2B7E73FC083A81F /* Pods-uoyabauseUITests.debug.xcconfig */ = {isa = PBXFileReference; includeInIndex = 1; lastKnownFileType = text.xcconfig; name = "Pods-uoyabauseUITests.debug.xcconfig"; path = "Pods/Target Support Files/Pods-uoyabauseUITests/Pods-uoyabauseUITests.debug.xcconfig"; sourceTree = "<group>"; };
/* End PBXFileReference section */

/* Begin PBXFrameworksBuildPhase section */
		6442329F1C6580000050611E /* Frameworks */ = {
			isa = PBXFrameworksBuildPhase;
			buildActionMask = 2147483647;
			files = (
				6DB2092B2097088D00C9CC4B /* nanopb.framework in Frameworks */,
				921C9D721E1628B5009065E6 /* QuartzCore.framework in Frameworks */,
				645EA6C21D95647200A7A5D8 /* libz.1.1.3.tbd in Frameworks */,
				64228EF71D8886AE00588323 /* MobileCoreServices.framework in Frameworks */,
				64228EF51D88868300588323 /* CoreGraphics.framework in Frameworks */,
				64228EF31D88866300588323 /* CoreTelephony.framework in Frameworks */,
				64228EF11D88864200588323 /* AudioToolbox.framework in Frameworks */,
				64228EEF1D8885F800588323 /* CoreMotion.framework in Frameworks */,
				64228EED1D8885F200588323 /* CoreBluetooth.framework in Frameworks */,
				64228EEB1D88850B00588323 /* MessageUI.framework in Frameworks */,
				64228EE91D8884D700588323 /* SafariServices.framework in Frameworks */,
				64228EE51D88845400588323 /* EventKit.framework in Frameworks */,
				64228EE31D88844000588323 /* EventKitUI.framework in Frameworks */,
				64228EE11D88840000588323 /* AdSupport.framework in Frameworks */,
				64228EDF1D8883C400588323 /* MediaPlayer.framework in Frameworks */,
				64228ED91D8882D200588323 /* SystemConfiguration.framework in Frameworks */,
				64228ED71D88817300588323 /* GoogleMobileAds.framework in Frameworks */,
				640323881C67575B00DA91D8 /* OpenAL.framework in Frameworks */,
				646C87B51C66DDD20091B3B6 /* libyabause_ios.a in Frameworks */,
				6290C255003441A8128FE03D /* Pods_YabaSnashiro.framework in Frameworks */,
			);
			runOnlyForDeploymentPostprocessing = 0;
		};
		644232BC1C6580010050611E /* Frameworks */ = {
			isa = PBXFrameworksBuildPhase;
			buildActionMask = 2147483647;
			files = (
				A9A09038CE42F043D36CB033 /* Pods_uoyabauseTests.framework in Frameworks */,
				6048E9F865F471B405FC8E1E /* Pods_YabaSnashiroTests.framework in Frameworks */,
			);
			runOnlyForDeploymentPostprocessing = 0;
		};
		644232C71C6580010050611E /* Frameworks */ = {
			isa = PBXFrameworksBuildPhase;
			buildActionMask = 2147483647;
			files = (
				2E2E650D500362BD39966316 /* Pods_uoyabauseUITests.framework in Frameworks */,
				592FA568C31514C157C8C8DF /* Pods_YabaSnashiroUITests.framework in Frameworks */,
			);
			runOnlyForDeploymentPostprocessing = 0;
		};
/* End PBXFrameworksBuildPhase section */

/* Begin PBXGroup section */
		644232991C6580000050611E = {
			isa = PBXGroup;
			children = (
				645EA6C11D95647200A7A5D8 /* libz.1.1.3.tbd */,
				64228EF61D8886AE00588323 /* MobileCoreServices.framework */,
				64228EF41D88868300588323 /* CoreGraphics.framework */,
				64228EF21D88866300588323 /* CoreTelephony.framework */,
				64228EF01D88864200588323 /* AudioToolbox.framework */,
				64228EEE1D8885F800588323 /* CoreMotion.framework */,
				64228EEC1D8885F200588323 /* CoreBluetooth.framework */,
				64228EEA1D88850B00588323 /* MessageUI.framework */,
				64228EE81D8884D700588323 /* SafariServices.framework */,
				64228EE61D8884AB00588323 /* StoreKit.framework */,
				64228EE41D88845400588323 /* EventKit.framework */,
				64228EE21D88844000588323 /* EventKitUI.framework */,
				64228EE01D88840000588323 /* AdSupport.framework */,
				64228EDE1D8883C400588323 /* MediaPlayer.framework */,
				64228EDC1D88837700588323 /* AVFoundation.framework */,
				64228EDA1D88834C00588323 /* CoreMedia.framework */,
				64228ED81D8882D200588323 /* SystemConfiguration.framework */,
				64228ED61D88817300588323 /* GoogleMobileAds.framework */,
				640323861C673BE200DA91D8 /* OpenAL.framework */,
				646C87B41C66DDD20091B3B6 /* libyabause_ios.a */,
				644232A41C6580000050611E /* uoyabause */,
				644232C21C6580010050611E /* uoyabauseTests */,
				644232CD1C6580010050611E /* uoyabauseUITests */,
				644232A31C6580000050611E /* Products */,
				921C9D701E1628B4009065E6 /* Frameworks */,
				D9AE2FF553E0317EBA7647F0 /* Pods */,
			);
			sourceTree = "<group>";
		};
		644232A31C6580000050611E /* Products */ = {
			isa = PBXGroup;
			children = (
				644232A21C6580000050611E /* YabaSnashiro.app */,
				644232BF1C6580010050611E /* YabaSnashiroTests.xctest */,
				644232CA1C6580010050611E /* YabaSnashiroUITests.xctest */,
			);
			name = Products;
			sourceTree = "<group>";
		};
		644232A41C6580000050611E /* uoyabause */ = {
			isa = PBXGroup;
			children = (
				6DB209262097037200C9CC4B /* GoogleService-Info.plist */,
				64BC4EFE1D8083FF0071689C /* SWRevealViewController */,
				644232A81C6580000050611E /* AppDelegate.h */,
				644232A91C6580000050611E /* AppDelegate.m */,
				644232AB1C6580000050611E /* Shader.fsh */,
				644232AD1C6580000050611E /* Shader.vsh */,
				644232AF1C6580000050611E /* GameViewController.h */,
				644232B01C6580000050611E /* GameViewController.m */,
				921C9D6C1E108E1E009065E6 /* KeyMapper.h */,
				921C9D6D1E108E1F009065E6 /* KeyMapper.m */,
				644232B21C6580000050611E /* Main.storyboard */,
				64D450081D7C0E6C004E2615 /* MainScreenController.swift */,
				648926681D719E9500D92D58 /* FileSelectController.swift */,
				645EA6C51D975B3D00A7A5D8 /* SettingsViewController.swift */,
				644232B51C6580000050611E /* Assets.xcassets */,
				644232B71C6580000050611E /* LaunchScreen.storyboard */,
				644232BA1C6580000050611E /* Info.plist */,
				644232A51C6580000050611E /* Supporting Files */,
				648926671D719E9500D92D58 /* uoyabause-Bridging-Header.h */,
				64228EF81D88900F00588323 /* apikey.plist */,
				64373A361D979E5F00B3C7BA /* settings.plist */,
				921C9D6F1E109021009065E6 /* SaturnControllerKeys.h */,
				6DB209232095D1F200C9CC4B /* GLView.h */,
				6DB209242095D1F200C9CC4B /* GLView.m */,
				6DB2092C2097DB5D00C9CC4B /* PadButton.h */,
				6DB2092D2097DB5D00C9CC4B /* PadButton.m */,
			);
			path = uoyabause;
			sourceTree = "<group>";
		};
		644232A51C6580000050611E /* Supporting Files */ = {
			isa = PBXGroup;
			children = (
				644232A61C6580000050611E /* main.m */,
			);
			name = "Supporting Files";
			sourceTree = "<group>";
		};
		644232C21C6580010050611E /* uoyabauseTests */ = {
			isa = PBXGroup;
			children = (
				644232C31C6580010050611E /* uoyabauseTests.m */,
				644232C51C6580010050611E /* Info.plist */,
			);
			path = uoyabauseTests;
			sourceTree = "<group>";
		};
		644232CD1C6580010050611E /* uoyabauseUITests */ = {
			isa = PBXGroup;
			children = (
				644232CE1C6580010050611E /* uoyabauseUITests.m */,
				644232D01C6580010050611E /* Info.plist */,
			);
			path = uoyabauseUITests;
			sourceTree = "<group>";
		};
		64BC4EFE1D8083FF0071689C /* SWRevealViewController */ = {
			isa = PBXGroup;
			children = (
				64204ADF1D84A440002EA3F5 /* SidebarViewController.h */,
				64204AE01D84A440002EA3F5 /* SidebarViewController.m */,
				64BC4EFF1D8084420071689C /* SWRevealViewController.h */,
				64204ADC1D8486FB002EA3F5 /* GameRevealViewController.h */,
				64BC4F001D8084420071689C /* SWRevealViewController.m */,
				64204ADD1D84878E002EA3F5 /* GameRevealViewController.m */,
			);
			name = SWRevealViewController;
			sourceTree = "<group>";
		};
		921C9D701E1628B4009065E6 /* Frameworks */ = {
			isa = PBXGroup;
			children = (
				6DB2092A2097088D00C9CC4B /* nanopb.framework */,
				6DB209282097088800C9CC4B /* GoogleToolboxForMac.framework */,
				921C9D711E1628B4009065E6 /* QuartzCore.framework */,
				8118FC0A4919DED802B09AEF /* Pods_uoyabause.framework */,
				06D1ECCE10B74C210FE0691E /* Pods_uoyabauseTests.framework */,
				8576A34B5AB321AF90CD3CF9 /* Pods_uoyabauseUITests.framework */,
				C8BA1D770E151F00A6BA938B /* Pods_YabaSnashiro.framework */,
				3AFB002D17E54BEC336A1DFE /* Pods_YabaSnashiroTests.framework */,
				C6A3953C38AF483C1F1F5E89 /* Pods_YabaSnashiroUITests.framework */,
			);
			name = Frameworks;
			sourceTree = "<group>";
		};
		D9AE2FF553E0317EBA7647F0 /* Pods */ = {
			isa = PBXGroup;
			children = (
				CCB1CB6709D254B83DC2B910 /* Pods-uoyabause.debug.xcconfig */,
				9EFEF6EB5806EAC705E55B7D /* Pods-uoyabause.release.xcconfig */,
				A8146B869F23239E27223063 /* Pods-uoyabauseTests.debug.xcconfig */,
				3CE09E5047FB606A37FDCB1C /* Pods-uoyabauseTests.release.xcconfig */,
				E441550DF2B7E73FC083A81F /* Pods-uoyabauseUITests.debug.xcconfig */,
				7248E5EAC500018B32B8151B /* Pods-uoyabauseUITests.release.xcconfig */,
				838B0540FBC7F0B9BB97B8C4 /* Pods-YabaSnashiro.debug.xcconfig */,
				CE0A948D22A1A8E0A2DA1D98 /* Pods-YabaSnashiro.release.xcconfig */,
				9B185CBB7D967968C3447782 /* Pods-YabaSnashiroTests.debug.xcconfig */,
				782A38C51C8F726D479DADEF /* Pods-YabaSnashiroTests.release.xcconfig */,
				CD439AACD73A3F0ECAC8B612 /* Pods-YabaSnashiroUITests.debug.xcconfig */,
				20115D1C6B2FC0F24C85EE33 /* Pods-YabaSnashiroUITests.release.xcconfig */,
			);
			name = Pods;
			sourceTree = "<group>";
		};
/* End PBXGroup section */

/* Begin PBXNativeTarget section */
		644232A11C6580000050611E /* YabaSnashiro */ = {
			isa = PBXNativeTarget;
			buildConfigurationList = 644232D31C6580010050611E /* Build configuration list for PBXNativeTarget "YabaSnashiro" */;
			buildPhases = (
				A87F9C65EEE5D1D0889ABB00 /* [CP] Check Pods Manifest.lock */,
				6442329E1C6580000050611E /* Sources */,
				6442329F1C6580000050611E /* Frameworks */,
				644232A01C6580000050611E /* Resources */,
				1746BD14040A0685479ADCEF /* [CP] Embed Pods Frameworks */,
			);
			buildRules = (
			);
			dependencies = (
			);
			name = YabaSnashiro;
			productName = uoyabause;
			productReference = 644232A21C6580000050611E /* YabaSnashiro.app */;
			productType = "com.apple.product-type.application";
		};
		644232BE1C6580010050611E /* YabaSnashiroTests */ = {
			isa = PBXNativeTarget;
			buildConfigurationList = 644232D61C6580010050611E /* Build configuration list for PBXNativeTarget "YabaSnashiroTests" */;
			buildPhases = (
				CF916EED310F3E6742694472 /* [CP] Check Pods Manifest.lock */,
				644232BB1C6580010050611E /* Sources */,
				644232BC1C6580010050611E /* Frameworks */,
				644232BD1C6580010050611E /* Resources */,
			);
			buildRules = (
			);
			dependencies = (
				644232C11C6580010050611E /* PBXTargetDependency */,
			);
			name = YabaSnashiroTests;
			productName = uoyabauseTests;
			productReference = 644232BF1C6580010050611E /* YabaSnashiroTests.xctest */;
			productType = "com.apple.product-type.bundle.unit-test";
		};
		644232C91C6580010050611E /* YabaSnashiroUITests */ = {
			isa = PBXNativeTarget;
			buildConfigurationList = 644232D91C6580010050611E /* Build configuration list for PBXNativeTarget "YabaSnashiroUITests" */;
			buildPhases = (
				DA4198C3D41464FF58C9A330 /* [CP] Check Pods Manifest.lock */,
				644232C61C6580010050611E /* Sources */,
				644232C71C6580010050611E /* Frameworks */,
				644232C81C6580010050611E /* Resources */,
			);
			buildRules = (
			);
			dependencies = (
				644232CC1C6580010050611E /* PBXTargetDependency */,
			);
			name = YabaSnashiroUITests;
			productName = uoyabauseUITests;
			productReference = 644232CA1C6580010050611E /* YabaSnashiroUITests.xctest */;
			productType = "com.apple.product-type.bundle.ui-testing";
		};
/* End PBXNativeTarget section */

/* Begin PBXProject section */
		6442329A1C6580000050611E /* Project object */ = {
			isa = PBXProject;
			attributes = {
				LastSwiftUpdateCheck = 0730;
				LastUpgradeCheck = 0720;
				ORGANIZATIONNAME = devMiyax;
				TargetAttributes = {
					644232A11C6580000050611E = {
						CreatedOnToolsVersion = 7.2.1;
						DevelopmentTeam = 8EMBASFBPT;
						LastSwiftMigration = 0800;
					};
					644232BE1C6580010050611E = {
						CreatedOnToolsVersion = 7.2.1;
						TestTargetID = 644232A11C6580000050611E;
					};
					644232C91C6580010050611E = {
						CreatedOnToolsVersion = 7.2.1;
						TestTargetID = 644232A11C6580000050611E;
					};
				};
			};
			buildConfigurationList = 6442329D1C6580000050611E /* Build configuration list for PBXProject "YabaSnashiro" */;
			compatibilityVersion = "Xcode 3.2";
			developmentRegion = English;
			hasScannedForEncodings = 0;
			knownRegions = (
				en,
				Base,
			);
			mainGroup = 644232991C6580000050611E;
			productRefGroup = 644232A31C6580000050611E /* Products */;
			projectDirPath = "";
			projectRoot = "";
			targets = (
				644232A11C6580000050611E /* YabaSnashiro */,
				644232BE1C6580010050611E /* YabaSnashiroTests */,
				644232C91C6580010050611E /* YabaSnashiroUITests */,
			);
		};
/* End PBXProject section */

/* Begin PBXResourcesBuildPhase section */
		644232A01C6580000050611E /* Resources */ = {
			isa = PBXResourcesBuildPhase;
			buildActionMask = 2147483647;
			files = (
				644232B41C6580000050611E /* Main.storyboard in Resources */,
				6DB209272097037300C9CC4B /* GoogleService-Info.plist in Resources */,
				64373A371D979E5F00B3C7BA /* settings.plist in Resources */,
				644232AE1C6580000050611E /* Shader.vsh in Resources */,
				64228EF91D88900F00588323 /* apikey.plist in Resources */,
				644232B61C6580000050611E /* Assets.xcassets in Resources */,
				644232B91C6580000050611E /* LaunchScreen.storyboard in Resources */,
				644232AC1C6580000050611E /* Shader.fsh in Resources */,
			);
			runOnlyForDeploymentPostprocessing = 0;
		};
		644232BD1C6580010050611E /* Resources */ = {
			isa = PBXResourcesBuildPhase;
			buildActionMask = 2147483647;
			files = (
			);
			runOnlyForDeploymentPostprocessing = 0;
		};
		644232C81C6580010050611E /* Resources */ = {
			isa = PBXResourcesBuildPhase;
			buildActionMask = 2147483647;
			files = (
			);
			runOnlyForDeploymentPostprocessing = 0;
		};
/* End PBXResourcesBuildPhase section */

/* Begin PBXShellScriptBuildPhase section */
		1746BD14040A0685479ADCEF /* [CP] Embed Pods Frameworks */ = {
			isa = PBXShellScriptBuildPhase;
			buildActionMask = 2147483647;
			files = (
			);
			inputPaths = (
				"${SRCROOT}/Pods/Target Support Files/Pods-YabaSnashiro/Pods-YabaSnashiro-frameworks.sh",
				"${BUILT_PRODUCTS_DIR}/GoogleUtilities/GoogleUtilities.framework",
				"${BUILT_PRODUCTS_DIR}/nanopb/nanopb.framework",
			);
			name = "[CP] Embed Pods Frameworks";
			outputPaths = (
				"${TARGET_BUILD_DIR}/${FRAMEWORKS_FOLDER_PATH}/GoogleUtilities.framework",
				"${TARGET_BUILD_DIR}/${FRAMEWORKS_FOLDER_PATH}/nanopb.framework",
			);
			runOnlyForDeploymentPostprocessing = 0;
			shellPath = /bin/sh;
			shellScript = "\"${SRCROOT}/Pods/Target Support Files/Pods-YabaSnashiro/Pods-YabaSnashiro-frameworks.sh\"\n";
			showEnvVarsInLog = 0;
		};
		A87F9C65EEE5D1D0889ABB00 /* [CP] Check Pods Manifest.lock */ = {
			isa = PBXShellScriptBuildPhase;
			buildActionMask = 2147483647;
			files = (
			);
			inputPaths = (
				"${PODS_PODFILE_DIR_PATH}/Podfile.lock",
				"${PODS_ROOT}/Manifest.lock",
			);
			name = "[CP] Check Pods Manifest.lock";
			outputPaths = (
				"$(DERIVED_FILE_DIR)/Pods-YabaSnashiro-checkManifestLockResult.txt",
			);
			runOnlyForDeploymentPostprocessing = 0;
			shellPath = /bin/sh;
			shellScript = "diff \"${PODS_PODFILE_DIR_PATH}/Podfile.lock\" \"${PODS_ROOT}/Manifest.lock\" > /dev/null\nif [ $? != 0 ] ; then\n    # print error to STDERR\n    echo \"error: The sandbox is not in sync with the Podfile.lock. Run 'pod install' or update your CocoaPods installation.\" >&2\n    exit 1\nfi\n# This output is used by Xcode 'outputs' to avoid re-running this script phase.\necho \"SUCCESS\" > \"${SCRIPT_OUTPUT_FILE_0}\"\n";
			showEnvVarsInLog = 0;
		};
		CF916EED310F3E6742694472 /* [CP] Check Pods Manifest.lock */ = {
			isa = PBXShellScriptBuildPhase;
			buildActionMask = 2147483647;
			files = (
			);
			inputPaths = (
				"${PODS_PODFILE_DIR_PATH}/Podfile.lock",
				"${PODS_ROOT}/Manifest.lock",
			);
			name = "[CP] Check Pods Manifest.lock";
			outputPaths = (
				"$(DERIVED_FILE_DIR)/Pods-YabaSnashiroTests-checkManifestLockResult.txt",
			);
			runOnlyForDeploymentPostprocessing = 0;
			shellPath = /bin/sh;
			shellScript = "diff \"${PODS_PODFILE_DIR_PATH}/Podfile.lock\" \"${PODS_ROOT}/Manifest.lock\" > /dev/null\nif [ $? != 0 ] ; then\n    # print error to STDERR\n    echo \"error: The sandbox is not in sync with the Podfile.lock. Run 'pod install' or update your CocoaPods installation.\" >&2\n    exit 1\nfi\n# This output is used by Xcode 'outputs' to avoid re-running this script phase.\necho \"SUCCESS\" > \"${SCRIPT_OUTPUT_FILE_0}\"\n";
			showEnvVarsInLog = 0;
		};
		DA4198C3D41464FF58C9A330 /* [CP] Check Pods Manifest.lock */ = {
			isa = PBXShellScriptBuildPhase;
			buildActionMask = 2147483647;
			files = (
			);
			inputPaths = (
				"${PODS_PODFILE_DIR_PATH}/Podfile.lock",
				"${PODS_ROOT}/Manifest.lock",
			);
			name = "[CP] Check Pods Manifest.lock";
			outputPaths = (
				"$(DERIVED_FILE_DIR)/Pods-YabaSnashiroUITests-checkManifestLockResult.txt",
			);
			runOnlyForDeploymentPostprocessing = 0;
			shellPath = /bin/sh;
			shellScript = "diff \"${PODS_PODFILE_DIR_PATH}/Podfile.lock\" \"${PODS_ROOT}/Manifest.lock\" > /dev/null\nif [ $? != 0 ] ; then\n    # print error to STDERR\n    echo \"error: The sandbox is not in sync with the Podfile.lock. Run 'pod install' or update your CocoaPods installation.\" >&2\n    exit 1\nfi\n# This output is used by Xcode 'outputs' to avoid re-running this script phase.\necho \"SUCCESS\" > \"${SCRIPT_OUTPUT_FILE_0}\"\n";
			showEnvVarsInLog = 0;
		};
/* End PBXShellScriptBuildPhase section */

/* Begin PBXSourcesBuildPhase section */
		6442329E1C6580000050611E /* Sources */ = {
			isa = PBXSourcesBuildPhase;
			buildActionMask = 2147483647;
			files = (
				64204ADE1D84878E002EA3F5 /* GameRevealViewController.m in Sources */,
				6DB209252095D1F200C9CC4B /* GLView.m in Sources */,
				644232AA1C6580000050611E /* AppDelegate.m in Sources */,
				6DB2092E2097DB5D00C9CC4B /* PadButton.m in Sources */,
				648926691D719E9500D92D58 /* FileSelectController.swift in Sources */,
				645EA6C61D975B3D00A7A5D8 /* SettingsViewController.swift in Sources */,
				64204AE11D84A440002EA3F5 /* SidebarViewController.m in Sources */,
				644232B11C6580000050611E /* GameViewController.m in Sources */,
				644232A71C6580000050611E /* main.m in Sources */,
				64D450091D7C0E6C004E2615 /* MainScreenController.swift in Sources */,
				921C9D6E1E108E1F009065E6 /* KeyMapper.m in Sources */,
				64BC4F011D8084420071689C /* SWRevealViewController.m in Sources */,
			);
			runOnlyForDeploymentPostprocessing = 0;
		};
		644232BB1C6580010050611E /* Sources */ = {
			isa = PBXSourcesBuildPhase;
			buildActionMask = 2147483647;
			files = (
				644232C41C6580010050611E /* uoyabauseTests.m in Sources */,
			);
			runOnlyForDeploymentPostprocessing = 0;
		};
		644232C61C6580010050611E /* Sources */ = {
			isa = PBXSourcesBuildPhase;
			buildActionMask = 2147483647;
			files = (
				644232CF1C6580010050611E /* uoyabauseUITests.m in Sources */,
			);
			runOnlyForDeploymentPostprocessing = 0;
		};
/* End PBXSourcesBuildPhase section */

/* Begin PBXTargetDependency section */
		644232C11C6580010050611E /* PBXTargetDependency */ = {
			isa = PBXTargetDependency;
			target = 644232A11C6580000050611E /* YabaSnashiro */;
			targetProxy = 644232C01C6580010050611E /* PBXContainerItemProxy */;
		};
		644232CC1C6580010050611E /* PBXTargetDependency */ = {
			isa = PBXTargetDependency;
			target = 644232A11C6580000050611E /* YabaSnashiro */;
			targetProxy = 644232CB1C6580010050611E /* PBXContainerItemProxy */;
		};
/* End PBXTargetDependency section */

/* Begin PBXVariantGroup section */
		644232B21C6580000050611E /* Main.storyboard */ = {
			isa = PBXVariantGroup;
			children = (
				644232B31C6580000050611E /* Base */,
			);
			name = Main.storyboard;
			sourceTree = "<group>";
		};
		644232B71C6580000050611E /* LaunchScreen.storyboard */ = {
			isa = PBXVariantGroup;
			children = (
				644232B81C6580000050611E /* Base */,
			);
			name = LaunchScreen.storyboard;
			sourceTree = "<group>";
		};
/* End PBXVariantGroup section */

/* Begin XCBuildConfiguration section */
		644232D11C6580010050611E /* Debug */ = {
			isa = XCBuildConfiguration;
			buildSettings = {
				ALWAYS_SEARCH_USER_PATHS = NO;
				CLANG_CXX_LANGUAGE_STANDARD = "gnu++0x";
				CLANG_CXX_LIBRARY = "libc++";
				CLANG_ENABLE_MODULES = YES;
				CLANG_ENABLE_OBJC_ARC = YES;
				CLANG_WARN_BOOL_CONVERSION = YES;
				CLANG_WARN_CONSTANT_CONVERSION = YES;
				CLANG_WARN_DIRECT_OBJC_ISA_USAGE = YES_ERROR;
				CLANG_WARN_EMPTY_BODY = YES;
				CLANG_WARN_ENUM_CONVERSION = YES;
				CLANG_WARN_INT_CONVERSION = YES;
				CLANG_WARN_OBJC_ROOT_CLASS = YES_ERROR;
				CLANG_WARN_UNREACHABLE_CODE = YES;
				CLANG_WARN__DUPLICATE_METHOD_MATCH = YES;
				"CODE_SIGN_IDENTITY[sdk=iphoneos*]" = "iPhone Developer";
				COPY_PHASE_STRIP = NO;
				DEBUG_INFORMATION_FORMAT = "dwarf-with-dsym";
				ENABLE_STRICT_OBJC_MSGSEND = YES;
				ENABLE_TESTABILITY = YES;
				GCC_C_LANGUAGE_STANDARD = gnu99;
				GCC_DYNAMIC_NO_PIC = NO;
				GCC_NO_COMMON_BLOCKS = YES;
				GCC_OPTIMIZATION_LEVEL = 0;
				GCC_PREPROCESSOR_DEFINITIONS = (
					"DEBUG=1",
					"$(inherited)",
				);
				GCC_WARN_64_TO_32_BIT_CONVERSION = YES;
				GCC_WARN_ABOUT_RETURN_TYPE = YES_ERROR;
				GCC_WARN_UNDECLARED_SELECTOR = YES;
				GCC_WARN_UNINITIALIZED_AUTOS = YES_AGGRESSIVE;
				GCC_WARN_UNUSED_FUNCTION = YES;
				GCC_WARN_UNUSED_VARIABLE = YES;
				IPHONEOS_DEPLOYMENT_TARGET = 9.2;
				MTL_ENABLE_DEBUG_INFO = YES;
				ONLY_ACTIVE_ARCH = YES;
				SDKROOT = iphoneos;
				TARGETED_DEVICE_FAMILY = "1,2";
			};
			name = Debug;
		};
		644232D21C6580010050611E /* Release */ = {
			isa = XCBuildConfiguration;
			buildSettings = {
				ALWAYS_SEARCH_USER_PATHS = NO;
				CLANG_CXX_LANGUAGE_STANDARD = "gnu++0x";
				CLANG_CXX_LIBRARY = "libc++";
				CLANG_ENABLE_MODULES = YES;
				CLANG_ENABLE_OBJC_ARC = YES;
				CLANG_WARN_BOOL_CONVERSION = YES;
				CLANG_WARN_CONSTANT_CONVERSION = YES;
				CLANG_WARN_DIRECT_OBJC_ISA_USAGE = YES_ERROR;
				CLANG_WARN_EMPTY_BODY = YES;
				CLANG_WARN_ENUM_CONVERSION = YES;
				CLANG_WARN_INT_CONVERSION = YES;
				CLANG_WARN_OBJC_ROOT_CLASS = YES_ERROR;
				CLANG_WARN_UNREACHABLE_CODE = YES;
				CLANG_WARN__DUPLICATE_METHOD_MATCH = YES;
				"CODE_SIGN_IDENTITY[sdk=iphoneos*]" = "iPhone Developer";
				COPY_PHASE_STRIP = NO;
				DEBUG_INFORMATION_FORMAT = "dwarf-with-dsym";
				ENABLE_NS_ASSERTIONS = NO;
				ENABLE_STRICT_OBJC_MSGSEND = YES;
				GCC_C_LANGUAGE_STANDARD = gnu99;
				GCC_NO_COMMON_BLOCKS = YES;
				GCC_WARN_64_TO_32_BIT_CONVERSION = YES;
				GCC_WARN_ABOUT_RETURN_TYPE = YES_ERROR;
				GCC_WARN_UNDECLARED_SELECTOR = YES;
				GCC_WARN_UNINITIALIZED_AUTOS = YES_AGGRESSIVE;
				GCC_WARN_UNUSED_FUNCTION = YES;
				GCC_WARN_UNUSED_VARIABLE = YES;
				IPHONEOS_DEPLOYMENT_TARGET = 9.2;
				MTL_ENABLE_DEBUG_INFO = NO;
				ONLY_ACTIVE_ARCH = NO;
				SDKROOT = iphoneos;
				TARGETED_DEVICE_FAMILY = "1,2";
				VALIDATE_PRODUCT = YES;
			};
			name = Release;
		};
		644232D41C6580010050611E /* Debug */ = {
			isa = XCBuildConfiguration;
			baseConfigurationReference = 838B0540FBC7F0B9BB97B8C4 /* Pods-YabaSnashiro.debug.xcconfig */;
			buildSettings = {
				ARCHS = arm64;
				ASSETCATALOG_COMPILER_APPICON_NAME = AppIcon;
				CLANG_ENABLE_MODULES = YES;
				CODE_SIGN_IDENTITY = "iPhone Developer";
				"CODE_SIGN_IDENTITY[sdk=iphoneos*]" = "iPhone Developer";
				DEVELOPMENT_TEAM = 8EMBASFBPT;
				ENABLE_BITCODE = NO;
				FRAMEWORK_SEARCH_PATHS = (
					"$(inherited)",
					"$(PROJECT_DIR)",
				);
				INFOPLIST_FILE = uoyabause/Info.plist;
				IPHONEOS_DEPLOYMENT_TARGET = 9.3;
				LD_RUNPATH_SEARCH_PATHS = "$(inherited) @executable_path/Frameworks";
				LIBRARY_SEARCH_PATHS = (
					"$(inherited)",
					"$(PROJECT_DIR)/Debug",
					"$(PROJECT_DIR)",
				);
				OTHER_LDFLAGS = (
					"$(inherited)",
					"-ObjC",
					"-l\"c++\"",
					"-l\"sqlite3\"",
					"-l\"z\"",
					"-framework",
					"\"AVFoundation\"",
					"-framework",
					"\"AudioToolbox\"",
					"-framework",
					"\"CFNetwork\"",
					"-framework",
					"\"CoreGraphics\"",
					"-framework",
					"\"CoreMedia\"",
					"-framework",
					"\"CoreMotion\"",
					"-framework",
					"\"CoreTelephony\"",
					"-framework",
					"\"CoreVideo\"",
					"-framework",
					"\"FirebaseAnalytics\"",
					"-framework",
					"\"FirebaseCore\"",
					"-framework",
					"\"FirebaseCoreDiagnostics\"",
					"-framework",
					"\"FirebaseInstanceID\"",
					"-framework",
					"\"GoogleMobileAds\"",
					"-framework",
					"\"MediaPlayer\"",
					"-framework",
					"\"MessageUI\"",
					"-framework",
					"\"MobileCoreServices\"",
					"-framework",
					"\"OpenGLES\"",
					"-framework",
					"\"QuartzCore\"",
					"-framework",
					"\"Security\"",
					"-framework",
					"\"StoreKit\"",
					"-framework",
					"\"SystemConfiguration\"",
					"-framework",
					"\"nanopb\"",
					"-weak_framework",
					"\"AdSupport\"",
					"-weak_framework",
					"\"JavaScriptCore\"",
					"-weak_framework",
					"\"SafariServices\"",
					"-weak_framework",
					"\"WebKit\"",
					"$(inherited)",
					"$(OTHER_LDFLAGS)",
				);
				"OTHER_LDFLAGS[arch=*]" = (
					"$(inherited)",
					"-ObjC",
					"-l\"c++\"",
					"-l\"sqlite3\"",
					"-l\"z\"",
					"-framework",
					"\"AVFoundation\"",
					"-framework",
					"\"AudioToolbox\"",
					"-framework",
					"\"CFNetwork\"",
					"-framework",
					"\"CoreGraphics\"",
					"-framework",
					"\"CoreMedia\"",
					"-framework",
					"\"CoreMotion\"",
					"-framework",
					"\"CoreTelephony\"",
					"-framework",
					"\"CoreVideo\"",
					"-framework",
					"\"FirebaseAnalytics\"",
					"-framework",
					"\"FirebaseCore\"",
					"-framework",
					"\"FirebaseCoreDiagnostics\"",
					"-framework",
					"\"FirebaseInstanceID\"",
					"-framework",
					"\"GLKit\"",
					"-framework",
					"\"GoogleMobileAds\"",
					"-framework",
					"\"MediaPlayer\"",
					"-framework",
					"\"MessageUI\"",
					"-framework",
					"\"MobileCoreServices\"",
					"-framework",
					"\"OpenGLES\"",
					"-framework",
					"\"QuartzCore\"",
					"-framework",
					"\"Security\"",
					"-framework",
					"\"StoreKit\"",
					"-framework",
					"\"SystemConfiguration\"",
					"-framework",
					"\"nanopb\"",
					"-weak_framework",
					"\"AdSupport\"",
					"-weak_framework",
					"\"JavaScriptCore\"",
					"-weak_framework",
					"\"SafariServices\"",
					"-weak_framework",
					"\"WebKit\"",
					"$(inherited)",
				);
				PRODUCT_BUNDLE_IDENTIFIER = org.devMiyax.yabasanshiro;
				PRODUCT_NAME = "$(TARGET_NAME)";
				PROVISIONING_PROFILE = "";
				SWIFT_OBJC_BRIDGING_HEADER = "uoyabause/uoyabause-Bridging-Header.h";
				SWIFT_OPTIMIZATION_LEVEL = "-Onone";
				SWIFT_VERSION = 3.0;
				TARGETED_DEVICE_FAMILY = "1,2";
				VALID_ARCHS = arm64;
			};
			name = Debug;
		};
		644232D51C6580010050611E /* Release */ = {
			isa = XCBuildConfiguration;
			baseConfigurationReference = CE0A948D22A1A8E0A2DA1D98 /* Pods-YabaSnashiro.release.xcconfig */;
			buildSettings = {
				ARCHS = arm64;
				ASSETCATALOG_COMPILER_APPICON_NAME = AppIcon;
				CLANG_ENABLE_MODULES = YES;
				CODE_SIGN_IDENTITY = "iPhone Developer";
				"CODE_SIGN_IDENTITY[sdk=iphoneos*]" = "iPhone Developer";
				DEVELOPMENT_TEAM = 8EMBASFBPT;
				ENABLE_BITCODE = NO;
				FRAMEWORK_SEARCH_PATHS = (
					"$(inherited)",
					"$(PROJECT_DIR)",
				);
				INFOPLIST_FILE = uoyabause/Info.plist;
				IPHONEOS_DEPLOYMENT_TARGET = 9.3;
				LD_RUNPATH_SEARCH_PATHS = "$(inherited) @executable_path/Frameworks";
				LIBRARY_SEARCH_PATHS = (
					"$(inherited)",
					"$(PROJECT_DIR)/Debug",
					"$(PROJECT_DIR)",
				);
				OTHER_LDFLAGS = (
					"$(inherited)",
					"-ObjC",
					"-l\"c++\"",
					"-l\"sqlite3\"",
					"-l\"z\"",
					"-framework",
					"\"AVFoundation\"",
					"-framework",
					"\"AudioToolbox\"",
					"-framework",
					"\"CFNetwork\"",
					"-framework",
					"\"CoreGraphics\"",
					"-framework",
					"\"CoreMedia\"",
					"-framework",
					"\"CoreMotion\"",
					"-framework",
					"\"CoreTelephony\"",
					"-framework",
					"\"CoreVideo\"",
					"-framework",
					"\"FirebaseAnalytics\"",
					"-framework",
					"\"FirebaseCore\"",
					"-framework",
					"\"FirebaseCoreDiagnostics\"",
					"-framework",
					"\"FirebaseInstanceID\"",
					"-framework",
					"\"GoogleMobileAds\"",
					"-framework",
					"\"MediaPlayer\"",
					"-framework",
					"\"MessageUI\"",
					"-framework",
					"\"MobileCoreServices\"",
					"-framework",
					"\"OpenGLES\"",
					"-framework",
					"\"QuartzCore\"",
					"-framework",
					"\"Security\"",
					"-framework",
					"\"StoreKit\"",
					"-framework",
					"\"SystemConfiguration\"",
					"-framework",
					"\"nanopb\"",
					"-weak_framework",
					"\"AdSupport\"",
					"-weak_framework",
					"\"JavaScriptCore\"",
					"-weak_framework",
					"\"SafariServices\"",
					"-weak_framework",
					"\"WebKit\"",
					"$(inherited)",
					"$(OTHER_LDFLAGS)",
				);
				"OTHER_LDFLAGS[arch=*]" = (
					"-ObjC",
					"$(OTHER_LDFLAGS)",
				);
				PRODUCT_BUNDLE_IDENTIFIER = org.devMiyax.yabasanshiro;
				PRODUCT_NAME = "$(TARGET_NAME)";
				PROVISIONING_PROFILE = "";
				SWIFT_OBJC_BRIDGING_HEADER = "uoyabause/uoyabause-Bridging-Header.h";
				SWIFT_VERSION = 3.0;
				TARGETED_DEVICE_FAMILY = "1,2";
				VALID_ARCHS = arm64;
			};
			name = Release;
		};
		644232D71C6580010050611E /* Debug */ = {
			isa = XCBuildConfiguration;
			baseConfigurationReference = 9B185CBB7D967968C3447782 /* Pods-YabaSnashiroTests.debug.xcconfig */;
			buildSettings = {
				BUNDLE_LOADER = "$(TEST_HOST)";
				DEBUG_INFORMATION_FORMAT = dwarf;
				INFOPLIST_FILE = uoyabauseTests/Info.plist;
				LD_RUNPATH_SEARCH_PATHS = "$(inherited) @executable_path/Frameworks @loader_path/Frameworks";
				PRODUCT_BUNDLE_IDENTIFIER = org.devMiyax.uoyabauseTests;
				PRODUCT_NAME = "$(TARGET_NAME)";
				TEST_HOST = "$(BUILT_PRODUCTS_DIR)/YabaSnashiro.app/YabaSnashiro";
			};
			name = Debug;
		};
		644232D81C6580010050611E /* Release */ = {
			isa = XCBuildConfiguration;
			baseConfigurationReference = 782A38C51C8F726D479DADEF /* Pods-YabaSnashiroTests.release.xcconfig */;
			buildSettings = {
				BUNDLE_LOADER = "$(TEST_HOST)";
				INFOPLIST_FILE = uoyabauseTests/Info.plist;
				LD_RUNPATH_SEARCH_PATHS = "$(inherited) @executable_path/Frameworks @loader_path/Frameworks";
				PRODUCT_BUNDLE_IDENTIFIER = org.devMiyax.uoyabauseTests;
				PRODUCT_NAME = "$(TARGET_NAME)";
				TEST_HOST = "$(BUILT_PRODUCTS_DIR)/YabaSnashiro.app/YabaSnashiro";
			};
			name = Release;
		};
		644232DA1C6580010050611E /* Debug */ = {
			isa = XCBuildConfiguration;
			baseConfigurationReference = CD439AACD73A3F0ECAC8B612 /* Pods-YabaSnashiroUITests.debug.xcconfig */;
			buildSettings = {
				DEBUG_INFORMATION_FORMAT = dwarf;
				INFOPLIST_FILE = uoyabauseUITests/Info.plist;
				LD_RUNPATH_SEARCH_PATHS = "$(inherited) @executable_path/Frameworks @loader_path/Frameworks";
				PRODUCT_BUNDLE_IDENTIFIER = org.devMiyax.uoyabauseUITests;
				PRODUCT_NAME = "$(TARGET_NAME)";
				TEST_TARGET_NAME = uoyabause;
				USES_XCTRUNNER = YES;
			};
			name = Debug;
		};
		644232DB1C6580010050611E /* Release */ = {
			isa = XCBuildConfiguration;
			baseConfigurationReference = 20115D1C6B2FC0F24C85EE33 /* Pods-YabaSnashiroUITests.release.xcconfig */;
			buildSettings = {
				INFOPLIST_FILE = uoyabauseUITests/Info.plist;
				LD_RUNPATH_SEARCH_PATHS = "$(inherited) @executable_path/Frameworks @loader_path/Frameworks";
				PRODUCT_BUNDLE_IDENTIFIER = org.devMiyax.uoyabauseUITests;
				PRODUCT_NAME = "$(TARGET_NAME)";
				TEST_TARGET_NAME = uoyabause;
				USES_XCTRUNNER = YES;
			};
			name = Release;
		};
/* End XCBuildConfiguration section */

/* Begin XCConfigurationList section */
		6442329D1C6580000050611E /* Build configuration list for PBXProject "YabaSnashiro" */ = {
			isa = XCConfigurationList;
			buildConfigurations = (
				644232D11C6580010050611E /* Debug */,
				644232D21C6580010050611E /* Release */,
			);
			defaultConfigurationIsVisible = 0;
			defaultConfigurationName = Release;
		};
		644232D31C6580010050611E /* Build configuration list for PBXNativeTarget "YabaSnashiro" */ = {
			isa = XCConfigurationList;
			buildConfigurations = (
				644232D41C6580010050611E /* Debug */,
				644232D51C6580010050611E /* Release */,
			);
			defaultConfigurationIsVisible = 0;
			defaultConfigurationName = Release;
		};
		644232D61C6580010050611E /* Build configuration list for PBXNativeTarget "YabaSnashiroTests" */ = {
			isa = XCConfigurationList;
			buildConfigurations = (
				644232D71C6580010050611E /* Debug */,
				644232D81C6580010050611E /* Release */,
			);
			defaultConfigurationIsVisible = 0;
			defaultConfigurationName = Release;
		};
		644232D91C6580010050611E /* Build configuration list for PBXNativeTarget "YabaSnashiroUITests" */ = {
			isa = XCConfigurationList;
			buildConfigurations = (
				644232DA1C6580010050611E /* Debug */,
				644232DB1C6580010050611E /* Release */,
			);
			defaultConfigurationIsVisible = 0;
			defaultConfigurationName = Release;
		};
/* End XCConfigurationList section */
	};
	rootObject = 6442329A1C6580000050611E /* Project object */;
}
