// !$*UTF8*$!
{
	archiveVersion = 1;
	classes = {
	};
	objectVersion = 42;
	objects = {

/* Begin PBXBuildFile section */
		F71D591A09DA662F00FE749F /* gen68k.c in Sources */ = {isa = PBXBuildFile; fileRef = F71D58F709DA654D00FE749F /* gen68k.c */; };
		F7235EDA09E0869B007AD8B4 /* SDL.framework in Frameworks */ = {isa = PBXBuildFile; fileRef = F7235ED909E0869B007AD8B4 /* SDL.framework */; };
		F73B633809E05A020095A719 /* DiscRecording.framework in Frameworks */ = {isa = PBXBuildFile; fileRef = F73B633709E05A020095A719 /* DiscRecording.framework */; };
		F781481709D72E3D00DE7EE1 /* InfoPlist.strings in Resources */ = {isa = PBXBuildFile; fileRef = 089C165CFE840E0CC02AAC07 /* InfoPlist.strings */; };
		F781481D09D72E3D00DE7EE1 /* yabause.icns in Resources */ = {isa = PBXBuildFile; fileRef = 4E630A8609785DC90052AB91 /* yabause.icns */; };
		F781481F09D72E3D00DE7EE1 /* yabause.c in Sources */ = {isa = PBXBuildFile; fileRef = 4EB9455C096C824A00C33F85 /* yabause.c */; };
		F781482109D72E3D00DE7EE1 /* cdbase.c in Sources */ = {isa = PBXBuildFile; fileRef = 4EB94566096C826800C33F85 /* cdbase.c */; };
		F781482209D72E3D00DE7EE1 /* cs0.c in Sources */ = {isa = PBXBuildFile; fileRef = 4EB94569096C826800C33F85 /* cs0.c */; };
		F781482309D72E3D00DE7EE1 /* cs1.c in Sources */ = {isa = PBXBuildFile; fileRef = 4EB9456B096C826800C33F85 /* cs1.c */; };
		F781482409D72E3D00DE7EE1 /* cs2.c in Sources */ = {isa = PBXBuildFile; fileRef = 4EB9456D096C826800C33F85 /* cs2.c */; };
		F781482509D72E3D00DE7EE1 /* debug.c in Sources */ = {isa = PBXBuildFile; fileRef = 4EB9456F096C826800C33F85 /* debug.c */; };
		F781482609D72E3D00DE7EE1 /* error.c in Sources */ = {isa = PBXBuildFile; fileRef = 4EB9457E096C827400C33F85 /* error.c */; };
		F781482709D72E3D00DE7EE1 /* m68kd.c in Sources */ = {isa = PBXBuildFile; fileRef = 4EB94587096C828100C33F85 /* m68kd.c */; };
		F781482809D72E3D00DE7EE1 /* memory.c in Sources */ = {isa = PBXBuildFile; fileRef = 4EB9458E096C829300C33F85 /* memory.c */; };
		F781482909D72E3D00DE7EE1 /* peripheral.c in Sources */ = {isa = PBXBuildFile; fileRef = 4EB94590096C829300C33F85 /* peripheral.c */; };
		F781482A09D72E3D00DE7EE1 /* persdl.c in Sources */ = {isa = PBXBuildFile; fileRef = 4EB94592096C829300C33F85 /* persdl.c */; };
		F781482B09D72E3D00DE7EE1 /* profile.c in Sources */ = {isa = PBXBuildFile; fileRef = 4EB94594096C829300C33F85 /* profile.c */; };
		F781482C09D72E3D00DE7EE1 /* scsp.c in Sources */ = {isa = PBXBuildFile; fileRef = 4EB94596096C829300C33F85 /* scsp.c */; };
		F781482D09D72E3D00DE7EE1 /* scu.c in Sources */ = {isa = PBXBuildFile; fileRef = 4EB94598096C829300C33F85 /* scu.c */; };
		F781482E09D72E3D00DE7EE1 /* sh2core.c in Sources */ = {isa = PBXBuildFile; fileRef = 4EB9459A096C829300C33F85 /* sh2core.c */; };
		F781482F09D72E3D00DE7EE1 /* sh2d.c in Sources */ = {isa = PBXBuildFile; fileRef = 4EB9459C096C829300C33F85 /* sh2d.c */; };
		F781483009D72E3D00DE7EE1 /* sh2idle.c in Sources */ = {isa = PBXBuildFile; fileRef = 4EB9459E096C829300C33F85 /* sh2idle.c */; };
		F781483109D72E3D00DE7EE1 /* sh2int.c in Sources */ = {isa = PBXBuildFile; fileRef = 4EB945A0096C829300C33F85 /* sh2int.c */; };
		F781483209D72E3D00DE7EE1 /* smpc.c in Sources */ = {isa = PBXBuildFile; fileRef = 4EB945A2096C829300C33F85 /* smpc.c */; };
		F781483309D72E3D00DE7EE1 /* sndsdl.c in Sources */ = {isa = PBXBuildFile; fileRef = 4EB945A4096C829300C33F85 /* sndsdl.c */; };
		F781483409D72E3D00DE7EE1 /* vdp1.c in Sources */ = {isa = PBXBuildFile; fileRef = 4EB945A6096C829300C33F85 /* vdp1.c */; };
		F781483509D72E3D00DE7EE1 /* vdp2.c in Sources */ = {isa = PBXBuildFile; fileRef = 4EB945A8096C829300C33F85 /* vdp2.c */; };
		F781483609D72E3D00DE7EE1 /* vidsdlgl.c in Sources */ = {isa = PBXBuildFile; fileRef = 4EB945AA096C829300C33F85 /* vidsdlgl.c */; };
		F781483709D72E3D00DE7EE1 /* vidsdlsoft.c in Sources */ = {isa = PBXBuildFile; fileRef = 4EB945AC096C829300C33F85 /* vidsdlsoft.c */; };
		F781483909D72E3D00DE7EE1 /* c68k.c in Sources */ = {isa = PBXBuildFile; fileRef = 4EBA39D2096DD81900A0E0F1 /* c68k.c */; };
		F781483A09D72E3D00DE7EE1 /* cd.c in Sources */ = {isa = PBXBuildFile; fileRef = 4E62EF2E097015C200EEB0F4 /* cd.c */; };
		F781483E09D72E3D00DE7EE1 /* AppKit.framework in Frameworks */ = {isa = PBXBuildFile; fileRef = 29B97324FDCFA39411CA2CEA /* AppKit.framework */; };
		F781483F09D72E3D00DE7EE1 /* Foundation.framework in Frameworks */ = {isa = PBXBuildFile; fileRef = 29B97325FDCFA39411CA2CEA /* Foundation.framework */; };
		F781484009D72E3D00DE7EE1 /* OpenGL.framework in Frameworks */ = {isa = PBXBuildFile; fileRef = 4EBA3927096DCF6900A0E0F1 /* OpenGL.framework */; };
		F781484109D72E3D00DE7EE1 /* Cocoa.framework in Frameworks */ = {isa = PBXBuildFile; fileRef = 1058C7A1FEA54F0111CA2CBB /* Cocoa.framework */; };
		F781484209D72E3D00DE7EE1 /* IOKit.framework in Frameworks */ = {isa = PBXBuildFile; fileRef = 4EBA3923096DCF4900A0E0F1 /* IOKit.framework */; };
		F781484309D72E3D00DE7EE1 /* AudioToolbox.framework in Frameworks */ = {isa = PBXBuildFile; fileRef = 4E62EFE90970192500EEB0F4 /* AudioToolbox.framework */; };
		F781484409D72E3D00DE7EE1 /* AudioUnit.framework in Frameworks */ = {isa = PBXBuildFile; fileRef = 4E62EFEA0970192500EEB0F4 /* AudioUnit.framework */; };
		F781484509D72E3D00DE7EE1 /* AGL.framework in Frameworks */ = {isa = PBXBuildFile; fileRef = 4EBFF8230976F7D000B9BD7A /* AGL.framework */; };
		F781484609D72E3D00DE7EE1 /* GLUT.framework in Frameworks */ = {isa = PBXBuildFile; fileRef = 4EBFF8270976F7EC00B9BD7A /* GLUT.framework */; };
		F781485309D72E5200DE7EE1 /* c68kexec.c in Sources */ = {isa = PBXBuildFile; fileRef = F781485209D72E5200DE7EE1 /* c68kexec.c */; };
		F799E97009DC88DC00B6725A /* CDDrivesManager.m in Sources */ = {isa = PBXBuildFile; fileRef = F799E96F09DC88DC00B6725A /* CDDrivesManager.m */; };
		F7C3AB7209DAA29700D79071 /* ygl.c in Sources */ = {isa = PBXBuildFile; fileRef = 4EB9455E096C824A00C33F85 /* ygl.c */; };
		F7C3AC1709DAB0F500D79071 /* main.m in Sources */ = {isa = PBXBuildFile; fileRef = F7C3AC1609DAB0F500D79071 /* main.m */; };
		F7C3AC6009DAB1A500D79071 /* yui.c in Sources */ = {isa = PBXBuildFile; fileRef = 4EB945F7096C83B600C33F85 /* yui.c */; };
		F7C3AC8F09DABEF600D79071 /* Controller.m in Sources */ = {isa = PBXBuildFile; fileRef = F7C3AC8E09DABEF600D79071 /* Controller.m */; };
		F7C3AC9309DABF2E00D79071 /* MainMenu.nib in Resources */ = {isa = PBXBuildFile; fileRef = F7C3AC9109DABF2E00D79071 /* MainMenu.nib */; };
/* End PBXBuildFile section */

/* Begin PBXBuildStyle section */
		4A9504CCFFE6A4B311CA0CBA /* Development */ = {
			isa = PBXBuildStyle;
			buildSettings = {
				COPY_PHASE_STRIP = NO;
				GCC_DYNAMIC_NO_PIC = NO;
				GCC_ENABLE_FIX_AND_CONTINUE = YES;
				GCC_GENERATE_DEBUGGING_SYMBOLS = YES;
				GCC_OPTIMIZATION_LEVEL = 0;
				OPTIMIZATION_CFLAGS = "-O0";
				ZERO_LINK = YES;
			};
			name = Development;
		};
		4A9504CDFFE6A4B311CA0CBA /* Deployment */ = {
			isa = PBXBuildStyle;
			buildSettings = {
				COPY_PHASE_STRIP = YES;
				GCC_ENABLE_FIX_AND_CONTINUE = NO;
				HEADER_SEARCH_PATHS = /sw/include/SDL/;
				ZERO_LINK = NO;
			};
			name = Deployment;
		};
/* End PBXBuildStyle section */

/* Begin PBXContainerItemProxy section */
		F71D591B09DA664A00FE749F /* PBXContainerItemProxy */ = {
			isa = PBXContainerItemProxy;
			containerPortal = 29B97313FDCFA39411CA2CEA /* Project object */;
			proxyType = 1;
			remoteGlobalIDString = F71D590009DA660100FE749F;
			remoteInfo = gen68k;
		};
/* End PBXContainerItemProxy section */

/* Begin PBXFileReference section */
		089C165DFE840E0CC02AAC07 /* English */ = {isa = PBXFileReference; fileEncoding = 10; lastKnownFileType = text.plist.strings; name = English; path = English.lproj/InfoPlist.strings; sourceTree = "<group>"; };
		1058C7A1FEA54F0111CA2CBB /* Cocoa.framework */ = {isa = PBXFileReference; lastKnownFileType = wrapper.framework; name = Cocoa.framework; path = /System/Library/Frameworks/Cocoa.framework; sourceTree = "<absolute>"; };
		29B97324FDCFA39411CA2CEA /* AppKit.framework */ = {isa = PBXFileReference; lastKnownFileType = wrapper.framework; name = AppKit.framework; path = /System/Library/Frameworks/AppKit.framework; sourceTree = "<absolute>"; };
		29B97325FDCFA39411CA2CEA /* Foundation.framework */ = {isa = PBXFileReference; lastKnownFileType = wrapper.framework; name = Foundation.framework; path = /System/Library/Frameworks/Foundation.framework; sourceTree = "<absolute>"; };
		4E62EED8097010BE00EEB0F4 /* c68kmac.inc */ = {isa = PBXFileReference; fileEncoding = 30; lastKnownFileType = sourcecode.pascal; name = c68kmac.inc; path = ../c68k/c68kmac.inc; sourceTree = "<group>"; };
		4E62EF2E097015C200EEB0F4 /* cd.c */ = {isa = PBXFileReference; fileEncoding = 30; lastKnownFileType = sourcecode.c.c; path = cd.c; sourceTree = "<group>"; };
		4E62EF54097017EE00EEB0F4 /* types.h */ = {isa = PBXFileReference; fileEncoding = 30; lastKnownFileType = sourcecode.c.h; name = types.h; path = ../c68k/types.h; sourceTree = "<group>"; };
		4E62EFE90970192500EEB0F4 /* AudioToolbox.framework */ = {isa = PBXFileReference; lastKnownFileType = wrapper.framework; name = AudioToolbox.framework; path = /System/Library/Frameworks/AudioToolbox.framework; sourceTree = "<absolute>"; };
		4E62EFEA0970192500EEB0F4 /* AudioUnit.framework */ = {isa = PBXFileReference; lastKnownFileType = wrapper.framework; name = AudioUnit.framework; path = /System/Library/Frameworks/AudioUnit.framework; sourceTree = "<absolute>"; };
		4E630A8609785DC90052AB91 /* yabause.icns */ = {isa = PBXFileReference; lastKnownFileType = image.icns; path = yabause.icns; sourceTree = "<group>"; };
		4E7E6F5F0986B8BE00E72DF5 /* cd.h */ = {isa = PBXFileReference; fileEncoding = 4; lastKnownFileType = sourcecode.c.h; path = cd.h; sourceTree = "<group>"; };
		4EB9455C096C824A00C33F85 /* yabause.c */ = {isa = PBXFileReference; fileEncoding = 30; lastKnownFileType = sourcecode.c.c; name = yabause.c; path = ../yabause.c; sourceTree = "<group>"; };
		4EB9455D096C824A00C33F85 /* yabause.h */ = {isa = PBXFileReference; fileEncoding = 30; lastKnownFileType = sourcecode.c.h; name = yabause.h; path = ../yabause.h; sourceTree = "<group>"; };
		4EB9455E096C824A00C33F85 /* ygl.c */ = {isa = PBXFileReference; fileEncoding = 30; lastKnownFileType = sourcecode.c.c; name = ygl.c; path = ../ygl.c; sourceTree = "<group>"; };
		4EB9455F096C824A00C33F85 /* ygl.h */ = {isa = PBXFileReference; fileEncoding = 30; lastKnownFileType = sourcecode.c.h; name = ygl.h; path = ../ygl.h; sourceTree = "<group>"; };
		4EB94566096C826800C33F85 /* cdbase.c */ = {isa = PBXFileReference; fileEncoding = 30; lastKnownFileType = sourcecode.c.c; name = cdbase.c; path = ../cdbase.c; sourceTree = "<group>"; };
		4EB94567096C826800C33F85 /* cdbase.h */ = {isa = PBXFileReference; fileEncoding = 30; lastKnownFileType = sourcecode.c.h; name = cdbase.h; path = ../cdbase.h; sourceTree = "<group>"; };
		4EB94568096C826800C33F85 /* core.h */ = {isa = PBXFileReference; fileEncoding = 30; lastKnownFileType = sourcecode.c.h; name = core.h; path = ../core.h; sourceTree = "<group>"; };
		4EB94569096C826800C33F85 /* cs0.c */ = {isa = PBXFileReference; fileEncoding = 30; lastKnownFileType = sourcecode.c.c; name = cs0.c; path = ../cs0.c; sourceTree = "<group>"; };
		4EB9456A096C826800C33F85 /* cs0.h */ = {isa = PBXFileReference; fileEncoding = 30; lastKnownFileType = sourcecode.c.h; name = cs0.h; path = ../cs0.h; sourceTree = "<group>"; };
		4EB9456B096C826800C33F85 /* cs1.c */ = {isa = PBXFileReference; fileEncoding = 30; lastKnownFileType = sourcecode.c.c; name = cs1.c; path = ../cs1.c; sourceTree = "<group>"; };
		4EB9456C096C826800C33F85 /* cs1.h */ = {isa = PBXFileReference; fileEncoding = 30; lastKnownFileType = sourcecode.c.h; name = cs1.h; path = ../cs1.h; sourceTree = "<group>"; };
		4EB9456D096C826800C33F85 /* cs2.c */ = {isa = PBXFileReference; fileEncoding = 30; lastKnownFileType = sourcecode.c.c; name = cs2.c; path = ../cs2.c; sourceTree = "<group>"; };
		4EB9456E096C826800C33F85 /* cs2.h */ = {isa = PBXFileReference; fileEncoding = 30; lastKnownFileType = sourcecode.c.h; name = cs2.h; path = ../cs2.h; sourceTree = "<group>"; };
		4EB9456F096C826800C33F85 /* debug.c */ = {isa = PBXFileReference; fileEncoding = 30; lastKnownFileType = sourcecode.c.c; name = debug.c; path = ../debug.c; sourceTree = "<group>"; };
		4EB94570096C826800C33F85 /* debug.h */ = {isa = PBXFileReference; fileEncoding = 30; lastKnownFileType = sourcecode.c.h; name = debug.h; path = ../debug.h; sourceTree = "<group>"; };
		4EB9457E096C827400C33F85 /* error.c */ = {isa = PBXFileReference; fileEncoding = 30; lastKnownFileType = sourcecode.c.c; name = error.c; path = ../error.c; sourceTree = "<group>"; };
		4EB9457F096C827400C33F85 /* error.h */ = {isa = PBXFileReference; fileEncoding = 30; lastKnownFileType = sourcecode.c.h; name = error.h; path = ../error.h; sourceTree = "<group>"; };
		4EB94587096C828100C33F85 /* m68kd.c */ = {isa = PBXFileReference; fileEncoding = 30; lastKnownFileType = sourcecode.c.c; name = m68kd.c; path = ../m68kd.c; sourceTree = "<group>"; };
		4EB9458E096C829300C33F85 /* memory.c */ = {isa = PBXFileReference; fileEncoding = 30; lastKnownFileType = sourcecode.c.c; name = memory.c; path = ../memory.c; sourceTree = "<group>"; };
		4EB9458F096C829300C33F85 /* memory.h */ = {isa = PBXFileReference; fileEncoding = 30; lastKnownFileType = sourcecode.c.h; name = memory.h; path = ../memory.h; sourceTree = "<group>"; };
		4EB94590096C829300C33F85 /* peripheral.c */ = {isa = PBXFileReference; fileEncoding = 30; lastKnownFileType = sourcecode.c.c; name = peripheral.c; path = ../peripheral.c; sourceTree = "<group>"; };
		4EB94591096C829300C33F85 /* peripheral.h */ = {isa = PBXFileReference; fileEncoding = 30; lastKnownFileType = sourcecode.c.h; name = peripheral.h; path = ../peripheral.h; sourceTree = "<group>"; };
		4EB94592096C829300C33F85 /* persdl.c */ = {isa = PBXFileReference; fileEncoding = 30; lastKnownFileType = sourcecode.c.c; name = persdl.c; path = ../persdl.c; sourceTree = "<group>"; };
		4EB94593096C829300C33F85 /* persdl.h */ = {isa = PBXFileReference; fileEncoding = 30; lastKnownFileType = sourcecode.c.h; name = persdl.h; path = ../persdl.h; sourceTree = "<group>"; };
		4EB94594096C829300C33F85 /* profile.c */ = {isa = PBXFileReference; fileEncoding = 30; lastKnownFileType = sourcecode.c.c; name = profile.c; path = ../profile.c; sourceTree = "<group>"; };
		4EB94595096C829300C33F85 /* profile.h */ = {isa = PBXFileReference; fileEncoding = 30; lastKnownFileType = sourcecode.c.h; name = profile.h; path = ../profile.h; sourceTree = "<group>"; };
		4EB94596096C829300C33F85 /* scsp.c */ = {isa = PBXFileReference; fileEncoding = 30; lastKnownFileType = sourcecode.c.c; name = scsp.c; path = ../scsp.c; sourceTree = "<group>"; };
		4EB94597096C829300C33F85 /* scsp.h */ = {isa = PBXFileReference; fileEncoding = 30; lastKnownFileType = sourcecode.c.h; name = scsp.h; path = ../scsp.h; sourceTree = "<group>"; };
		4EB94598096C829300C33F85 /* scu.c */ = {isa = PBXFileReference; fileEncoding = 30; lastKnownFileType = sourcecode.c.c; name = scu.c; path = ../scu.c; sourceTree = "<group>"; };
		4EB94599096C829300C33F85 /* scu.h */ = {isa = PBXFileReference; fileEncoding = 30; lastKnownFileType = sourcecode.c.h; name = scu.h; path = ../scu.h; sourceTree = "<group>"; };
		4EB9459A096C829300C33F85 /* sh2core.c */ = {isa = PBXFileReference; fileEncoding = 30; lastKnownFileType = sourcecode.c.c; name = sh2core.c; path = ../sh2core.c; sourceTree = "<group>"; };
		4EB9459B096C829300C33F85 /* sh2core.h */ = {isa = PBXFileReference; fileEncoding = 30; lastKnownFileType = sourcecode.c.h; name = sh2core.h; path = ../sh2core.h; sourceTree = "<group>"; };
		4EB9459C096C829300C33F85 /* sh2d.c */ = {isa = PBXFileReference; fileEncoding = 30; lastKnownFileType = sourcecode.c.c; name = sh2d.c; path = ../sh2d.c; sourceTree = "<group>"; };
		4EB9459D096C829300C33F85 /* sh2d.h */ = {isa = PBXFileReference; fileEncoding = 30; lastKnownFileType = sourcecode.c.h; name = sh2d.h; path = ../sh2d.h; sourceTree = "<group>"; };
		4EB9459E096C829300C33F85 /* sh2idle.c */ = {isa = PBXFileReference; fileEncoding = 30; lastKnownFileType = sourcecode.c.c; name = sh2idle.c; path = ../sh2idle.c; sourceTree = "<group>"; };
		4EB9459F096C829300C33F85 /* sh2idle.h */ = {isa = PBXFileReference; fileEncoding = 30; lastKnownFileType = sourcecode.c.h; name = sh2idle.h; path = ../sh2idle.h; sourceTree = "<group>"; };
		4EB945A0096C829300C33F85 /* sh2int.c */ = {isa = PBXFileReference; fileEncoding = 30; lastKnownFileType = sourcecode.c.c; name = sh2int.c; path = ../sh2int.c; sourceTree = "<group>"; };
		4EB945A1096C829300C33F85 /* sh2int.h */ = {isa = PBXFileReference; fileEncoding = 30; lastKnownFileType = sourcecode.c.h; name = sh2int.h; path = ../sh2int.h; sourceTree = "<group>"; };
		4EB945A2096C829300C33F85 /* smpc.c */ = {isa = PBXFileReference; fileEncoding = 30; lastKnownFileType = sourcecode.c.c; name = smpc.c; path = ../smpc.c; sourceTree = "<group>"; };
		4EB945A3096C829300C33F85 /* smpc.h */ = {isa = PBXFileReference; fileEncoding = 30; lastKnownFileType = sourcecode.c.h; name = smpc.h; path = ../smpc.h; sourceTree = "<group>"; };
		4EB945A4096C829300C33F85 /* sndsdl.c */ = {isa = PBXFileReference; fileEncoding = 30; lastKnownFileType = sourcecode.c.c; name = sndsdl.c; path = ../sndsdl.c; sourceTree = "<group>"; };
		4EB945A5096C829300C33F85 /* sndsdl.h */ = {isa = PBXFileReference; fileEncoding = 30; lastKnownFileType = sourcecode.c.h; name = sndsdl.h; path = ../sndsdl.h; sourceTree = "<group>"; };
		4EB945A6096C829300C33F85 /* vdp1.c */ = {isa = PBXFileReference; fileEncoding = 30; lastKnownFileType = sourcecode.c.c; name = vdp1.c; path = ../vdp1.c; sourceTree = "<group>"; };
		4EB945A7096C829300C33F85 /* vdp1.h */ = {isa = PBXFileReference; fileEncoding = 30; lastKnownFileType = sourcecode.c.h; name = vdp1.h; path = ../vdp1.h; sourceTree = "<group>"; };
		4EB945A8096C829300C33F85 /* vdp2.c */ = {isa = PBXFileReference; fileEncoding = 30; lastKnownFileType = sourcecode.c.c; name = vdp2.c; path = ../vdp2.c; sourceTree = "<group>"; };
		4EB945A9096C829300C33F85 /* vdp2.h */ = {isa = PBXFileReference; fileEncoding = 30; lastKnownFileType = sourcecode.c.h; name = vdp2.h; path = ../vdp2.h; sourceTree = "<group>"; };
		4EB945AA096C829300C33F85 /* vidsdlgl.c */ = {isa = PBXFileReference; fileEncoding = 30; lastKnownFileType = sourcecode.c.c; name = vidsdlgl.c; path = ../vidsdlgl.c; sourceTree = "<group>"; };
		4EB945AB096C829300C33F85 /* vidsdlgl.h */ = {isa = PBXFileReference; fileEncoding = 30; lastKnownFileType = sourcecode.c.h; name = vidsdlgl.h; path = ../vidsdlgl.h; sourceTree = "<group>"; };
		4EB945AC096C829300C33F85 /* vidsdlsoft.c */ = {isa = PBXFileReference; fileEncoding = 30; lastKnownFileType = sourcecode.c.c; name = vidsdlsoft.c; path = ../vidsdlsoft.c; sourceTree = "<group>"; };
		4EB945AD096C829300C33F85 /* vidsdlsoft.h */ = {isa = PBXFileReference; fileEncoding = 30; lastKnownFileType = sourcecode.c.h; name = vidsdlsoft.h; path = ../vidsdlsoft.h; sourceTree = "<group>"; };
		4EB945F7096C83B600C33F85 /* yui.c */ = {isa = PBXFileReference; fileEncoding = 30; lastKnownFileType = sourcecode.c.c; path = yui.c; sourceTree = "<group>"; };
		4EB945F8096C83B600C33F85 /* yui.h */ = {isa = PBXFileReference; fileEncoding = 30; lastKnownFileType = sourcecode.c.h; path = yui.h; sourceTree = "<group>"; };
		4EBA3923096DCF4900A0E0F1 /* IOKit.framework */ = {isa = PBXFileReference; lastKnownFileType = wrapper.framework; name = IOKit.framework; path = /System/Library/Frameworks/IOKit.framework; sourceTree = "<absolute>"; };
		4EBA3927096DCF6900A0E0F1 /* OpenGL.framework */ = {isa = PBXFileReference; lastKnownFileType = wrapper.framework; name = OpenGL.framework; path = /System/Library/Frameworks/OpenGL.framework; sourceTree = "<absolute>"; };
		4EBA395B096DD2CE00A0E0F1 /* c68k.h */ = {isa = PBXFileReference; fileEncoding = 30; lastKnownFileType = sourcecode.c.h; name = c68k.h; path = ../c68k/c68k.h; sourceTree = "<group>"; };
		4EBA39D2096DD81900A0E0F1 /* c68k.c */ = {isa = PBXFileReference; fileEncoding = 30; lastKnownFileType = sourcecode.c.c; name = c68k.c; path = ../c68k/c68k.c; sourceTree = "<group>"; };
		4EBFF8230976F7D000B9BD7A /* AGL.framework */ = {isa = PBXFileReference; lastKnownFileType = wrapper.framework; name = AGL.framework; path = /System/Library/Frameworks/AGL.framework; sourceTree = "<absolute>"; };
		4EBFF8270976F7EC00B9BD7A /* GLUT.framework */ = {isa = PBXFileReference; lastKnownFileType = wrapper.framework; name = GLUT.framework; path = /System/Library/Frameworks/GLUT.framework; sourceTree = "<absolute>"; };
		F71D58F709DA654D00FE749F /* gen68k.c */ = {isa = PBXFileReference; fileEncoding = 30; lastKnownFileType = sourcecode.c.c; name = gen68k.c; path = ../c68k/gen68k.c; sourceTree = SOURCE_ROOT; };
		F71D58F809DA654D00FE749F /* gen68k.h */ = {isa = PBXFileReference; fileEncoding = 30; lastKnownFileType = sourcecode.c.h; name = gen68k.h; path = ../c68k/gen68k.h; sourceTree = SOURCE_ROOT; };
		F71D58F909DA654D00FE749F /* gen68k.inc */ = {isa = PBXFileReference; fileEncoding = 30; lastKnownFileType = sourcecode.pascal; name = gen68k.inc; path = ../c68k/gen68k.inc; sourceTree = SOURCE_ROOT; };
		F71D590109DA660100FE749F /* gen68k */ = {isa = PBXFileReference; explicitFileType = "compiled.mach-o.executable"; includeInIndex = 0; path = gen68k; sourceTree = BUILT_PRODUCTS_DIR; };
		F7235ED909E0869B007AD8B4 /* SDL.framework */ = {isa = PBXFileReference; lastKnownFileType = wrapper.framework; name = SDL.framework; path = /Library/Frameworks/SDL.framework; sourceTree = "<absolute>"; };
		F73B633709E05A020095A719 /* DiscRecording.framework */ = {isa = PBXFileReference; lastKnownFileType = wrapper.framework; name = DiscRecording.framework; path = /System/Library/Frameworks/DiscRecording.framework; sourceTree = "<absolute>"; };
		F781484D09D72E3E00DE7EE1 /* Info.plist */ = {isa = PBXFileReference; lastKnownFileType = text.xml; path = Info.plist; sourceTree = "<group>"; };
		F781484E09D72E3E00DE7EE1 /* Yabause.app */ = {isa = PBXFileReference; explicitFileType = wrapper.application; includeInIndex = 0; path = Yabause.app; sourceTree = BUILT_PRODUCTS_DIR; };
		F781485209D72E5200DE7EE1 /* c68kexec.c */ = {isa = PBXFileReference; fileEncoding = 30; lastKnownFileType = sourcecode.c.c; name = c68kexec.c; path = ../c68k/c68kexec.c; sourceTree = SOURCE_ROOT; };
		F799E96E09DC88DC00B6725A /* CDDrivesManager.h */ = {isa = PBXFileReference; fileEncoding = 4; lastKnownFileType = sourcecode.c.h; path = CDDrivesManager.h; sourceTree = "<group>"; };
		F799E96F09DC88DC00B6725A /* CDDrivesManager.m */ = {isa = PBXFileReference; fileEncoding = 4; lastKnownFileType = sourcecode.c.objc; path = CDDrivesManager.m; sourceTree = "<group>"; };
		F7C3AC1609DAB0F500D79071 /* main.m */ = {isa = PBXFileReference; fileEncoding = 4; lastKnownFileType = sourcecode.c.objc; path = main.m; sourceTree = "<group>"; };
		F7C3AC8D09DABEF600D79071 /* Controller.h */ = {isa = PBXFileReference; fileEncoding = 4; lastKnownFileType = sourcecode.c.h; path = Controller.h; sourceTree = "<group>"; };
		F7C3AC8E09DABEF600D79071 /* Controller.m */ = {isa = PBXFileReference; fileEncoding = 4; lastKnownFileType = sourcecode.c.objc; path = Controller.m; sourceTree = "<group>"; };
		F7C3AC9209DABF2E00D79071 /* English */ = {isa = PBXFileReference; lastKnownFileType = wrapper.nib; name = English; path = English.lproj/MainMenu.nib; sourceTree = "<group>"; };
/* End PBXFileReference section */

/* Begin PBXFrameworksBuildPhase section */
		F71D58FF09DA660100FE749F /* Frameworks */ = {
			isa = PBXFrameworksBuildPhase;
			buildActionMask = 2147483647;
			files = (
			);
			runOnlyForDeploymentPostprocessing = 0;
		};
		F781483D09D72E3D00DE7EE1 /* Frameworks */ = {
			isa = PBXFrameworksBuildPhase;
			buildActionMask = 2147483647;
			files = (
				F781483E09D72E3D00DE7EE1 /* AppKit.framework in Frameworks */,
				F781483F09D72E3D00DE7EE1 /* Foundation.framework in Frameworks */,
				F781484009D72E3D00DE7EE1 /* OpenGL.framework in Frameworks */,
				F781484109D72E3D00DE7EE1 /* Cocoa.framework in Frameworks */,
				F781484209D72E3D00DE7EE1 /* IOKit.framework in Frameworks */,
				F781484309D72E3D00DE7EE1 /* AudioToolbox.framework in Frameworks */,
				F781484409D72E3D00DE7EE1 /* AudioUnit.framework in Frameworks */,
				F781484509D72E3D00DE7EE1 /* AGL.framework in Frameworks */,
				F781484609D72E3D00DE7EE1 /* GLUT.framework in Frameworks */,
				F73B633809E05A020095A719 /* DiscRecording.framework in Frameworks */,
				F7235EDA09E0869B007AD8B4 /* SDL.framework in Frameworks */,
			);
			runOnlyForDeploymentPostprocessing = 0;
		};
/* End PBXFrameworksBuildPhase section */

/* Begin PBXGroup section */
		080E96DDFE201D6D7F000001 /* Classes */ = {
			isa = PBXGroup;
			children = (
				F799E96E09DC88DC00B6725A /* CDDrivesManager.h */,
				F799E96F09DC88DC00B6725A /* CDDrivesManager.m */,
				F7C3AC8D09DABEF600D79071 /* Controller.h */,
				F7C3AC8E09DABEF600D79071 /* Controller.m */,
				F7C3AC1609DAB0F500D79071 /* main.m */,
			);
			name = Classes;
			sourceTree = "<group>";
		};
		1058C7A0FEA54F0111CA2CBB /* Linked Frameworks */ = {
			isa = PBXGroup;
			children = (
				F7235ED909E0869B007AD8B4 /* SDL.framework */,
				F73B633709E05A020095A719 /* DiscRecording.framework */,
				4EBFF8230976F7D000B9BD7A /* AGL.framework */,
				4EBFF8270976F7EC00B9BD7A /* GLUT.framework */,
				4E62EFE90970192500EEB0F4 /* AudioToolbox.framework */,
				4E62EFEA0970192500EEB0F4 /* AudioUnit.framework */,
				1058C7A1FEA54F0111CA2CBB /* Cocoa.framework */,
				4EBA3927096DCF6900A0E0F1 /* OpenGL.framework */,
				4EBA3923096DCF4900A0E0F1 /* IOKit.framework */,
			);
			name = "Linked Frameworks";
			sourceTree = "<group>";
		};
		1058C7A2FEA54F0111CA2CBB /* Other Frameworks */ = {
			isa = PBXGroup;
			children = (
				29B97325FDCFA39411CA2CEA /* Foundation.framework */,
				29B97324FDCFA39411CA2CEA /* AppKit.framework */,
			);
			name = "Other Frameworks";
			sourceTree = "<group>";
		};
		19C28FACFE9D520D11CA2CBB /* Products */ = {
			isa = PBXGroup;
			children = (
				F781484E09D72E3E00DE7EE1 /* Yabause.app */,
				F71D590109DA660100FE749F /* gen68k */,
			);
			name = Products;
			sourceTree = "<group>";
		};
		29B97314FDCFA39411CA2CEA /* Yabausemac */ = {
			isa = PBXGroup;
			children = (
				F7C3AC6109DAB1AD00D79071 /* Mac OS X Dependent */,
				29B97315FDCFA39411CA2CEA /* Other Sources */,
				F71D58F409DA64F200FE749F /* Gen68K */,
				29B97317FDCFA39411CA2CEA /* Resources */,
				29B97323FDCFA39411CA2CEA /* Frameworks */,
				19C28FACFE9D520D11CA2CBB /* Products */,
			);
			name = Yabausemac;
			sourceTree = "<group>";
		};
		29B97315FDCFA39411CA2CEA /* Other Sources */ = {
			isa = PBXGroup;
			children = (
				F781485209D72E5200DE7EE1 /* c68kexec.c */,
				4E62EF54097017EE00EEB0F4 /* types.h */,
				4EBA39D2096DD81900A0E0F1 /* c68k.c */,
				4EBA395B096DD2CE00A0E0F1 /* c68k.h */,
				4EB9458F096C829300C33F85 /* memory.h */,
				4EB94590096C829300C33F85 /* peripheral.c */,
				4EB94591096C829300C33F85 /* peripheral.h */,
				4EB94592096C829300C33F85 /* persdl.c */,
				4EB94593096C829300C33F85 /* persdl.h */,
				4EB94594096C829300C33F85 /* profile.c */,
				4EB94595096C829300C33F85 /* profile.h */,
				4EB94596096C829300C33F85 /* scsp.c */,
				4EB94597096C829300C33F85 /* scsp.h */,
				4EB94598096C829300C33F85 /* scu.c */,
				4E62EED8097010BE00EEB0F4 /* c68kmac.inc */,
				4EB94599096C829300C33F85 /* scu.h */,
				4EB9459A096C829300C33F85 /* sh2core.c */,
				4EB9459B096C829300C33F85 /* sh2core.h */,
				4EB9459C096C829300C33F85 /* sh2d.c */,
				4EB9459D096C829300C33F85 /* sh2d.h */,
				4EB9459E096C829300C33F85 /* sh2idle.c */,
				4EB9459F096C829300C33F85 /* sh2idle.h */,
				4EB945A0096C829300C33F85 /* sh2int.c */,
				4EB945A1096C829300C33F85 /* sh2int.h */,
				4EB945A2096C829300C33F85 /* smpc.c */,
				4EB945A3096C829300C33F85 /* smpc.h */,
				4EB945A4096C829300C33F85 /* sndsdl.c */,
				4EB945A5096C829300C33F85 /* sndsdl.h */,
				4EB945A6096C829300C33F85 /* vdp1.c */,
				4EB945A7096C829300C33F85 /* vdp1.h */,
				4EB945A8096C829300C33F85 /* vdp2.c */,
				4EB945A9096C829300C33F85 /* vdp2.h */,
				4EB945AA096C829300C33F85 /* vidsdlgl.c */,
				4EB945AB096C829300C33F85 /* vidsdlgl.h */,
				4EB945AC096C829300C33F85 /* vidsdlsoft.c */,
				4EB945AD096C829300C33F85 /* vidsdlsoft.h */,
				4EB94587096C828100C33F85 /* m68kd.c */,
				4EB9457E096C827400C33F85 /* error.c */,
				4EB9457F096C827400C33F85 /* error.h */,
				4EB94566096C826800C33F85 /* cdbase.c */,
				4EB94567096C826800C33F85 /* cdbase.h */,
				4EB94568096C826800C33F85 /* core.h */,
				4EB94569096C826800C33F85 /* cs0.c */,
				4EB9456A096C826800C33F85 /* cs0.h */,
				4EB9456B096C826800C33F85 /* cs1.c */,
				4EB9456C096C826800C33F85 /* cs1.h */,
				4EB9456D096C826800C33F85 /* cs2.c */,
				4EB9456E096C826800C33F85 /* cs2.h */,
				4EB9456F096C826800C33F85 /* debug.c */,
				4EB94570096C826800C33F85 /* debug.h */,
				4EB9455C096C824A00C33F85 /* yabause.c */,
				4EB9455D096C824A00C33F85 /* yabause.h */,
				4EB9455E096C824A00C33F85 /* ygl.c */,
				4EB9455F096C824A00C33F85 /* ygl.h */,
				4EB9458E096C829300C33F85 /* memory.c */,
			);
			name = "Other Sources";
			sourceTree = "<group>";
		};
		29B97317FDCFA39411CA2CEA /* Resources */ = {
			isa = PBXGroup;
			children = (
				F7C3AC9109DABF2E00D79071 /* MainMenu.nib */,
				F781484D09D72E3E00DE7EE1 /* Info.plist */,
				4E630A8609785DC90052AB91 /* yabause.icns */,
				089C165CFE840E0CC02AAC07 /* InfoPlist.strings */,
			);
			name = Resources;
			sourceTree = "<group>";
		};
		29B97323FDCFA39411CA2CEA /* Frameworks */ = {
			isa = PBXGroup;
			children = (
				1058C7A0FEA54F0111CA2CBB /* Linked Frameworks */,
				1058C7A2FEA54F0111CA2CBB /* Other Frameworks */,
			);
			name = Frameworks;
			sourceTree = "<group>";
		};
		F71D58F409DA64F200FE749F /* Gen68K */ = {
			isa = PBXGroup;
			children = (
				F71D58F709DA654D00FE749F /* gen68k.c */,
				F71D58F809DA654D00FE749F /* gen68k.h */,
				F71D58F909DA654D00FE749F /* gen68k.inc */,
			);
			name = Gen68K;
			sourceTree = "<group>";
		};
		F7C3AC6109DAB1AD00D79071 /* Mac OS X Dependent */ = {
			isa = PBXGroup;
			children = (
				080E96DDFE201D6D7F000001 /* Classes */,
				4EB945F7096C83B600C33F85 /* yui.c */,
				4EB945F8096C83B600C33F85 /* yui.h */,
				4E7E6F5F0986B8BE00E72DF5 /* cd.h */,
				4E62EF2E097015C200EEB0F4 /* cd.c */,
			);
			name = "Mac OS X Dependent";
			sourceTree = "<group>";
		};
/* End PBXGroup section */

/* Begin PBXNativeTarget section */
		F71D590009DA660100FE749F /* gen68k */ = {
			isa = PBXNativeTarget;
			buildConfigurationList = F71D591609DA660300FE749F /* Build configuration list for PBXNativeTarget "gen68k" */;
			buildPhases = (
				F71D58FE09DA660100FE749F /* Sources */,
				F71D58FF09DA660100FE749F /* Frameworks */,
			);
			buildRules = (
			);
			buildSettings = {
				GCC_ENABLE_FIX_AND_CONTINUE = YES;
				GCC_MODEL_TUNING = G5;
				INSTALL_PATH = "$(HOME)/bin";
				PREBINDING = NO;
				PRODUCT_NAME = gen68k;
				ZERO_LINK = YES;
			};
			dependencies = (
			);
			name = gen68k;
			productName = gen68k;
			productReference = F71D590109DA660100FE749F /* gen68k */;
			productType = "com.apple.product-type.tool";
		};
		F781481409D72E3D00DE7EE1 /* Yabause */ = {
			isa = PBXNativeTarget;
			buildConfigurationList = F781484909D72E3D00DE7EE1 /* Build configuration list for PBXNativeTarget "Yabause" */;
			buildPhases = (
				F71D58FC09DA65D000FE749F /* ShellScript */,
				F781481509D72E3D00DE7EE1 /* Resources */,
				F781481E09D72E3D00DE7EE1 /* Sources */,
				F781483D09D72E3D00DE7EE1 /* Frameworks */,
			);
			buildRules = (
			);
			buildSettings = {
				DEBUGGING_SYMBOLS = NO;
				FRAMEWORK_SEARCH_PATHS = (
					/Library/Frameworks,
					/Users/jeromevernet/Desktop/Download/yabause.1/Yabausemac,
				);
				HEADER_SEARCH_PATHS = "\"/Library/Frameworks/SDL.framework/Headers\"";
				INSTALL_PATH = "$(HOME)/Applications";
				LIBRARY_SEARCH_PATHS = "";
				OPTIMIZATION_CFLAGS = "-O1";
				OTHER_CFLAGS = "-DWORDS_BIGENDIAN=1";
				OTHER_LDFLAGS = (
					"-L/sw/lib",
					/sw/lib/libSDLmain.a,
					/sw/lib/libSDL.a,
					"-framework",
					OpenGL,
					"-framework",
					AGL,
					"-framework",
					IOKit,
					"-framework",
					AudioToolbox,
					"-framework",
					AudioUnit,
					"-lstdc++",
					"-framework",
					Cocoa,
					"-framework",
					Carbon,
					"-framework",
					QuickTime,
					"-framework",
					IOKit,
					"-framework",
					CoreFoundation,
					"-framework",
					GLUT,
				);
				PREBINDING = NO;
				PRODUCT_NAME = Yabausemac;
				SECTORDER_FLAGS = "";
				WARNING_CFLAGS = (
					"-Wmost",
					"-Wno-four-char-constants",
					"-Wno-unknown-pragmas",
				);
				WRAPPER_EXTENSION = app;
			};
			dependencies = (
				F71D591C09DA664A00FE749F /* PBXTargetDependency */,
			);
			name = Yabause;
			productInstallPath = "$(HOME)/Applications";
			productName = Yabausemac;
			productReference = F781484E09D72E3E00DE7EE1 /* Yabause.app */;
			productType = "com.apple.product-type.application";
		};
/* End PBXNativeTarget section */

/* Begin PBXProject section */
		29B97313FDCFA39411CA2CEA /* Project object */ = {
			isa = PBXProject;
			buildConfigurationList = 4EBFF81F0976F79C00B9BD7A /* Build configuration list for PBXProject "Yabausemac" */;
			buildSettings = {
			};
			buildStyles = (
				4A9504CCFFE6A4B311CA0CBA /* Development */,
				4A9504CDFFE6A4B311CA0CBA /* Deployment */,
			);
			hasScannedForEncodings = 1;
			mainGroup = 29B97314FDCFA39411CA2CEA /* Yabausemac */;
			projectDirPath = "";
			targets = (
				F781481409D72E3D00DE7EE1 /* Yabause */,
				F71D590009DA660100FE749F /* gen68k */,
			);
		};
/* End PBXProject section */

/* Begin PBXResourcesBuildPhase section */
		F781481509D72E3D00DE7EE1 /* Resources */ = {
			isa = PBXResourcesBuildPhase;
			buildActionMask = 2147483647;
			files = (
				F781481709D72E3D00DE7EE1 /* InfoPlist.strings in Resources */,
				F781481D09D72E3D00DE7EE1 /* yabause.icns in Resources */,
				F7C3AC9309DABF2E00D79071 /* MainMenu.nib in Resources */,
			);
			runOnlyForDeploymentPostprocessing = 0;
		};
/* End PBXResourcesBuildPhase section */

/* Begin PBXShellScriptBuildPhase section */
		F71D58FC09DA65D000FE749F /* ShellScript */ = {
			isa = PBXShellScriptBuildPhase;
			buildActionMask = 12;
			files = (
			);
			inputPaths = (
				$BUILT_PRODUCTS_DIR/gen68k,
			);
			outputPaths = (
				$PROJECT_DIR/../c68k/c68k_ini.inc,
			);
			runOnlyForDeploymentPostprocessing = 0;
			shellPath = /bin/sh;
			shellScript = "cd \"$PROJECT_DIR/../c68k/\"\n\"$BUILT_PRODUCTS_DIR/gen68k\"";
		};
/* End PBXShellScriptBuildPhase section */

/* Begin PBXSourcesBuildPhase section */
		F71D58FE09DA660100FE749F /* Sources */ = {
			isa = PBXSourcesBuildPhase;
			buildActionMask = 2147483647;
			files = (
				F71D591A09DA662F00FE749F /* gen68k.c in Sources */,
			);
			runOnlyForDeploymentPostprocessing = 0;
		};
		F781481E09D72E3D00DE7EE1 /* Sources */ = {
			isa = PBXSourcesBuildPhase;
			buildActionMask = 2147483647;
			files = (
				F7C3AC6009DAB1A500D79071 /* yui.c in Sources */,
				F7C3AB7209DAA29700D79071 /* ygl.c in Sources */,
				F781481F09D72E3D00DE7EE1 /* yabause.c in Sources */,
				F781482109D72E3D00DE7EE1 /* cdbase.c in Sources */,
				F781482209D72E3D00DE7EE1 /* cs0.c in Sources */,
				F781482309D72E3D00DE7EE1 /* cs1.c in Sources */,
				F781482409D72E3D00DE7EE1 /* cs2.c in Sources */,
				F781482509D72E3D00DE7EE1 /* debug.c in Sources */,
				F781482609D72E3D00DE7EE1 /* error.c in Sources */,
				F781482709D72E3D00DE7EE1 /* m68kd.c in Sources */,
				F781482809D72E3D00DE7EE1 /* memory.c in Sources */,
				F781482909D72E3D00DE7EE1 /* peripheral.c in Sources */,
				F781482A09D72E3D00DE7EE1 /* persdl.c in Sources */,
				F781482B09D72E3D00DE7EE1 /* profile.c in Sources */,
				F781482C09D72E3D00DE7EE1 /* scsp.c in Sources */,
				F781482D09D72E3D00DE7EE1 /* scu.c in Sources */,
				F781482E09D72E3D00DE7EE1 /* sh2core.c in Sources */,
				F781482F09D72E3D00DE7EE1 /* sh2d.c in Sources */,
				F781483009D72E3D00DE7EE1 /* sh2idle.c in Sources */,
				F781483109D72E3D00DE7EE1 /* sh2int.c in Sources */,
				F781483209D72E3D00DE7EE1 /* smpc.c in Sources */,
				F781483309D72E3D00DE7EE1 /* sndsdl.c in Sources */,
				F781483409D72E3D00DE7EE1 /* vdp1.c in Sources */,
				F781483509D72E3D00DE7EE1 /* vdp2.c in Sources */,
				F781483609D72E3D00DE7EE1 /* vidsdlgl.c in Sources */,
				F781483709D72E3D00DE7EE1 /* vidsdlsoft.c in Sources */,
				F781483909D72E3D00DE7EE1 /* c68k.c in Sources */,
				F781483A09D72E3D00DE7EE1 /* cd.c in Sources */,
				F781485309D72E5200DE7EE1 /* c68kexec.c in Sources */,
				F7C3AC1709DAB0F500D79071 /* main.m in Sources */,
				F7C3AC8F09DABEF600D79071 /* Controller.m in Sources */,
				F799E97009DC88DC00B6725A /* CDDrivesManager.m in Sources */,
			);
			runOnlyForDeploymentPostprocessing = 0;
		};
/* End PBXSourcesBuildPhase section */

/* Begin PBXTargetDependency section */
		F71D591C09DA664A00FE749F /* PBXTargetDependency */ = {
			isa = PBXTargetDependency;
			target = F71D590009DA660100FE749F /* gen68k */;
			targetProxy = F71D591B09DA664A00FE749F /* PBXContainerItemProxy */;
		};
/* End PBXTargetDependency section */

/* Begin PBXVariantGroup section */
		089C165CFE840E0CC02AAC07 /* InfoPlist.strings */ = {
			isa = PBXVariantGroup;
			children = (
				089C165DFE840E0CC02AAC07 /* English */,
			);
			name = InfoPlist.strings;
			sourceTree = "<group>";
		};
		F7C3AC9109DABF2E00D79071 /* MainMenu.nib */ = {
			isa = PBXVariantGroup;
			children = (
				F7C3AC9209DABF2E00D79071 /* English */,
			);
			name = MainMenu.nib;
			sourceTree = "<group>";
		};
/* End PBXVariantGroup section */

/* Begin XCBuildConfiguration section */
		4EBFF8200976F79C00B9BD7A /* Development */ = {
			isa = XCBuildConfiguration;
			buildSettings = {
				BUILD_VARIANTS = normal;
				CURRENT_PROJECT_VERSION = 0.6.0;
				MACH_O_TYPE = mh_execute;
				MACOSX_DEPLOYMENT_TARGET = 10.3;
				PRODUCT_NAME = Yabause;
				SDKROOT = /Developer/SDKs/MacOSX10.3.9.sdk;
			};
			name = Development;
		};
		F71D591709DA660300FE749F /* Development */ = {
			isa = XCBuildConfiguration;
			buildSettings = {
				COPY_PHASE_STRIP = NO;
				GCC_DYNAMIC_NO_PIC = NO;
				GCC_ENABLE_FIX_AND_CONTINUE = YES;
				GCC_GENERATE_DEBUGGING_SYMBOLS = YES;
				GCC_MODEL_TUNING = G5;
				GCC_OPTIMIZATION_LEVEL = 0;
				GCC_PREPROCESSOR_DEFINITIONS = "WORDS_BIGENDIAN=1";
				INSTALL_PATH = "$(HOME)/bin";
				OTHER_CFLAGS = "-DC68K_GEN";
				PREBINDING = NO;
				PRODUCT_NAME = gen68k;
				ZERO_LINK = NO;
			};
			name = Development;
		};
		F7235EB109E085A9007AD8B4 /* Deployment */ = {
			isa = XCBuildConfiguration;
			buildSettings = {
				COPY_PHASE_STRIP = NO;
				GCC_DYNAMIC_NO_PIC = NO;
				GCC_ENABLE_FIX_AND_CONTINUE = YES;
				GCC_GENERATE_DEBUGGING_SYMBOLS = YES;
				GCC_MODEL_TUNING = G5;
				GCC_OPTIMIZATION_LEVEL = 0;
				GCC_PREPROCESSOR_DEFINITIONS = "WORDS_BIGENDIAN=1";
				INSTALL_PATH = "$(HOME)/bin";
				OTHER_CFLAGS = "-DC68K_GEN";
				PREBINDING = NO;
				PRODUCT_NAME = gen68k;
				ZERO_LINK = NO;
			};
			name = Deployment;
		};
		F7235EB209E085A9007AD8B4 /* Deployment */ = {
			isa = XCBuildConfiguration;
			buildSettings = {
				COPY_PHASE_STRIP = YES;
				FRAMEWORK_SEARCH_PATHS = /Library/Frameworks;
				GCC_AUTO_VECTORIZATION = YES;
				GCC_DYNAMIC_NO_PIC = YES;
				GCC_ENABLE_FIX_AND_CONTINUE = NO;
				GCC_GENERATE_DEBUGGING_SYMBOLS = NO;
				GCC_PREPROCESSOR_DEFINITIONS = (
					"WORDS_BIGENDIAN=1",
					"VERSION=\"0.6\"",
				);
				HEADER_SEARCH_PATHS = /Library/Frameworks/SDL.framework/Headers/;
				INFOPLIST_FILE = Info.plist;
				INSTALL_PATH = "$(HOME)/Applications";
				OTHER_CFLAGS = "-DNO_CLI";
				OTHER_LDFLAGS = (
					"-framework",
					SDL,
					"-framework",
					OpenGL,
					"-framework",
					AGL,
					"-framework",
					IOKit,
					"-framework",
					AudioToolbox,
					"-framework",
					AudioUnit,
					"-lstdc++",
					"-framework",
					Cocoa,
					"-framework",
					Carbon,
					"-framework",
					QuickTime,
					"-framework",
					IOKit,
					"-framework",
					CoreFoundation,
					"-framework",
					GLUT,
				);
				PREBINDING = NO;
				PRODUCT_NAME = Yabause;
				WRAPPER_EXTENSION = app;
				ZERO_LINK = NO;
			};
			name = Deployment;
		};
		F7235EB309E085A9007AD8B4 /* Deployment */ = {
			isa = XCBuildConfiguration;
			buildSettings = {
				BUILD_VARIANTS = normal;
				CURRENT_PROJECT_VERSION = 0.6.0;
				MACH_O_TYPE = mh_execute;
				MACOSX_DEPLOYMENT_TARGET = 10.3;
				PRODUCT_NAME = Yabause;
				SDKROOT = /Developer/SDKs/MacOSX10.3.9.sdk;
			};
			name = Deployment;
		};
		F781484A09D72E3D00DE7EE1 /* Development */ = {
			isa = XCBuildConfiguration;
			buildSettings = {
				COPY_PHASE_STRIP = NO;
				FRAMEWORK_SEARCH_PATHS = /Library/Frameworks;
				GCC_AUTO_VECTORIZATION = YES;
				GCC_ENABLE_FIX_AND_CONTINUE = YES;
				GCC_GENERATE_DEBUGGING_SYMBOLS = YES;
				GCC_PREPROCESSOR_DEFINITIONS = (
					"WORDS_BIGENDIAN=1",
					"VERSION=\"0.6\"",
				);
				HEADER_SEARCH_PATHS = /Library/Frameworks/SDL.framework/Headers/;
				INFOPLIST_FILE = Info.plist;
				INSTALL_PATH = "$(HOME)/Applications";
				OTHER_CFLAGS = "-DNO_CLI";
				OTHER_LDFLAGS = (
					"-framework",
					SDL,
					"-framework",
					OpenGL,
					"-framework",
					AGL,
					"-framework",
					IOKit,
					"-framework",
					AudioToolbox,
					"-framework",
					AudioUnit,
					"-lstdc++",
					"-framework",
					Cocoa,
					"-framework",
					Carbon,
					"-framework",
					QuickTime,
					"-framework",
					IOKit,
					"-framework",
					CoreFoundation,
					"-framework",
					GLUT,
				);
				PREBINDING = NO;
				PRODUCT_NAME = Yabause;
				WRAPPER_EXTENSION = app;
			};
			name = Development;
		};
/* End XCBuildConfiguration section */

/* Begin XCConfigurationList section */
		4EBFF81F0976F79C00B9BD7A /* Build configuration list for PBXProject "Yabausemac" */ = {
			isa = XCConfigurationList;
			buildConfigurations = (
				4EBFF8200976F79C00B9BD7A /* Development */,
				F7235EB309E085A9007AD8B4 /* Deployment */,
			);
			defaultConfigurationIsVisible = 0;
			defaultConfigurationName = Development;
		};
		F71D591609DA660300FE749F /* Build configuration list for PBXNativeTarget "gen68k" */ = {
			isa = XCConfigurationList;
			buildConfigurations = (
				F71D591709DA660300FE749F /* Development */,
				F7235EB109E085A9007AD8B4 /* Deployment */,
			);
			defaultConfigurationIsVisible = 0;
			defaultConfigurationName = Development;
		};
		F781484909D72E3D00DE7EE1 /* Build configuration list for PBXNativeTarget "Yabause" */ = {
			isa = XCConfigurationList;
			buildConfigurations = (
				F781484A09D72E3D00DE7EE1 /* Development */,
				F7235EB209E085A9007AD8B4 /* Deployment */,
			);
			defaultConfigurationIsVisible = 0;
			defaultConfigurationName = Development;
		};
/* End XCConfigurationList section */
	};
	rootObject = 29B97313FDCFA39411CA2CEA /* Project object */;
}
