// !$*UTF8*$!
{
	archiveVersion = 1;
	classes = {
	};
	objectVersion = 46;
	objects = {

/* Begin PBXBuildFile section */
		640323881C67575B00DA91D8 /* OpenAL.framework in Frameworks */ = {isa = PBXBuildFile; fileRef = 640323861C673BE200DA91D8 /* OpenAL.framework */; };
		64204ADE1D84878E002EA3F5 /* GameRevealViewController.m in Sources */ = {isa = PBXBuildFile; fileRef = 64204ADD1D84878E002EA3F5 /* GameRevealViewController.m */; };
		64204AE11D84A440002EA3F5 /* SidebarViewController.m in Sources */ = {isa = PBXBuildFile; fileRef = 64204AE01D84A440002EA3F5 /* SidebarViewController.m */; };
		64228ED71D88817300588323 /* GoogleMobileAds.framework in Frameworks */ = {isa = PBXBuildFile; fileRef = 64228ED61D88817300588323 /* GoogleMobileAds.framework */; };
		64228ED91D8882D200588323 /* SystemConfiguration.framework in Frameworks */ = {isa = PBXBuildFile; fileRef = 64228ED81D8882D200588323 /* SystemConfiguration.framework */; };
		64228EDF1D8883C400588323 /* MediaPlayer.framework in Frameworks */ = {isa = PBXBuildFile; fileRef = 64228EDE1D8883C400588323 /* MediaPlayer.framework */; };
		64228EE11D88840000588323 /* AdSupport.framework in Frameworks */ = {isa = PBXBuildFile; fileRef = 64228EE01D88840000588323 /* AdSupport.framework */; };
		64228EE31D88844000588323 /* EventKitUI.framework in Frameworks */ = {isa = PBXBuildFile; fileRef = 64228EE21D88844000588323 /* EventKitUI.framework */; };
		64228EE51D88845400588323 /* EventKit.framework in Frameworks */ = {isa = PBXBuildFile; fileRef = 64228EE41D88845400588323 /* EventKit.framework */; };
		64228EE91D8884D700588323 /* SafariServices.framework in Frameworks */ = {isa = PBXBuildFile; fileRef = 64228EE81D8884D700588323 /* SafariServices.framework */; };
		64228EEB1D88850B00588323 /* MessageUI.framework in Frameworks */ = {isa = PBXBuildFile; fileRef = 64228EEA1D88850B00588323 /* MessageUI.framework */; };
		64228EED1D8885F200588323 /* CoreBluetooth.framework in Frameworks */ = {isa = PBXBuildFile; fileRef = 64228EEC1D8885F200588323 /* CoreBluetooth.framework */; };
		64228EEF1D8885F800588323 /* CoreMotion.framework in Frameworks */ = {isa = PBXBuildFile; fileRef = 64228EEE1D8885F800588323 /* CoreMotion.framework */; };
		64228EF11D88864200588323 /* AudioToolbox.framework in Frameworks */ = {isa = PBXBuildFile; fileRef = 64228EF01D88864200588323 /* AudioToolbox.framework */; };
		64228EF31D88866300588323 /* CoreTelephony.framework in Frameworks */ = {isa = PBXBuildFile; fileRef = 64228EF21D88866300588323 /* CoreTelephony.framework */; };
		64228EF51D88868300588323 /* CoreGraphics.framework in Frameworks */ = {isa = PBXBuildFile; fileRef = 64228EF41D88868300588323 /* CoreGraphics.framework */; };
		64228EF71D8886AE00588323 /* MobileCoreServices.framework in Frameworks */ = {isa = PBXBuildFile; fileRef = 64228EF61D8886AE00588323 /* MobileCoreServices.framework */; };
		64228EF91D88900F00588323 /* apikey.plist in Resources */ = {isa = PBXBuildFile; fileRef = 64228EF81D88900F00588323 /* apikey.plist */; };
		64373A371D979E5F00B3C7BA /* settings.plist in Resources */ = {isa = PBXBuildFile; fileRef = 64373A361D979E5F00B3C7BA /* settings.plist */; };
		644232A71C6580000050611E /* main.m in Sources */ = {isa = PBXBuildFile; fileRef = 644232A61C6580000050611E /* main.m */; };
		644232AA1C6580000050611E /* AppDelegate.m in Sources */ = {isa = PBXBuildFile; fileRef = 644232A91C6580000050611E /* AppDelegate.m */; };
		644232AC1C6580000050611E /* Shader.fsh in Resources */ = {isa = PBXBuildFile; fileRef = 644232AB1C6580000050611E /* Shader.fsh */; };
		644232AE1C6580000050611E /* Shader.vsh in Resources */ = {isa = PBXBuildFile; fileRef = 644232AD1C6580000050611E /* Shader.vsh */; };
		644232B11C6580000050611E /* GameViewController.m in Sources */ = {isa = PBXBuildFile; fileRef = 644232B01C6580000050611E /* GameViewController.m */; };
		644232B41C6580000050611E /* Main.storyboard in Resources */ = {isa = PBXBuildFile; fileRef = 644232B21C6580000050611E /* Main.storyboard */; };
		644232B61C6580000050611E /* Assets.xcassets in Resources */ = {isa = PBXBuildFile; fileRef = 644232B51C6580000050611E /* Assets.xcassets */; };
		644232B91C6580000050611E /* LaunchScreen.storyboard in Resources */ = {isa = PBXBuildFile; fileRef = 644232B71C6580000050611E /* LaunchScreen.storyboard */; };
		644232C41C6580010050611E /* uoyabauseTests.m in Sources */ = {isa = PBXBuildFile; fileRef = 644232C31C6580010050611E /* uoyabauseTests.m */; };
		644232CF1C6580010050611E /* uoyabauseUITests.m in Sources */ = {isa = PBXBuildFile; fileRef = 644232CE1C6580010050611E /* uoyabauseUITests.m */; };
		645EA6C21D95647200A7A5D8 /* libz.1.1.3.tbd in Frameworks */ = {isa = PBXBuildFile; fileRef = 645EA6C11D95647200A7A5D8 /* libz.1.1.3.tbd */; };
		645EA6C61D975B3D00A7A5D8 /* SettingsViewController.swift in Sources */ = {isa = PBXBuildFile; fileRef = 645EA6C51D975B3D00A7A5D8 /* SettingsViewController.swift */; };
		646C87B51C66DDD20091B3B6 /* libyabause_ios.a in Frameworks */ = {isa = PBXBuildFile; fileRef = 646C87B41C66DDD20091B3B6 /* libyabause_ios.a */; };
		648926691D719E9500D92D58 /* FileSelectController.swift in Sources */ = {isa = PBXBuildFile; fileRef = 648926681D719E9500D92D58 /* FileSelectController.swift */; };
		64BC4F011D8084420071689C /* SWRevealViewController.m in Sources */ = {isa = PBXBuildFile; fileRef = 64BC4F001D8084420071689C /* SWRevealViewController.m */; };
		64D450091D7C0E6C004E2615 /* MainScreenController.swift in Sources */ = {isa = PBXBuildFile; fileRef = 64D450081D7C0E6C004E2615 /* MainScreenController.swift */; };
/* End PBXBuildFile section */

/* Begin PBXContainerItemProxy section */
		644232C01C6580010050611E /* PBXContainerItemProxy */ = {
			isa = PBXContainerItemProxy;
			containerPortal = 6442329A1C6580000050611E /* Project object */;
			proxyType = 1;
			remoteGlobalIDString = 644232A11C6580000050611E;
			remoteInfo = uoyabause;
		};
		644232CB1C6580010050611E /* PBXContainerItemProxy */ = {
			isa = PBXContainerItemProxy;
			containerPortal = 6442329A1C6580000050611E /* Project object */;
			proxyType = 1;
			remoteGlobalIDString = 644232A11C6580000050611E;
			remoteInfo = uoyabause;
		};
/* End PBXContainerItemProxy section */

/* Begin PBXFileReference section */
		640323861C673BE200DA91D8 /* OpenAL.framework */ = {isa = PBXFileReference; lastKnownFileType = wrapper.framework; name = OpenAL.framework; path = System/Library/Frameworks/OpenAL.framework; sourceTree = SDKROOT; };
		64204ADC1D8486FB002EA3F5 /* GameRevealViewController.h */ = {isa = PBXFileReference; fileEncoding = 4; lastKnownFileType = sourcecode.c.h; path = GameRevealViewController.h; sourceTree = "<group>"; };
		64204ADD1D84878E002EA3F5 /* GameRevealViewController.m */ = {isa = PBXFileReference; fileEncoding = 4; lastKnownFileType = sourcecode.c.objc; path = GameRevealViewController.m; sourceTree = "<group>"; };
		64204ADF1D84A440002EA3F5 /* SidebarViewController.h */ = {isa = PBXFileReference; fileEncoding = 4; lastKnownFileType = sourcecode.c.h; path = SidebarViewController.h; sourceTree = "<group>"; };
		64204AE01D84A440002EA3F5 /* SidebarViewController.m */ = {isa = PBXFileReference; fileEncoding = 4; lastKnownFileType = sourcecode.c.objc; path = SidebarViewController.m; sourceTree = "<group>"; };
		64228ED61D88817300588323 /* GoogleMobileAds.framework */ = {isa = PBXFileReference; lastKnownFileType = wrapper.framework; path = GoogleMobileAds.framework; sourceTree = "<group>"; };
		64228ED81D8882D200588323 /* SystemConfiguration.framework */ = {isa = PBXFileReference; lastKnownFileType = wrapper.framework; name = SystemConfiguration.framework; path = System/Library/Frameworks/SystemConfiguration.framework; sourceTree = SDKROOT; };
		64228EDA1D88834C00588323 /* CoreMedia.framework */ = {isa = PBXFileReference; lastKnownFileType = wrapper.framework; name = CoreMedia.framework; path = System/Library/Frameworks/CoreMedia.framework; sourceTree = SDKROOT; };
		64228EDC1D88837700588323 /* AVFoundation.framework */ = {isa = PBXFileReference; lastKnownFileType = wrapper.framework; name = AVFoundation.framework; path = System/Library/Frameworks/AVFoundation.framework; sourceTree = SDKROOT; };
		64228EDE1D8883C400588323 /* MediaPlayer.framework */ = {isa = PBXFileReference; lastKnownFileType = wrapper.framework; name = MediaPlayer.framework; path = System/Library/Frameworks/MediaPlayer.framework; sourceTree = SDKROOT; };
		64228EE01D88840000588323 /* AdSupport.framework */ = {isa = PBXFileReference; lastKnownFileType = wrapper.framework; name = AdSupport.framework; path = System/Library/Frameworks/AdSupport.framework; sourceTree = SDKROOT; };
		64228EE21D88844000588323 /* EventKitUI.framework */ = {isa = PBXFileReference; lastKnownFileType = wrapper.framework; name = EventKitUI.framework; path = System/Library/Frameworks/EventKitUI.framework; sourceTree = SDKROOT; };
		64228EE41D88845400588323 /* EventKit.framework */ = {isa = PBXFileReference; lastKnownFileType = wrapper.framework; name = EventKit.framework; path = System/Library/Frameworks/EventKit.framework; sourceTree = SDKROOT; };
		64228EE61D8884AB00588323 /* StoreKit.framework */ = {isa = PBXFileReference; lastKnownFileType = wrapper.framework; name = StoreKit.framework; path = System/Library/Frameworks/StoreKit.framework; sourceTree = SDKROOT; };
		64228EE81D8884D700588323 /* SafariServices.framework */ = {isa = PBXFileReference; lastKnownFileType = wrapper.framework; name = SafariServices.framework; path = System/Library/Frameworks/SafariServices.framework; sourceTree = SDKROOT; };
		64228EEA1D88850B00588323 /* MessageUI.framework */ = {isa = PBXFileReference; lastKnownFileType = wrapper.framework; name = MessageUI.framework; path = System/Library/Frameworks/MessageUI.framework; sourceTree = SDKROOT; };
		64228EEC1D8885F200588323 /* CoreBluetooth.framework */ = {isa = PBXFileReference; lastKnownFileType = wrapper.framework; name = CoreBluetooth.framework; path = System/Library/Frameworks/CoreBluetooth.framework; sourceTree = SDKROOT; };
		64228EEE1D8885F800588323 /* CoreMotion.framework */ = {isa = PBXFileReference; lastKnownFileType = wrapper.framework; name = CoreMotion.framework; path = System/Library/Frameworks/CoreMotion.framework; sourceTree = SDKROOT; };
		64228EF01D88864200588323 /* AudioToolbox.framework */ = {isa = PBXFileReference; lastKnownFileType = wrapper.framework; name = AudioToolbox.framework; path = System/Library/Frameworks/AudioToolbox.framework; sourceTree = SDKROOT; };
		64228EF21D88866300588323 /* CoreTelephony.framework */ = {isa = PBXFileReference; lastKnownFileType = wrapper.framework; name = CoreTelephony.framework; path = System/Library/Frameworks/CoreTelephony.framework; sourceTree = SDKROOT; };
		64228EF41D88868300588323 /* CoreGraphics.framework */ = {isa = PBXFileReference; lastKnownFileType = wrapper.framework; name = CoreGraphics.framework; path = System/Library/Frameworks/CoreGraphics.framework; sourceTree = SDKROOT; };
		64228EF61D8886AE00588323 /* MobileCoreServices.framework */ = {isa = PBXFileReference; lastKnownFileType = wrapper.framework; name = MobileCoreServices.framework; path = System/Library/Frameworks/MobileCoreServices.framework; sourceTree = SDKROOT; };
		64228EF81D88900F00588323 /* apikey.plist */ = {isa = PBXFileReference; fileEncoding = 4; lastKnownFileType = text.plist.xml; path = apikey.plist; sourceTree = "<group>"; };
		64373A361D979E5F00B3C7BA /* settings.plist */ = {isa = PBXFileReference; fileEncoding = 4; lastKnownFileType = text.plist.xml; path = settings.plist; sourceTree = "<group>"; };
		644232A21C6580000050611E /* uoyabause.app */ = {isa = PBXFileReference; explicitFileType = wrapper.application; includeInIndex = 0; path = uoyabause.app; sourceTree = BUILT_PRODUCTS_DIR; };
		644232A61C6580000050611E /* main.m */ = {isa = PBXFileReference; lastKnownFileType = sourcecode.c.objc; path = main.m; sourceTree = "<group>"; };
		644232A81C6580000050611E /* AppDelegate.h */ = {isa = PBXFileReference; lastKnownFileType = sourcecode.c.h; path = AppDelegate.h; sourceTree = "<group>"; };
		644232A91C6580000050611E /* AppDelegate.m */ = {isa = PBXFileReference; lastKnownFileType = sourcecode.c.objc; path = AppDelegate.m; sourceTree = "<group>"; };
		644232AB1C6580000050611E /* Shader.fsh */ = {isa = PBXFileReference; lastKnownFileType = sourcecode.glsl; name = Shader.fsh; path = Shaders/Shader.fsh; sourceTree = "<group>"; };
		644232AD1C6580000050611E /* Shader.vsh */ = {isa = PBXFileReference; lastKnownFileType = sourcecode.glsl; name = Shader.vsh; path = Shaders/Shader.vsh; sourceTree = "<group>"; };
		644232AF1C6580000050611E /* GameViewController.h */ = {isa = PBXFileReference; lastKnownFileType = sourcecode.c.h; path = GameViewController.h; sourceTree = "<group>"; };
		644232B01C6580000050611E /* GameViewController.m */ = {isa = PBXFileReference; lastKnownFileType = sourcecode.c.objc; path = GameViewController.m; sourceTree = "<group>"; };
		644232B31C6580000050611E /* Base */ = {isa = PBXFileReference; lastKnownFileType = file.storyboard; name = Base; path = Base.lproj/Main.storyboard; sourceTree = "<group>"; };
		644232B51C6580000050611E /* Assets.xcassets */ = {isa = PBXFileReference; lastKnownFileType = folder.assetcatalog; path = Assets.xcassets; sourceTree = "<group>"; };
		644232B81C6580000050611E /* Base */ = {isa = PBXFileReference; lastKnownFileType = file.storyboard; name = Base; path = Base.lproj/LaunchScreen.storyboard; sourceTree = "<group>"; };
		644232BA1C6580000050611E /* Info.plist */ = {isa = PBXFileReference; lastKnownFileType = text.plist.xml; path = Info.plist; sourceTree = "<group>"; };
		644232BF1C6580010050611E /* uoyabauseTests.xctest */ = {isa = PBXFileReference; explicitFileType = wrapper.cfbundle; includeInIndex = 0; path = uoyabauseTests.xctest; sourceTree = BUILT_PRODUCTS_DIR; };
		644232C31C6580010050611E /* uoyabauseTests.m */ = {isa = PBXFileReference; lastKnownFileType = sourcecode.c.objc; path = uoyabauseTests.m; sourceTree = "<group>"; };
		644232C51C6580010050611E /* Info.plist */ = {isa = PBXFileReference; lastKnownFileType = text.plist.xml; path = Info.plist; sourceTree = "<group>"; };
		644232CA1C6580010050611E /* uoyabauseUITests.xctest */ = {isa = PBXFileReference; explicitFileType = wrapper.cfbundle; includeInIndex = 0; path = uoyabauseUITests.xctest; sourceTree = BUILT_PRODUCTS_DIR; };
		644232CE1C6580010050611E /* uoyabauseUITests.m */ = {isa = PBXFileReference; lastKnownFileType = sourcecode.c.objc; path = uoyabauseUITests.m; sourceTree = "<group>"; };
		644232D01C6580010050611E /* Info.plist */ = {isa = PBXFileReference; lastKnownFileType = text.plist.xml; path = Info.plist; sourceTree = "<group>"; };
		645EA6C11D95647200A7A5D8 /* libz.1.1.3.tbd */ = {isa = PBXFileReference; lastKnownFileType = "sourcecode.text-based-dylib-definition"; name = libz.1.1.3.tbd; path = usr/lib/libz.1.1.3.tbd; sourceTree = SDKROOT; };
		645EA6C51D975B3D00A7A5D8 /* SettingsViewController.swift */ = {isa = PBXFileReference; fileEncoding = 4; lastKnownFileType = sourcecode.swift; path = SettingsViewController.swift; sourceTree = "<group>"; };
		646C87B41C66DDD20091B3B6 /* libyabause_ios.a */ = {isa = PBXFileReference; lastKnownFileType = archive.ar; path = libyabause_ios.a; sourceTree = "<group>"; };
		648926671D719E9500D92D58 /* uoyabause-Bridging-Header.h */ = {isa = PBXFileReference; lastKnownFileType = sourcecode.c.h; path = "uoyabause-Bridging-Header.h"; sourceTree = "<group>"; };
		648926681D719E9500D92D58 /* FileSelectController.swift */ = {isa = PBXFileReference; fileEncoding = 4; lastKnownFileType = sourcecode.swift; path = FileSelectController.swift; sourceTree = "<group>"; };
		64BC4EFF1D8084420071689C /* SWRevealViewController.h */ = {isa = PBXFileReference; fileEncoding = 4; lastKnownFileType = sourcecode.c.h; path = SWRevealViewController.h; sourceTree = "<group>"; };
		64BC4F001D8084420071689C /* SWRevealViewController.m */ = {isa = PBXFileReference; fileEncoding = 4; lastKnownFileType = sourcecode.c.objc; path = SWRevealViewController.m; sourceTree = "<group>"; };
		64D450081D7C0E6C004E2615 /* MainScreenController.swift */ = {isa = PBXFileReference; fileEncoding = 4; lastKnownFileType = sourcecode.swift; path = MainScreenController.swift; sourceTree = "<group>"; };
/* End PBXFileReference section */

/* Begin PBXFrameworksBuildPhase section */
		6442329F1C6580000050611E /* Frameworks */ = {
			isa = PBXFrameworksBuildPhase;
			buildActionMask = 2147483647;
			files = (
				645EA6C21D95647200A7A5D8 /* libz.1.1.3.tbd in Frameworks */,
				64228EF71D8886AE00588323 /* MobileCoreServices.framework in Frameworks */,
				64228EF51D88868300588323 /* CoreGraphics.framework in Frameworks */,
				64228EF31D88866300588323 /* CoreTelephony.framework in Frameworks */,
				64228EF11D88864200588323 /* AudioToolbox.framework in Frameworks */,
				64228EEF1D8885F800588323 /* CoreMotion.framework in Frameworks */,
				64228EED1D8885F200588323 /* CoreBluetooth.framework in Frameworks */,
				64228EEB1D88850B00588323 /* MessageUI.framework in Frameworks */,
				64228EE91D8884D700588323 /* SafariServices.framework in Frameworks */,
				64228EE51D88845400588323 /* EventKit.framework in Frameworks */,
				64228EE31D88844000588323 /* EventKitUI.framework in Frameworks */,
				64228EE11D88840000588323 /* AdSupport.framework in Frameworks */,
				64228EDF1D8883C400588323 /* MediaPlayer.framework in Frameworks */,
				64228ED91D8882D200588323 /* SystemConfiguration.framework in Frameworks */,
				64228ED71D88817300588323 /* GoogleMobileAds.framework in Frameworks */,
				640323881C67575B00DA91D8 /* OpenAL.framework in Frameworks */,
				646C87B51C66DDD20091B3B6 /* libyabause_ios.a in Frameworks */,
			);
			runOnlyForDeploymentPostprocessing = 0;
		};
		644232BC1C6580010050611E /* Frameworks */ = {
			isa = PBXFrameworksBuildPhase;
			buildActionMask = 2147483647;
			files = (
			);
			runOnlyForDeploymentPostprocessing = 0;
		};
		644232C71C6580010050611E /* Frameworks */ = {
			isa = PBXFrameworksBuildPhase;
			buildActionMask = 2147483647;
			files = (
			);
			runOnlyForDeploymentPostprocessing = 0;
		};
/* End PBXFrameworksBuildPhase section */

/* Begin PBXGroup section */
		644232991C6580000050611E = {
			isa = PBXGroup;
			children = (
				645EA6C11D95647200A7A5D8 /* libz.1.1.3.tbd */,
				64228EF61D8886AE00588323 /* MobileCoreServices.framework */,
				64228EF41D88868300588323 /* CoreGraphics.framework */,
				64228EF21D88866300588323 /* CoreTelephony.framework */,
				64228EF01D88864200588323 /* AudioToolbox.framework */,
				64228EEE1D8885F800588323 /* CoreMotion.framework */,
				64228EEC1D8885F200588323 /* CoreBluetooth.framework */,
				64228EEA1D88850B00588323 /* MessageUI.framework */,
				64228EE81D8884D700588323 /* SafariServices.framework */,
				64228EE61D8884AB00588323 /* StoreKit.framework */,
				64228EE41D88845400588323 /* EventKit.framework */,
				64228EE21D88844000588323 /* EventKitUI.framework */,
				64228EE01D88840000588323 /* AdSupport.framework */,
				64228EDE1D8883C400588323 /* MediaPlayer.framework */,
				64228EDC1D88837700588323 /* AVFoundation.framework */,
				64228EDA1D88834C00588323 /* CoreMedia.framework */,
				64228ED81D8882D200588323 /* SystemConfiguration.framework */,
				64228ED61D88817300588323 /* GoogleMobileAds.framework */,
				640323861C673BE200DA91D8 /* OpenAL.framework */,
				646C87B41C66DDD20091B3B6 /* libyabause_ios.a */,
				644232A41C6580000050611E /* uoyabause */,
				644232C21C6580010050611E /* uoyabauseTests */,
				644232CD1C6580010050611E /* uoyabauseUITests */,
				644232A31C6580000050611E /* Products */,
			);
			sourceTree = "<group>";
		};
		644232A31C6580000050611E /* Products */ = {
			isa = PBXGroup;
			children = (
				644232A21C6580000050611E /* uoyabause.app */,
				644232BF1C6580010050611E /* uoyabauseTests.xctest */,
				644232CA1C6580010050611E /* uoyabauseUITests.xctest */,
			);
			name = Products;
			sourceTree = "<group>";
		};
		644232A41C6580000050611E /* uoyabause */ = {
			isa = PBXGroup;
			children = (
				64BC4EFE1D8083FF0071689C /* SWRevealViewController */,
				644232A81C6580000050611E /* AppDelegate.h */,
				644232A91C6580000050611E /* AppDelegate.m */,
				644232AB1C6580000050611E /* Shader.fsh */,
				644232AD1C6580000050611E /* Shader.vsh */,
				644232AF1C6580000050611E /* GameViewController.h */,
				644232B01C6580000050611E /* GameViewController.m */,
				644232B21C6580000050611E /* Main.storyboard */,
				64D450081D7C0E6C004E2615 /* MainScreenController.swift */,
				648926681D719E9500D92D58 /* FileSelectController.swift */,
				645EA6C51D975B3D00A7A5D8 /* SettingsViewController.swift */,
				644232B51C6580000050611E /* Assets.xcassets */,
				644232B71C6580000050611E /* LaunchScreen.storyboard */,
				644232BA1C6580000050611E /* Info.plist */,
				644232A51C6580000050611E /* Supporting Files */,
				648926671D719E9500D92D58 /* uoyabause-Bridging-Header.h */,
				64228EF81D88900F00588323 /* apikey.plist */,
				64373A361D979E5F00B3C7BA /* settings.plist */,
			);
			path = uoyabause;
			sourceTree = "<group>";
		};
		644232A51C6580000050611E /* Supporting Files */ = {
			isa = PBXGroup;
			children = (
				644232A61C6580000050611E /* main.m */,
			);
			name = "Supporting Files";
			sourceTree = "<group>";
		};
		644232C21C6580010050611E /* uoyabauseTests */ = {
			isa = PBXGroup;
			children = (
				644232C31C6580010050611E /* uoyabauseTests.m */,
				644232C51C6580010050611E /* Info.plist */,
			);
			path = uoyabauseTests;
			sourceTree = "<group>";
		};
		644232CD1C6580010050611E /* uoyabauseUITests */ = {
			isa = PBXGroup;
			children = (
				644232CE1C6580010050611E /* uoyabauseUITests.m */,
				644232D01C6580010050611E /* Info.plist */,
			);
			path = uoyabauseUITests;
			sourceTree = "<group>";
		};
		64BC4EFE1D8083FF0071689C /* SWRevealViewController */ = {
			isa = PBXGroup;
			children = (
				64204ADF1D84A440002EA3F5 /* SidebarViewController.h */,
				64204AE01D84A440002EA3F5 /* SidebarViewController.m */,
				64BC4EFF1D8084420071689C /* SWRevealViewController.h */,
				64204ADC1D8486FB002EA3F5 /* GameRevealViewController.h */,
				64BC4F001D8084420071689C /* SWRevealViewController.m */,
				64204ADD1D84878E002EA3F5 /* GameRevealViewController.m */,
			);
			name = SWRevealViewController;
			sourceTree = "<group>";
		};
/* End PBXGroup section */

/* Begin PBXNativeTarget section */
		644232A11C6580000050611E /* uoyabause */ = {
			isa = PBXNativeTarget;
			buildConfigurationList = 644232D31C6580010050611E /* Build configuration list for PBXNativeTarget "uoyabause" */;
			buildPhases = (
				6442329E1C6580000050611E /* Sources */,
				6442329F1C6580000050611E /* Frameworks */,
				644232A01C6580000050611E /* Resources */,
			);
			buildRules = (
			);
			dependencies = (
			);
			name = uoyabause;
			productName = uoyabause;
			productReference = 644232A21C6580000050611E /* uoyabause.app */;
			productType = "com.apple.product-type.application";
		};
		644232BE1C6580010050611E /* uoyabauseTests */ = {
			isa = PBXNativeTarget;
			buildConfigurationList = 644232D61C6580010050611E /* Build configuration list for PBXNativeTarget "uoyabauseTests" */;
			buildPhases = (
				644232BB1C6580010050611E /* Sources */,
				644232BC1C6580010050611E /* Frameworks */,
				644232BD1C6580010050611E /* Resources */,
			);
			buildRules = (
			);
			dependencies = (
				644232C11C6580010050611E /* PBXTargetDependency */,
			);
			name = uoyabauseTests;
			productName = uoyabauseTests;
			productReference = 644232BF1C6580010050611E /* uoyabauseTests.xctest */;
			productType = "com.apple.product-type.bundle.unit-test";
		};
		644232C91C6580010050611E /* uoyabauseUITests */ = {
			isa = PBXNativeTarget;
			buildConfigurationList = 644232D91C6580010050611E /* Build configuration list for PBXNativeTarget "uoyabauseUITests" */;
			buildPhases = (
				644232C61C6580010050611E /* Sources */,
				644232C71C6580010050611E /* Frameworks */,
				644232C81C6580010050611E /* Resources */,
			);
			buildRules = (
			);
			dependencies = (
				644232CC1C6580010050611E /* PBXTargetDependency */,
			);
			name = uoyabauseUITests;
			productName = uoyabauseUITests;
			productReference = 644232CA1C6580010050611E /* uoyabauseUITests.xctest */;
			productType = "com.apple.product-type.bundle.ui-testing";
		};
/* End PBXNativeTarget section */

/* Begin PBXProject section */
		6442329A1C6580000050611E /* Project object */ = {
			isa = PBXProject;
			attributes = {
				LastSwiftUpdateCheck = 0730;
				LastUpgradeCheck = 0720;
				ORGANIZATIONNAME = devMiyax;
				TargetAttributes = {
					644232A11C6580000050611E = {
						CreatedOnToolsVersion = 7.2.1;
						DevelopmentTeam = 8EMBASFBPT;
						LastSwiftMigration = 0800;
					};
					644232BE1C6580010050611E = {
						CreatedOnToolsVersion = 7.2.1;
						TestTargetID = 644232A11C6580000050611E;
					};
					644232C91C6580010050611E = {
						CreatedOnToolsVersion = 7.2.1;
						TestTargetID = 644232A11C6580000050611E;
					};
				};
			};
			buildConfigurationList = 6442329D1C6580000050611E /* Build configuration list for PBXProject "uoyabause" */;
			compatibilityVersion = "Xcode 3.2";
			developmentRegion = English;
			hasScannedForEncodings = 0;
			knownRegions = (
				en,
				Base,
			);
			mainGroup = 644232991C6580000050611E;
			productRefGroup = 644232A31C6580000050611E /* Products */;
			projectDirPath = "";
			projectRoot = "";
			targets = (
				644232A11C6580000050611E /* uoyabause */,
				644232BE1C6580010050611E /* uoyabauseTests */,
				644232C91C6580010050611E /* uoyabauseUITests */,
			);
		};
/* End PBXProject section */

/* Begin PBXResourcesBuildPhase section */
		644232A01C6580000050611E /* Resources */ = {
			isa = PBXResourcesBuildPhase;
			buildActionMask = 2147483647;
			files = (
				644232B41C6580000050611E /* Main.storyboard in Resources */,
				64373A371D979E5F00B3C7BA /* settings.plist in Resources */,
				644232AE1C6580000050611E /* Shader.vsh in Resources */,
				64228EF91D88900F00588323 /* apikey.plist in Resources */,
				644232B61C6580000050611E /* Assets.xcassets in Resources */,
				644232B91C6580000050611E /* LaunchScreen.storyboard in Resources */,
				644232AC1C6580000050611E /* Shader.fsh in Resources */,
			);
			runOnlyForDeploymentPostprocessing = 0;
		};
		644232BD1C6580010050611E /* Resources */ = {
			isa = PBXResourcesBuildPhase;
			buildActionMask = 2147483647;
			files = (
			);
			runOnlyForDeploymentPostprocessing = 0;
		};
		644232C81C6580010050611E /* Resources */ = {
			isa = PBXResourcesBuildPhase;
			buildActionMask = 2147483647;
			files = (
			);
			runOnlyForDeploymentPostprocessing = 0;
		};
/* End PBXResourcesBuildPhase section */

/* Begin PBXSourcesBuildPhase section */
		6442329E1C6580000050611E /* Sources */ = {
			isa = PBXSourcesBuildPhase;
			buildActionMask = 2147483647;
			files = (
				64204ADE1D84878E002EA3F5 /* GameRevealViewController.m in Sources */,
				644232AA1C6580000050611E /* AppDelegate.m in Sources */,
				648926691D719E9500D92D58 /* FileSelectController.swift in Sources */,
				645EA6C61D975B3D00A7A5D8 /* SettingsViewController.swift in Sources */,
				64204AE11D84A440002EA3F5 /* SidebarViewController.m in Sources */,
				644232B11C6580000050611E /* GameViewController.m in Sources */,
				644232A71C6580000050611E /* main.m in Sources */,
				64D450091D7C0E6C004E2615 /* MainScreenController.swift in Sources */,
				64BC4F011D8084420071689C /* SWRevealViewController.m in Sources */,
			);
			runOnlyForDeploymentPostprocessing = 0;
		};
		644232BB1C6580010050611E /* Sources */ = {
			isa = PBXSourcesBuildPhase;
			buildActionMask = 2147483647;
			files = (
				644232C41C6580010050611E /* uoyabauseTests.m in Sources */,
			);
			runOnlyForDeploymentPostprocessing = 0;
		};
		644232C61C6580010050611E /* Sources */ = {
			isa = PBXSourcesBuildPhase;
			buildActionMask = 2147483647;
			files = (
				644232CF1C6580010050611E /* uoyabauseUITests.m in Sources */,
			);
			runOnlyForDeploymentPostprocessing = 0;
		};
/* End PBXSourcesBuildPhase section */

/* Begin PBXTargetDependency section */
		644232C11C6580010050611E /* PBXTargetDependency */ = {
			isa = PBXTargetDependency;
			target = 644232A11C6580000050611E /* uoyabause */;
			targetProxy = 644232C01C6580010050611E /* PBXContainerItemProxy */;
		};
		644232CC1C6580010050611E /* PBXTargetDependency */ = {
			isa = PBXTargetDependency;
			target = 644232A11C6580000050611E /* uoyabause */;
			targetProxy = 644232CB1C6580010050611E /* PBXContainerItemProxy */;
		};
/* End PBXTargetDependency section */

/* Begin PBXVariantGroup section */
		644232B21C6580000050611E /* Main.storyboard */ = {
			isa = PBXVariantGroup;
			children = (
				644232B31C6580000050611E /* Base */,
			);
			name = Main.storyboard;
			sourceTree = "<group>";
		};
		644232B71C6580000050611E /* LaunchScreen.storyboard */ = {
			isa = PBXVariantGroup;
			children = (
				644232B81C6580000050611E /* Base */,
			);
			name = LaunchScreen.storyboard;
			sourceTree = "<group>";
		};
/* End PBXVariantGroup section */

/* Begin XCBuildConfiguration section */
		644232D11C6580010050611E /* Debug */ = {
			isa = XCBuildConfiguration;
			buildSettings = {
				ALWAYS_SEARCH_USER_PATHS = NO;
				CLANG_CXX_LANGUAGE_STANDARD = "gnu++0x";
				CLANG_CXX_LIBRARY = "libc++";
				CLANG_ENABLE_MODULES = YES;
				CLANG_ENABLE_OBJC_ARC = YES;
				CLANG_WARN_BOOL_CONVERSION = YES;
				CLANG_WARN_CONSTANT_CONVERSION = YES;
				CLANG_WARN_DIRECT_OBJC_ISA_USAGE = YES_ERROR;
				CLANG_WARN_EMPTY_BODY = YES;
				CLANG_WARN_ENUM_CONVERSION = YES;
				CLANG_WARN_INT_CONVERSION = YES;
				CLANG_WARN_OBJC_ROOT_CLASS = YES_ERROR;
				CLANG_WARN_UNREACHABLE_CODE = YES;
				CLANG_WARN__DUPLICATE_METHOD_MATCH = YES;
				"CODE_SIGN_IDENTITY[sdk=iphoneos*]" = "iPhone Developer";
				COPY_PHASE_STRIP = NO;
				DEBUG_INFORMATION_FORMAT = "dwarf-with-dsym";
				ENABLE_STRICT_OBJC_MSGSEND = YES;
				ENABLE_TESTABILITY = YES;
				GCC_C_LANGUAGE_STANDARD = gnu99;
				GCC_DYNAMIC_NO_PIC = NO;
				GCC_NO_COMMON_BLOCKS = YES;
				GCC_OPTIMIZATION_LEVEL = 0;
				GCC_PREPROCESSOR_DEFINITIONS = (
					"DEBUG=1",
					"$(inherited)",
				);
				GCC_WARN_64_TO_32_BIT_CONVERSION = YES;
				GCC_WARN_ABOUT_RETURN_TYPE = YES_ERROR;
				GCC_WARN_UNDECLARED_SELECTOR = YES;
				GCC_WARN_UNINITIALIZED_AUTOS = YES_AGGRESSIVE;
				GCC_WARN_UNUSED_FUNCTION = YES;
				GCC_WARN_UNUSED_VARIABLE = YES;
				IPHONEOS_DEPLOYMENT_TARGET = 9.2;
				MTL_ENABLE_DEBUG_INFO = YES;
				ONLY_ACTIVE_ARCH = YES;
				SDKROOT = iphoneos;
				TARGETED_DEVICE_FAMILY = "1,2";
			};
			name = Debug;
		};
		644232D21C6580010050611E /* Release */ = {
			isa = XCBuildConfiguration;
			buildSettings = {
				ALWAYS_SEARCH_USER_PATHS = NO;
				CLANG_CXX_LANGUAGE_STANDARD = "gnu++0x";
				CLANG_CXX_LIBRARY = "libc++";
				CLANG_ENABLE_MODULES = YES;
				CLANG_ENABLE_OBJC_ARC = YES;
				CLANG_WARN_BOOL_CONVERSION = YES;
				CLANG_WARN_CONSTANT_CONVERSION = YES;
				CLANG_WARN_DIRECT_OBJC_ISA_USAGE = YES_ERROR;
				CLANG_WARN_EMPTY_BODY = YES;
				CLANG_WARN_ENUM_CONVERSION = YES;
				CLANG_WARN_INT_CONVERSION = YES;
				CLANG_WARN_OBJC_ROOT_CLASS = YES_ERROR;
				CLANG_WARN_UNREACHABLE_CODE = YES;
				CLANG_WARN__DUPLICATE_METHOD_MATCH = YES;
				"CODE_SIGN_IDENTITY[sdk=iphoneos*]" = "iPhone Developer";
				COPY_PHASE_STRIP = NO;
				DEBUG_INFORMATION_FORMAT = "dwarf-with-dsym";
				ENABLE_NS_ASSERTIONS = NO;
				ENABLE_STRICT_OBJC_MSGSEND = YES;
				GCC_C_LANGUAGE_STANDARD = gnu99;
				GCC_NO_COMMON_BLOCKS = YES;
				GCC_WARN_64_TO_32_BIT_CONVERSION = YES;
				GCC_WARN_ABOUT_RETURN_TYPE = YES_ERROR;
				GCC_WARN_UNDECLARED_SELECTOR = YES;
				GCC_WARN_UNINITIALIZED_AUTOS = YES_AGGRESSIVE;
				GCC_WARN_UNUSED_FUNCTION = YES;
				GCC_WARN_UNUSED_VARIABLE = YES;
				IPHONEOS_DEPLOYMENT_TARGET = 9.2;
				MTL_ENABLE_DEBUG_INFO = NO;
				ONLY_ACTIVE_ARCH = NO;
				SDKROOT = iphoneos;
				TARGETED_DEVICE_FAMILY = "1,2";
				VALIDATE_PRODUCT = YES;
			};
			name = Release;
		};
		644232D41C6580010050611E /* Debug */ = {
			isa = XCBuildConfiguration;
			buildSettings = {
				ARCHS = arm64;
				ASSETCATALOG_COMPILER_APPICON_NAME = AppIcon;
				CLANG_ENABLE_MODULES = YES;
				CODE_SIGN_IDENTITY = "iPhone Developer";
				"CODE_SIGN_IDENTITY[sdk=iphoneos*]" = "iPhone Developer";
				DEVELOPMENT_TEAM = 8EMBASFBPT;
				ENABLE_BITCODE = NO;
				FRAMEWORK_SEARCH_PATHS = (
					"$(inherited)",
					"$(PROJECT_DIR)",
				);
				INFOPLIST_FILE = uoyabause/Info.plist;
				IPHONEOS_DEPLOYMENT_TARGET = 9.3;
				LD_RUNPATH_SEARCH_PATHS = "$(inherited) @executable_path/Frameworks";
				LIBRARY_SEARCH_PATHS = (
					"$(inherited)",
					"$(PROJECT_DIR)/Debug",
					"$(PROJECT_DIR)",
				);
				"OTHER_LDFLAGS[arch=*]" = "-ObjC";
				PRODUCT_BUNDLE_IDENTIFIER = org.devMiyax.uoyabause;
				PRODUCT_NAME = "$(TARGET_NAME)";
				PROVISIONING_PROFILE = "";
				SWIFT_OBJC_BRIDGING_HEADER = "uoyabause/uoyabause-Bridging-Header.h";
				SWIFT_OPTIMIZATION_LEVEL = "-Onone";
				SWIFT_VERSION = 3.0;
				TARGETED_DEVICE_FAMILY = "1,2";
				VALID_ARCHS = arm64;
			};
			name = Debug;
		};
		644232D51C6580010050611E /* Release */ = {
			isa = XCBuildConfiguration;
			buildSettings = {
				ARCHS = arm64;
				ASSETCATALOG_COMPILER_APPICON_NAME = AppIcon;
				CLANG_ENABLE_MODULES = YES;
				CODE_SIGN_IDENTITY = "iPhone Developer";
				"CODE_SIGN_IDENTITY[sdk=iphoneos*]" = "iPhone Developer";
				DEVELOPMENT_TEAM = 8EMBASFBPT;
				ENABLE_BITCODE = NO;
				FRAMEWORK_SEARCH_PATHS = (
					"$(inherited)",
					"$(PROJECT_DIR)",
				);
				INFOPLIST_FILE = uoyabause/Info.plist;
				IPHONEOS_DEPLOYMENT_TARGET = 9.3;
				LD_RUNPATH_SEARCH_PATHS = "$(inherited) @executable_path/Frameworks";
				LIBRARY_SEARCH_PATHS = (
					"$(inherited)",
					"$(PROJECT_DIR)/Debug",
					"$(PROJECT_DIR)",
				);
				"OTHER_LDFLAGS[arch=*]" = "-ObjC";
				PRODUCT_BUNDLE_IDENTIFIER = org.devMiyax.uoyabause;
				PRODUCT_NAME = "$(TARGET_NAME)";
				PROVISIONING_PROFILE = "";
				SWIFT_OBJC_BRIDGING_HEADER = "uoyabause/uoyabause-Bridging-Header.h";
				SWIFT_VERSION = 3.0;
				TARGETED_DEVICE_FAMILY = "1,2";
				VALID_ARCHS = arm64;
			};
			name = Release;
		};
		644232D71C6580010050611E /* Debug */ = {
			isa = XCBuildConfiguration;
			buildSettings = {
				BUNDLE_LOADER = "$(TEST_HOST)";
				DEBUG_INFORMATION_FORMAT = dwarf;
				INFOPLIST_FILE = uoyabauseTests/Info.plist;
				LD_RUNPATH_SEARCH_PATHS = "$(inherited) @executable_path/Frameworks @loader_path/Frameworks";
				PRODUCT_BUNDLE_IDENTIFIER = org.devMiyax.uoyabauseTests;
				PRODUCT_NAME = "$(TARGET_NAME)";
				TEST_HOST = "$(BUILT_PRODUCTS_DIR)/uoyabause.app/uoyabause";
			};
			name = Debug;
		};
		644232D81C6580010050611E /* Release */ = {
			isa = XCBuildConfiguration;
			buildSettings = {
				BUNDLE_LOADER = "$(TEST_HOST)";
				INFOPLIST_FILE = uoyabauseTests/Info.plist;
				LD_RUNPATH_SEARCH_PATHS = "$(inherited) @executable_path/Frameworks @loader_path/Frameworks";
				PRODUCT_BUNDLE_IDENTIFIER = org.devMiyax.uoyabauseTests;
				PRODUCT_NAME = "$(TARGET_NAME)";
				TEST_HOST = "$(BUILT_PRODUCTS_DIR)/uoyabause.app/uoyabause";
			};
			name = Release;
		};
		644232DA1C6580010050611E /* Debug */ = {
			isa = XCBuildConfiguration;
			buildSettings = {
				DEBUG_INFORMATION_FORMAT = dwarf;
				INFOPLIST_FILE = uoyabauseUITests/Info.plist;
				LD_RUNPATH_SEARCH_PATHS = "$(inherited) @executable_path/Frameworks @loader_path/Frameworks";
				PRODUCT_BUNDLE_IDENTIFIER = org.devMiyax.uoyabauseUITests;
				PRODUCT_NAME = "$(TARGET_NAME)";
				TEST_TARGET_NAME = uoyabause;
				USES_XCTRUNNER = YES;
			};
			name = Debug;
		};
		644232DB1C6580010050611E /* Release */ = {
			isa = XCBuildConfiguration;
			buildSettings = {
				INFOPLIST_FILE = uoyabauseUITests/Info.plist;
				LD_RUNPATH_SEARCH_PATHS = "$(inherited) @executable_path/Frameworks @loader_path/Frameworks";
				PRODUCT_BUNDLE_IDENTIFIER = org.devMiyax.uoyabauseUITests;
				PRODUCT_NAME = "$(TARGET_NAME)";
				TEST_TARGET_NAME = uoyabause;
				USES_XCTRUNNER = YES;
			};
			name = Release;
		};
/* End XCBuildConfiguration section */

/* Begin XCConfigurationList section */
		6442329D1C6580000050611E /* Build configuration list for PBXProject "uoyabause" */ = {
			isa = XCConfigurationList;
			buildConfigurations = (
				644232D11C6580010050611E /* Debug */,
				644232D21C6580010050611E /* Release */,
			);
			defaultConfigurationIsVisible = 0;
			defaultConfigurationName = Release;
		};
		644232D31C6580010050611E /* Build configuration list for PBXNativeTarget "uoyabause" */ = {
			isa = XCConfigurationList;
			buildConfigurations = (
				644232D41C6580010050611E /* Debug */,
				644232D51C6580010050611E /* Release */,
			);
			defaultConfigurationIsVisible = 0;
			defaultConfigurationName = Release;
		};
		644232D61C6580010050611E /* Build configuration list for PBXNativeTarget "uoyabauseTests" */ = {
			isa = XCConfigurationList;
			buildConfigurations = (
				644232D71C6580010050611E /* Debug */,
				644232D81C6580010050611E /* Release */,
			);
			defaultConfigurationIsVisible = 0;
			defaultConfigurationName = Release;
		};
		644232D91C6580010050611E /* Build configuration list for PBXNativeTarget "uoyabauseUITests" */ = {
			isa = XCConfigurationList;
			buildConfigurations = (
				644232DA1C6580010050611E /* Debug */,
				644232DB1C6580010050611E /* Release */,
			);
			defaultConfigurationIsVisible = 0;
			defaultConfigurationName = Release;
		};
/* End XCConfigurationList section */
	};
	rootObject = 6442329A1C6580000050611E /* Project object */;
}
